{"format_version":"1.1","terraform_version":"1.2.8","variables":{"central_password":{"value":"FzoMv^ABz@f2x6HE1H\u00263W27T1*Plwf"},"password":{"value":"ghV29j#\u0026GuZ$k67ZPxkWnI25X^cH*3"}},"planned_values":{"outputs":{"key_pair_arn":{"sensitive":false,"type":"string","value":"arn:aws:ec2:us-east-1:447552758530:key-pair/sophos"},"key_pair_id":{"sensitive":false,"type":"string","value":"key-09ff2ae428d661e4e"},"key_pair_name":{"sensitive":false,"type":"string","value":"sophos"},"private_key_pem":{"sensitive":true,"type":"string","value":"-----BEGIN RSA PRIVATE KEY-----\nMIIJKQIBAAKCAgEAryttIbiqSteUyl6qAWMeo9cjf864lsUnqsXtwZ/UjVhJQLY6\nsozUostM8rIp97GUB16hQukcvjKPXStQzmq32kiHZIZY583SkALfayE0nCPUeOZu\nzz2AfXpkhCWY1S7TjeeRXY/GkH4oS1QHfPaRAKYWZHSor66BEw7mPP3VmHrIQQKD\nUQQ9YZJWXvi7TgWJapBMC1EeAQXvEidjANHnIp5+hC6u2PpktY/ZD7LmPpcSRje1\n2gT76lBiTdZmsSuZugsy/w32pvgCiMFESzk9TcWHG1W7VPO4igR3Y0n7GQVjw31S\nwQMhCMBjIORDjiwhTgNtn5m0AKd/t7fhoqTtdORbXQ4+JYIwIa9kN/x39EeOtZZu\ndMvJTpc+d9dJJf6Sb8s+9Yo7xKsmNWlJg/Bt9Ab2SwJvvclgPEryp6sEZb297mps\nIvZ79NQau9dfOEMg//Qz9hvLuwJhS3/HaQ1yRKUmXqjb3kbKM94ocgK4HV6HiUHK\nKgiF+Og6rsx8vFClIJU4WQo8XamjimRE8pqtCTrQdaiTQqNkY7p9kKD4nyBmwBXa\nhTfsgXb5u0e693uhMt6lissnd5GZ7+AnfGlKT8C6NADA9SujZQBCauylSf5liAHi\nQnXaQwZ500Nvrp7Q95i0q2GLdqGYnUrLiYbZYQaTaqMTqWiaom1c7SLvoiECAwEA\nAQKCAgEAqpPkSuEz23vBZav3azBlpvCanhvk/tTwgskJdPK6ngWqF70cvcCMVBcb\nUH8UhSLE3sRUzv6IQeKkXvsOTmP3szXLuqVlMB3q/Nf/TqhgPehaQH1MzLy8QfSM\nq26dPIPD+TzV/sFCgHSJsokaXaMRowsZZSuBFMse4DszE5OvizONjFjxHVS+nSRO\nvV8Drr+PiFkJ5D9Ss3Zez1PRgfvlU335/6giFiMHLRLuMe5pbevZHM2lZbBSzGMI\nx3mQONkXcuby+xJS7Vc3yIpDgek0fGZs4b6DlP9c5fHhfKuPPFdWRgjlLBVq9sW6\nAk6mRm1M5VZLSw73DWgO5A3JSIPIwtzD9qxz4Js7m72mV2Nnsq+0/qrkiKXn3ksX\nlbtsH1kV8nmy7tV5kOZHbZJHx9W4nBuRjcmkE6X/vmUz4N5LInO8U91mXey/self\nwKtwQ/qijF6+VBgvIqGd0HoCXFPXFJ7ilynPIDULWPdEN57VIcHPw4rPxwUR27JS\ngoWqbi1wAz0smhQbNvedKs01cQbwF/Gr9+7g2/F0nK/T5K61KSEKjqvWsOv1xUCP\na7gxlvUJskp0BPOsw9uwgvEeofBbHfjUDyACSx2E8qTthQ3ec9hAiz5PpT47ux8j\nVsexY0gOwGY1U0JGMvy5xoQcGNyUWiAGXk22gFaErl82FKDlL60CggEBAOX2PgM3\nGOX9IUjgV66RBbjCEVDMRjvG0m2Z8w+FuiqZDuLyW/XMDrHzzHIObzr9U8PzXnF+\nu0mZsphxH2/y5qVAMeEXyUIIaAFZMcFRFkfKviuEXoIL4ofs8MTDBOaEKBkJuSQi\nB5XT6AO5PViw8SqFCh4oLOvA3E5fd2enChGdZNJRhN82hcMZNHqFW3leG3OBMjS4\nk2azrUs9htQkk+fhb7lKyUHNGxbGr7pWGho0mwCJqRlWQwrEXXrpUS46f+eHUbs4\nDyhy+xs3DpmIWiqNPOepdgxdnd+OPFssVW09qz8ezRC3QeqtCJFa/EQgJxacfCJQ\nRDgyxBtka4aD5JcCggEBAMMA9Ms+tNhy4eCJMOnNebrTPiv0wuJeWh5Y4aerT1e2\nqeMhhymAFnBZPIZ1XHtSYZRsSuuVE5x4m5/LxRL5lfsc6o9ICc1tcjlIh2v+mFpb\nBb2vGnwUoEnV0VOfE0lco2SPJ3n1VLDgKWKkk72pGKPbIcPK3XB9wT3tcMeLzc3/\nbmbcrNBdgcop4Iwy6FSKbPFw7aNzHcfLIHPgfXHcEjlJxlFM142HMEcHjpiyXQPY\nTO9icIYVKMN7++Uz0sjc0YFdwd8o2KnYHHv5fXwhifsM2yV5YQAyfW+tGueKVVEg\n5JKWddFbzOOiudeAkbfyOoyxoFdzglbmBYsmj6mw7gcCggEADJU2u3JOWHdLVPOB\nmLmyuHNWAzfKOAcfCIQ9+oF0uFP7rotYYNCzlSUj8LG9gFrQNI6igk9O7C4OyayW\n7cc6u5wRnqFwj75qAnjg8hT/xRng4fyyNydzU8CxQ/Lv17UvhH81tDZwd9BKh7mh\nE7NK3uq8rP3Bx3ycEWXD4NYRBPm5xJBVVuli1FQSvQmDAdcWZXGST7QxzJLUTqOl\nNwJxXWTGejsPXBxe+RYSE34Wm4x5VsQxjoNb08D+5HTTzlXBHegXnsjoe2wfNVQD\n5n7BgEaOKJbrMK4Gr27W+p4oZnvTXPbQfbOpVa/2Ig36c7fWq7QQTshZk0Gj3WPX\nRlr9LQKCAQA0v814LT4+TtVLJ9FTbYHAR+RJf6w4D83Q57oi4PRVhdPu3OLzFvL6\n8SiuNpENyvsaazDZCTqE2Rs/3p8wwtMPWoMYvyPnrfN4C2aWkAgmaPjklrlTV0EE\nuBInzKAq+CQ6z36ePv7p2blYNazBYTyJFn3LuNSt2Vasqc4YLHk/gBkdOhSFSMYT\nKcDUK/Es7UULCsE9taYYpZnhvpgwdJd5Z7t9wouMfUVR8XlhVN5Ua+5j0v0dSBv+\nxUsedSZPr2v80p/e/e2eBBewcYzAR1JL1u5w9KSIqR/FVc4xU/pAN+WcwZadS3fh\nG+Opp93DJIMyC9qTzWs0loRpX8T84h+BAoIBAQDA43AW1h2ghQOyTXNB8+pfmZyP\non5HELAFnyESiJnBaIaC+6U0R384s2M0ITC4LbP6eQj9IlUs4HUIU8gLdDRYTLjo\nCCK9/xf7PLph2NProhM/Whs9GdO0bM0KPHOUMDDzbYgMzttKOoGCSgw7d8AUAZqp\ni5JnlmXNJw6Aied90m/nr3IMoVqGBAQ04QTpsVxshIx2J1K3PVU/FCCnnHepLnXV\nmQ4VHh6TskZu41QrfIvq3U6+nRWOnq2pOX4tIIAkGEy3w7Br8MZNxP5EIfgQQ1cK\ne4DzCLsgnXg2OAzEACtMOfPxGkpcArKsEaydy8BxzNzWFnzAck5az4pE9BVP\n-----END RSA PRIVATE KEY-----"},"public_ip":{"sensitive":false,"type":["tuple",["string"]],"value":["107.21.206.93"]}},"root_module":{"child_modules":[{"resources":[{"address":"module.example-basic.aws_eip.this","mode":"managed","type":"aws_eip","name":"this","provider_name":"registry.terraform.io/hashicorp/aws","schema_version":0,"values":{"address":null,"allocation_id":"eipalloc-03e62f0b41296cd1d","associate_with_private_ip":null,"association_id":"eipassoc-0ac2d29ab559a4e49","carrier_ip":"","customer_owned_ip":"","customer_owned_ipv4_pool":"","domain":"vpc","id":"eipalloc-03e62f0b41296cd1d","instance":"i-0c52a88894fb39afd","network_border_group":"us-east-1","network_interface":"eni-089481a4f26050435","private_dns":"ip-172-16-17-72.ec2.internal","private_ip":"172.16.17.72","public_dns":"ec2-107-21-206-93.compute-1.amazonaws.com","public_ip":"107.21.206.93","public_ipv4_pool":"amazon","tags":{"Name":"eip-sophos-xg_firewall"},"tags_all":{"Name":"eip-sophos-xg_firewall"},"timeouts":null,"vpc":true},"sensitive_values":{"tags":{},"tags_all":{}}},{"address":"module.example-basic.aws_iam_instance_profile.this","mode":"managed","type":"aws_iam_instance_profile","name":"this","provider_name":"registry.terraform.io/hashicorp/aws","schema_version":0,"values":{"arn":"arn:aws:iam::447552758530:instance-profile/sophos-xg_firewall-EC2IAMProfile","create_date":"2022-09-09T16:59:56Z","id":"sophos-xg_firewall-EC2IAMProfile","name":"sophos-xg_firewall-EC2IAMProfile","name_prefix":null,"path":"/","role":"xg_firewall-EC2IAMRole","tags":{},"tags_all":{},"unique_id":"AIPAWQNBZEMBBEGQC3ARG"},"sensitive_values":{"tags":{},"tags_all":{}}},{"address":"module.example-basic.aws_iam_role.this","mode":"managed","type":"aws_iam_role","name":"this","provider_name":"registry.terraform.io/hashicorp/aws","schema_version":0,"values":{"arn":"arn:aws:iam::447552758530:role/xg_firewall-EC2IAMRole","assume_role_policy":"{\"Statement\":[{\"Action\":\"sts:AssumeRole\",\"Effect\":\"Allow\",\"Principal\":{\"Service\":\"ec2.amazonaws.com\"},\"Sid\":\"\"}],\"Version\":\"2012-10-17\"}","create_date":"2022-09-09T16:59:55Z","description":"","force_detach_policies":false,"id":"xg_firewall-EC2IAMRole","inline_policy":[{"name":"EC2IAMPolicy","policy":"{\n  \"Version\": \"2012-10-17\",\n  \"Statement\": [\n    {\n      \"Sid\": \"\",\n      \"Effect\": \"Allow\",\n      \"Action\": [\n        \"secretsmanager:GetSecretValue\",\n        \"secretsmanager:DescribeSecret\"\n      ],\n      \"Resource\": [\n        \"arn:aws:secretsmanager:us-east-1:447552758530:secret:xg_firewall-xgconfig-EIhzbk\",\n        \"arn:aws:secretsmanager:us-east-1:447552758530:secret:xg_firewall-sophospass-RA3y8e\"\n      ]\n    }\n  ]\n}"},{"name":"EC2IAMPolicyForSSMK","policy":"{\n  \"Version\": \"2012-10-17\",\n  \"Statement\": [\n    {\n      \"Sid\": \"\",\n      \"Effect\": \"Allow\",\n      \"Action\": [\n        \"secretsmanager:GetSecretValue\",\n        \"secretsmanager:DescribeSecret\"\n      ],\n      \"Resource\": \"arn:aws:secretsmanager:us-east-1:447552758530:secret:xg_firewall-ssmk-QjEDi7\"\n    }\n  ]\n}"}],"managed_policy_arns":[],"max_session_duration":3600,"name":"xg_firewall-EC2IAMRole","name_prefix":"","path":"/","permissions_boundary":null,"tags":{},"tags_all":{},"unique_id":"AROAWQNBZEMBP2OJVB2GK"},"sensitive_values":{"inline_policy":[{},{}],"managed_policy_arns":[],"tags":{},"tags_all":{}}},{"address":"module.example-basic.aws_instance.this","mode":"managed","type":"aws_instance","name":"this","provider_name":"registry.terraform.io/hashicorp/aws","schema_version":1,"values":{"ami":"ami-024446f031786638b","credit_specification":[],"ebs_block_device":[{"delete_on_termination":true,"device_name":"/dev/xvdg","encrypted":false,"tags":null,"volume_size":80,"volume_type":"gp2"}],"ebs_optimized":false,"get_password_data":false,"hibernation":null,"iam_instance_profile":"sophos-xg_firewall-EC2IAMProfile","launch_template":[{"id":"lt-044a1e2322f48ad5d","version":"$Latest"}],"metadata_options":[{"http_endpoint":"enabled","http_put_response_hop_limit":1,"http_tokens":"required","instance_metadata_tags":"enabled"}],"monitoring":true,"root_block_device":[{"delete_on_termination":true,"encrypted":false,"tags":null,"volume_size":16,"volume_type":"gp2"}],"source_dest_check":true,"tags":{"Name":"sophos-xg-firewall","namespace":"sophos"},"tags_all":{"Name":"sophos-xg-firewall","namespace":"sophos"},"timeouts":null,"user_data_replace_on_change":false,"volume_tags":null},"sensitive_values":{"capacity_reservation_specification":[],"credit_specification":[],"ebs_block_device":[{}],"enclave_options":[],"ephemeral_block_device":[],"ipv6_addresses":[],"launch_template":[{}],"maintenance_options":[],"metadata_options":[{}],"network_interface":[],"private_dns_name_options":[],"root_block_device":[{}],"secondary_private_ips":[],"security_groups":[],"tags":{},"tags_all":{},"vpc_security_group_ids":[]}},{"address":"module.example-basic.aws_internet_gateway.this[0]","mode":"managed","type":"aws_internet_gateway","name":"this","index":0,"provider_name":"registry.terraform.io/hashicorp/aws","schema_version":0,"values":{"arn":"arn:aws:ec2:us-east-1:447552758530:internet-gateway/igw-0d3b94c90088c51d8","id":"igw-0d3b94c90088c51d8","owner_id":"447552758530","tags":{"Name":"igw-sophos-xg_firewall-sophos"},"tags_all":{"Name":"igw-sophos-xg_firewall-sophos"},"timeouts":null,"vpc_id":"vpc-05cf224ee8482bc36"},"sensitive_values":{"tags":{},"tags_all":{}}},{"address":"module.example-basic.aws_launch_template.this","mode":"managed","type":"aws_launch_template","name":"this","provider_name":"registry.terraform.io/hashicorp/aws","schema_version":0,"values":{"arn":"arn:aws:ec2:us-east-1:447552758530:launch-template/lt-044a1e2322f48ad5d","block_device_mappings":[],"capacity_reservation_specification":[],"cpu_options":[],"credit_specification":[],"default_version":1,"description":"","disable_api_stop":false,"disable_api_termination":false,"ebs_optimized":"","elastic_gpu_specifications":[],"elastic_inference_accelerator":[],"enclave_options":[],"hibernation_options":[],"iam_instance_profile":[{"arn":"","name":"xg_firewall-EC2IAMRole"}],"id":"lt-044a1e2322f48ad5d","image_id":"ami-024446f031786638b","instance_initiated_shutdown_behavior":"","instance_market_options":[],"instance_requirements":[],"instance_type":"t3.medium","kernel_id":"","key_name":"sophos","latest_version":1,"license_specification":[],"maintenance_options":[],"metadata_options":[{"http_endpoint":"enabled","http_protocol_ipv6":"disabled","http_put_response_hop_limit":1,"http_tokens":"required","instance_metadata_tags":"enabled"}],"monitoring":[],"name":"xg_firewall","name_prefix":"","network_interfaces":[{"associate_carrier_ip_address":"","associate_public_ip_address":"","delete_on_termination":"","description":"","device_index":0,"interface_type":"","ipv4_address_count":0,"ipv4_addresses":[],"ipv4_prefix_count":0,"ipv4_prefixes":[],"ipv6_address_count":0,"ipv6_addresses":[],"ipv6_prefix_count":0,"ipv6_prefixes":[],"network_card_index":0,"network_interface_id":"eni-089481a4f26050435","private_ip_address":"","security_groups":[],"subnet_id":""},{"associate_carrier_ip_address":"","associate_public_ip_address":"","delete_on_termination":"","description":"","device_index":0,"interface_type":"","ipv4_address_count":0,"ipv4_addresses":[],"ipv4_prefix_count":0,"ipv4_prefixes":[],"ipv6_address_count":0,"ipv6_addresses":[],"ipv6_prefix_count":0,"ipv6_prefixes":[],"network_card_index":0,"network_interface_id":"eni-0679ea212afaf6533","private_ip_address":"","security_groups":[],"subnet_id":""}],"placement":[],"private_dns_name_options":[],"ram_disk_id":"","security_group_names":[],"tag_specifications":[],"tags":{},"tags_all":{},"update_default_version":null,"user_data":"ewogICJjZW50cmFsdXNlcm5hbWUiOiAicmFscGguYnJ5bmFyZC5kZW1vZGV2QHNvcGhvcy5jb20iLAogICJjZW50cmFsc2VjcmV0SWQiOiAiRnpvTXZeQUJ6QGYyeDZIRTFIJjNXMjdUMSpQbHdmIiwKICAic3Nta1NlY3JldElkIjogImdoVjI5aiMmR3VaJGs2N1pQeGtXbkkyNVheY0gqMyIsCiAgImhvc3RuYW1lIjogInNvcGhvcy14Zy1maXJld2FsbCIsCiAgInNlbmRzdGF0cyI6ICJ0cnVlIiwKICAicmVnaW9uIjogInVzLWVhc3QtMSIsCiAgInNlY3JldElkIjogImdoVjI5aiMmR3VaJGs2N1pQeGtXbkkyNVheY0gqMyIsCiAgImNvbmZpZ1NlY3JldElkIjogImdoVjI5aiMmR3VaJGs2N1pQeGtXbkkyNVheY0gqMyIKfQoKCg==","vpc_security_group_ids":[]},"sensitive_values":{"block_device_mappings":[],"capacity_reservation_specification":[],"cpu_options":[],"credit_specification":[],"elastic_gpu_specifications":[],"elastic_inference_accelerator":[],"enclave_options":[],"hibernation_options":[],"iam_instance_profile":[{}],"instance_market_options":[],"instance_requirements":[],"license_specification":[],"maintenance_options":[],"metadata_options":[{}],"monitoring":[],"network_interfaces":[{"ipv4_addresses":[],"ipv4_prefixes":[],"ipv6_addresses":[],"ipv6_prefixes":[],"security_groups":[]},{"ipv4_addresses":[],"ipv4_prefixes":[],"ipv6_addresses":[],"ipv6_prefixes":[],"security_groups":[]}],"placement":[],"private_dns_name_options":[],"security_group_names":[],"tag_specifications":[],"tags":{},"tags_all":{},"vpc_security_group_ids":[]}},{"address":"module.example-basic.aws_network_interface.private","mode":"managed","type":"aws_network_interface","name":"private","provider_name":"registry.terraform.io/hashicorp/aws","schema_version":0,"values":{"arn":"arn:aws:ec2:us-east-1:447552758530:network-interface/eni-0679ea212afaf6533","attachment":[],"description":"ENI for Private Subnet","id":"eni-0679ea212afaf6533","interface_type":"interface","ipv4_prefix_count":0,"ipv4_prefixes":[],"ipv6_address_count":0,"ipv6_address_list":[],"ipv6_address_list_enabled":false,"ipv6_addresses":[],"ipv6_prefix_count":0,"ipv6_prefixes":[],"mac_address":"12:96:fc:80:f7:e3","outpost_arn":"","owner_id":"447552758530","private_dns_name":"ip-172-16-16-54.ec2.internal","private_ip":"172.16.16.54","private_ip_list":["172.16.16.54"],"private_ip_list_enabled":false,"private_ips":["172.16.16.54"],"private_ips_count":0,"security_groups":["sg-02e03f74244328f86"],"source_dest_check":false,"subnet_id":"subnet-0f5d45044cf08a752","tags":{"Name":"privateENI-sophos-xg_firewall"},"tags_all":{"Name":"privateENI-sophos-xg_firewall"}},"sensitive_values":{"attachment":[],"ipv4_prefixes":[],"ipv6_address_list":[],"ipv6_addresses":[],"ipv6_prefixes":[],"private_ip_list":[false],"private_ips":[false],"security_groups":[false],"tags":{},"tags_all":{}}},{"address":"module.example-basic.aws_network_interface.public","mode":"managed","type":"aws_network_interface","name":"public","provider_name":"registry.terraform.io/hashicorp/aws","schema_version":0,"values":{"arn":"arn:aws:ec2:us-east-1:447552758530:network-interface/eni-089481a4f26050435","attachment":[{"attachment_id":"eni-attach-0ea5f59d7e4b9eca7","device_index":0,"instance":"i-0c52a88894fb39afd"}],"description":"ENI for Public Subnet","id":"eni-089481a4f26050435","interface_type":"interface","ipv4_prefix_count":0,"ipv4_prefixes":[],"ipv6_address_count":0,"ipv6_address_list":[],"ipv6_address_list_enabled":false,"ipv6_addresses":[],"ipv6_prefix_count":0,"ipv6_prefixes":[],"mac_address":"12:26:1e:cc:8e:db","outpost_arn":"","owner_id":"447552758530","private_dns_name":"ip-172-16-17-72.ec2.internal","private_ip":"172.16.17.72","private_ip_list":["172.16.17.72"],"private_ip_list_enabled":false,"private_ips":["172.16.17.72"],"private_ips_count":0,"security_groups":["sg-02e03f74244328f86"],"source_dest_check":true,"subnet_id":"subnet-042a7fd32e63f28ef","tags":{"Name":"publicENI-sophos-xg_firewall"},"tags_all":{"Name":"publicENI-sophos-xg_firewall"}},"sensitive_values":{"attachment":[{}],"ipv4_prefixes":[],"ipv6_address_list":[],"ipv6_addresses":[],"ipv6_prefixes":[],"private_ip_list":[false],"private_ips":[false],"security_groups":[false],"tags":{},"tags_all":{}}},{"address":"module.example-basic.aws_network_interface_attachment.private","mode":"managed","type":"aws_network_interface_attachment","name":"private","provider_name":"registry.terraform.io/hashicorp/aws","schema_version":0,"values":{"device_index":0,"network_interface_id":"eni-0679ea212afaf6533"},"sensitive_values":{}},{"address":"module.example-basic.aws_network_interface_attachment.public","mode":"managed","type":"aws_network_interface_attachment","name":"public","provider_name":"registry.terraform.io/hashicorp/aws","schema_version":0,"values":{"device_index":1,"network_interface_id":"eni-089481a4f26050435"},"sensitive_values":{}},{"address":"module.example-basic.aws_route.public_internet_gateway","mode":"managed","type":"aws_route","name":"public_internet_gateway","provider_name":"registry.terraform.io/hashicorp/aws","schema_version":0,"values":{"carrier_gateway_id":"","core_network_arn":"","destination_cidr_block":"0.0.0.0/0","destination_ipv6_cidr_block":"","destination_prefix_list_id":"","egress_only_gateway_id":"","gateway_id":"igw-0d3b94c90088c51d8","id":"r-rtb-00ec3deb177226f301080289494","instance_id":"","instance_owner_id":"","local_gateway_id":"","nat_gateway_id":"","network_interface_id":"","origin":"CreateRoute","route_table_id":"rtb-00ec3deb177226f30","state":"active","timeouts":{"create":"5m","delete":null,"update":null},"transit_gateway_id":"","vpc_endpoint_id":"","vpc_peering_connection_id":""},"sensitive_values":{"timeouts":{}}},{"address":"module.example-basic.aws_route_table.private[0]","mode":"managed","type":"aws_route_table","name":"private","index":0,"provider_name":"registry.terraform.io/hashicorp/aws","schema_version":0,"values":{"arn":"arn:aws:ec2:us-east-1:447552758530:route-table/rtb-0281508f412733a55","id":"rtb-0281508f412733a55","owner_id":"447552758530","propagating_vgws":[],"route":[],"tags":{"Name":"rtb-xg_firewall-private"},"tags_all":{"Name":"rtb-xg_firewall-private"},"timeouts":null,"vpc_id":"vpc-05cf224ee8482bc36"},"sensitive_values":{"propagating_vgws":[],"route":[],"tags":{},"tags_all":{}}},{"address":"module.example-basic.aws_route_table.public[0]","mode":"managed","type":"aws_route_table","name":"public","index":0,"provider_name":"registry.terraform.io/hashicorp/aws","schema_version":0,"values":{"arn":"arn:aws:ec2:us-east-1:447552758530:route-table/rtb-00ec3deb177226f30","id":"rtb-00ec3deb177226f30","owner_id":"447552758530","propagating_vgws":[],"route":[{"carrier_gateway_id":"","cidr_block":"0.0.0.0/0","core_network_arn":"","destination_prefix_list_id":"","egress_only_gateway_id":"","gateway_id":"igw-0d3b94c90088c51d8","instance_id":"","ipv6_cidr_block":"","local_gateway_id":"","nat_gateway_id":"","network_interface_id":"","transit_gateway_id":"","vpc_endpoint_id":"","vpc_peering_connection_id":""}],"tags":{"Name":"rtb-xg_firewall-public"},"tags_all":{"Name":"rtb-xg_firewall-public"},"timeouts":null,"vpc_id":"vpc-05cf224ee8482bc36"},"sensitive_values":{"propagating_vgws":[],"route":[{}],"tags":{},"tags_all":{}}},{"address":"module.example-basic.aws_route_table_association.private[0]","mode":"managed","type":"aws_route_table_association","name":"private","index":0,"provider_name":"registry.terraform.io/hashicorp/aws","schema_version":0,"values":{"gateway_id":"","id":"rtbassoc-0a971f225cae1cd96","route_table_id":"rtb-0281508f412733a55","subnet_id":"subnet-0f5d45044cf08a752"},"sensitive_values":{}},{"address":"module.example-basic.aws_route_table_association.public[0]","mode":"managed","type":"aws_route_table_association","name":"public","index":0,"provider_name":"registry.terraform.io/hashicorp/aws","schema_version":0,"values":{"gateway_id":"","id":"rtbassoc-0a54564227d3d27b2","route_table_id":"rtb-00ec3deb177226f30","subnet_id":"subnet-042a7fd32e63f28ef"},"sensitive_values":{}},{"address":"module.example-basic.aws_secretsmanager_secret.sophospass","mode":"managed","type":"aws_secretsmanager_secret","name":"sophospass","provider_name":"registry.terraform.io/hashicorp/aws","schema_version":0,"values":{"arn":"arn:aws:secretsmanager:us-east-1:447552758530:secret:xg_firewall-sophospass-RA3y8e","description":"","force_overwrite_replica_secret":false,"id":"arn:aws:secretsmanager:us-east-1:447552758530:secret:xg_firewall-sophospass-RA3y8e","kms_key_id":"","name":"xg_firewall-sophospass","name_prefix":"","policy":"","recovery_window_in_days":0,"replica":[],"rotation_enabled":false,"rotation_lambda_arn":"","rotation_rules":[],"tags":{},"tags_all":{}},"sensitive_values":{"replica":[],"rotation_rules":[],"tags":{},"tags_all":{}}},{"address":"module.example-basic.aws_secretsmanager_secret.ssmk","mode":"managed","type":"aws_secretsmanager_secret","name":"ssmk","provider_name":"registry.terraform.io/hashicorp/aws","schema_version":0,"values":{"arn":"arn:aws:secretsmanager:us-east-1:447552758530:secret:xg_firewall-ssmk-QjEDi7","description":"","force_overwrite_replica_secret":false,"id":"arn:aws:secretsmanager:us-east-1:447552758530:secret:xg_firewall-ssmk-QjEDi7","kms_key_id":"","name":"xg_firewall-ssmk","name_prefix":"","policy":"","recovery_window_in_days":0,"replica":[],"rotation_enabled":false,"rotation_lambda_arn":"","rotation_rules":[],"tags":{},"tags_all":{}},"sensitive_values":{"replica":[],"rotation_rules":[],"tags":{},"tags_all":{}}},{"address":"module.example-basic.aws_secretsmanager_secret.xgconfig","mode":"managed","type":"aws_secretsmanager_secret","name":"xgconfig","provider_name":"registry.terraform.io/hashicorp/aws","schema_version":0,"values":{"arn":"arn:aws:secretsmanager:us-east-1:447552758530:secret:xg_firewall-xgconfig-EIhzbk","description":"","force_overwrite_replica_secret":false,"id":"arn:aws:secretsmanager:us-east-1:447552758530:secret:xg_firewall-xgconfig-EIhzbk","kms_key_id":"","name":"xg_firewall-xgconfig","name_prefix":"","policy":"","recovery_window_in_days":0,"replica":[],"rotation_enabled":false,"rotation_lambda_arn":"","rotation_rules":[],"tags":{},"tags_all":{}},"sensitive_values":{"replica":[],"rotation_rules":[],"tags":{},"tags_all":{}}},{"address":"module.example-basic.aws_secretsmanager_secret_version.ssmk","mode":"managed","type":"aws_secretsmanager_secret_version","name":"ssmk","provider_name":"registry.terraform.io/hashicorp/aws","schema_version":0,"values":{"arn":"arn:aws:secretsmanager:us-east-1:447552758530:secret:xg_firewall-ssmk-QjEDi7","id":"arn:aws:secretsmanager:us-east-1:447552758530:secret:xg_firewall-ssmk-QjEDi7|19B75393-B71C-402A-A608-533D5478003B","secret_binary":"","secret_id":"arn:aws:secretsmanager:us-east-1:447552758530:secret:xg_firewall-ssmk-QjEDi7","secret_string":"ghV29j#\u0026GuZ$k67ZPxkWnI25X^cH*3","version_id":"19B75393-B71C-402A-A608-533D5478003B","version_stages":["AWSCURRENT"]},"sensitive_values":{"secret_string":true,"version_stages":[false]}},{"address":"module.example-basic.aws_secretsmanager_secret_version.xgconfig","mode":"managed","type":"aws_secretsmanager_secret_version","name":"xgconfig","provider_name":"registry.terraform.io/hashicorp/aws","schema_version":0,"values":{"arn":"arn:aws:secretsmanager:us-east-1:447552758530:secret:xg_firewall-xgconfig-EIhzbk","id":"arn:aws:secretsmanager:us-east-1:447552758530:secret:xg_firewall-xgconfig-EIhzbk|9EFA3278-BDDC-42F7-B173-C908A6111D75","secret_binary":"","secret_id":"arn:aws:secretsmanager:us-east-1:447552758530:secret:xg_firewall-xgconfig-EIhzbk","secret_string":"ghV29j#\u0026GuZ$k67ZPxkWnI25X^cH*3","version_id":"9EFA3278-BDDC-42F7-B173-C908A6111D75","version_stages":["AWSCURRENT"]},"sensitive_values":{"secret_string":true,"version_stages":[false]}},{"address":"module.example-basic.aws_security_group.lan[0]","mode":"managed","type":"aws_security_group","name":"lan","index":0,"provider_name":"registry.terraform.io/hashicorp/aws","schema_version":1,"values":{"arn":"arn:aws:ec2:us-east-1:447552758530:security-group/sg-0cc30b9927de00b91","description":"Security Group for private subnet. Allow everything by default","egress":[{"cidr_blocks":["0.0.0.0/0"],"description":"","from_port":0,"ipv6_cidr_blocks":[],"prefix_list_ids":[],"protocol":"-1","security_groups":[],"self":false,"to_port":0}],"id":"sg-0cc30b9927de00b91","ingress":[{"cidr_blocks":["0.0.0.0/0"],"description":"","from_port":0,"ipv6_cidr_blocks":[],"prefix_list_ids":[],"protocol":"-1","security_groups":[],"self":false,"to_port":0}],"name":"sophos-SecurityGroupLAN-private","name_prefix":"","owner_id":"447552758530","revoke_rules_on_delete":false,"tags":{},"tags_all":{},"timeouts":null,"vpc_id":"vpc-05cf224ee8482bc36"},"sensitive_values":{"egress":[{"cidr_blocks":[false],"ipv6_cidr_blocks":[],"prefix_list_ids":[],"security_groups":[]}],"ingress":[{"cidr_blocks":[false],"ipv6_cidr_blocks":[],"prefix_list_ids":[],"security_groups":[]}],"tags":{},"tags_all":{}}},{"address":"module.example-basic.aws_security_group.public[0]","mode":"managed","type":"aws_security_group","name":"public","index":0,"provider_name":"registry.terraform.io/hashicorp/aws","schema_version":1,"values":{"arn":"arn:aws:ec2:us-east-1:447552758530:security-group/sg-09d0eee4b98241a54","description":"Untrusted network restricted from access port 22 and 4444","egress":[{"cidr_blocks":["0.0.0.0/0"],"description":"Allow all traffic outbound","from_port":0,"ipv6_cidr_blocks":[],"prefix_list_ids":[],"protocol":"-1","security_groups":[],"self":false,"to_port":0}],"id":"sg-09d0eee4b98241a54","ingress":[{"cidr_blocks":["0.0.0.0/0"],"description":"Allow public access 0 - 21","from_port":0,"ipv6_cidr_blocks":[],"prefix_list_ids":[],"protocol":"tcp","security_groups":[],"self":false,"to_port":21},{"cidr_blocks":["0.0.0.0/0"],"description":"Allow public access 23 - 4443","from_port":23,"ipv6_cidr_blocks":[],"prefix_list_ids":[],"protocol":"tcp","security_groups":[],"self":false,"to_port":4443},{"cidr_blocks":["0.0.0.0/0"],"description":"Allow public access 4445 - 65535","from_port":4445,"ipv6_cidr_blocks":[],"prefix_list_ids":[],"protocol":"tcp","security_groups":[],"self":false,"to_port":65535}],"name":"sophos-SecurityGroupPublic-public","name_prefix":"","owner_id":"447552758530","revoke_rules_on_delete":false,"tags":{},"tags_all":{},"timeouts":null,"vpc_id":"vpc-05cf224ee8482bc36"},"sensitive_values":{"egress":[{"cidr_blocks":[false],"ipv6_cidr_blocks":[],"prefix_list_ids":[],"security_groups":[]}],"ingress":[{"cidr_blocks":[false],"ipv6_cidr_blocks":[],"prefix_list_ids":[],"security_groups":[]},{"cidr_blocks":[false],"ipv6_cidr_blocks":[],"prefix_list_ids":[],"security_groups":[]},{"cidr_blocks":[false],"ipv6_cidr_blocks":[],"prefix_list_ids":[],"security_groups":[]}],"tags":{},"tags_all":{}}},{"address":"module.example-basic.aws_security_group.trusted[0]","mode":"managed","type":"aws_security_group","name":"trusted","index":0,"provider_name":"registry.terraform.io/hashicorp/aws","schema_version":1,"values":{"arn":"arn:aws:ec2:us-east-1:447552758530:security-group/sg-0775341818176f4ba","description":"Enable TCP access from trusted network","egress":[{"cidr_blocks":["0.0.0.0/0"],"description":"Allow all traffic outbound","from_port":0,"ipv6_cidr_blocks":[],"prefix_list_ids":[],"protocol":"-1","security_groups":[],"self":false,"to_port":0}],"id":"sg-0775341818176f4ba","ingress":[{"cidr_blocks":["47.188.118.115/32"],"description":"Allow all from trusted IP","from_port":0,"ipv6_cidr_blocks":[],"prefix_list_ids":[],"protocol":"tcp","security_groups":[],"self":false,"to_port":65535}],"name":"sophos-SecurityGroupTrusted-public","name_prefix":"","owner_id":"447552758530","revoke_rules_on_delete":false,"tags":{},"tags_all":{},"timeouts":null,"vpc_id":"vpc-05cf224ee8482bc36"},"sensitive_values":{"egress":[{"cidr_blocks":[false],"ipv6_cidr_blocks":[],"prefix_list_ids":[],"security_groups":[]}],"ingress":[{"cidr_blocks":[false],"ipv6_cidr_blocks":[],"prefix_list_ids":[],"security_groups":[]}],"tags":{},"tags_all":{}}},{"address":"module.example-basic.aws_subnet.private[0]","mode":"managed","type":"aws_subnet","name":"private","index":0,"provider_name":"registry.terraform.io/hashicorp/aws","schema_version":1,"values":{"arn":"arn:aws:ec2:us-east-1:447552758530:subnet/subnet-0f5d45044cf08a752","assign_ipv6_address_on_creation":false,"availability_zone":"us-east-1a","availability_zone_id":"use1-az2","cidr_block":"172.16.16.0/24","customer_owned_ipv4_pool":"","enable_dns64":false,"enable_resource_name_dns_a_record_on_launch":false,"enable_resource_name_dns_aaaa_record_on_launch":false,"id":"subnet-0f5d45044cf08a752","ipv6_cidr_block":"","ipv6_cidr_block_association_id":"","ipv6_native":false,"map_customer_owned_ip_on_launch":false,"map_public_ip_on_launch":false,"outpost_arn":"","owner_id":"447552758530","private_dns_hostname_type_on_launch":"ip-name","tags":{"Name":"Trusted Network"},"tags_all":{"Name":"Trusted Network"},"timeouts":null,"vpc_id":"vpc-05cf224ee8482bc36"},"sensitive_values":{"tags":{},"tags_all":{}}},{"address":"module.example-basic.aws_subnet.public[0]","mode":"managed","type":"aws_subnet","name":"public","index":0,"provider_name":"registry.terraform.io/hashicorp/aws","schema_version":1,"values":{"arn":"arn:aws:ec2:us-east-1:447552758530:subnet/subnet-042a7fd32e63f28ef","assign_ipv6_address_on_creation":false,"availability_zone":"us-east-1a","availability_zone_id":"use1-az2","cidr_block":"172.16.17.0/24","customer_owned_ipv4_pool":"","enable_dns64":false,"enable_resource_name_dns_a_record_on_launch":false,"enable_resource_name_dns_aaaa_record_on_launch":false,"id":"subnet-042a7fd32e63f28ef","ipv6_cidr_block":"","ipv6_cidr_block_association_id":"","ipv6_native":false,"map_customer_owned_ip_on_launch":false,"map_public_ip_on_launch":true,"outpost_arn":"","owner_id":"447552758530","private_dns_hostname_type_on_launch":"ip-name","tags":{"Name":"sophos-xg_firewall-public"},"tags_all":{"Name":"sophos-xg_firewall-public"},"timeouts":null,"vpc_id":"vpc-05cf224ee8482bc36"},"sensitive_values":{"tags":{},"tags_all":{}}},{"address":"module.example-basic.aws_vpc.this[0]","mode":"managed","type":"aws_vpc","name":"this","index":0,"provider_name":"registry.terraform.io/hashicorp/aws","schema_version":1,"values":{"arn":"arn:aws:ec2:us-east-1:447552758530:vpc/vpc-05cf224ee8482bc36","assign_generated_ipv6_cidr_block":false,"cidr_block":"172.16.0.0/16","default_network_acl_id":"acl-05f2c453a0b6dbb07","default_route_table_id":"rtb-04854bcc026ae5895","default_security_group_id":"sg-02e03f74244328f86","dhcp_options_id":"dopt-061f4c75bc4734585","enable_classiclink":false,"enable_classiclink_dns_support":false,"enable_dns_hostnames":true,"enable_dns_support":true,"id":"vpc-05cf224ee8482bc36","instance_tenancy":"default","ipv4_ipam_pool_id":null,"ipv4_netmask_length":null,"ipv6_association_id":"","ipv6_cidr_block":"","ipv6_cidr_block_network_border_group":"","ipv6_ipam_pool_id":"","ipv6_netmask_length":0,"main_route_table_id":"rtb-04854bcc026ae5895","owner_id":"447552758530","tags":{"Name":"vpc-sophos-xg_firewall"},"tags_all":{"Name":"vpc-sophos-xg_firewall"}},"sensitive_values":{"tags":{},"tags_all":{}}}],"address":"module.example-basic"},{"resources":[{"address":"module.key-pair.aws_key_pair.this[0]","mode":"managed","type":"aws_key_pair","name":"this","index":0,"provider_name":"registry.terraform.io/hashicorp/aws","schema_version":1,"values":{"arn":"arn:aws:ec2:us-east-1:447552758530:key-pair/sophos","fingerprint":"b1:11:13:e1:c7:a4:3e:03:68:63:47:06:51:63:ec:45","id":"sophos","key_name":"sophos","key_name_prefix":"","key_pair_id":"key-09ff2ae428d661e4e","key_type":"rsa","public_key":"ssh-rsa AAAAB3NzaC1yc2EAAAADAQABAAACAQCvK20huKpK15TKXqoBYx6j1yN/zriWxSeqxe3Bn9SNWElAtjqyjNSiy0zysin3sZQHXqFC6Ry+Mo9dK1DOarfaSIdkhljnzdKQAt9rITScI9R45m7PPYB9emSEJZjVLtON55Fdj8aQfihLVAd89pEAphZkdKivroETDuY8/dWYeshBAoNRBD1hklZe+LtOBYlqkEwLUR4BBe8SJ2MA0ecinn6ELq7Y+mS1j9kPsuY+lxJGN7XaBPvqUGJN1maxK5m6CzL/Dfam+AKIwURLOT1NxYcbVbtU87iKBHdjSfsZBWPDfVLBAyEIwGMg5EOOLCFOA22fmbQAp3+3t+GipO105FtdDj4lgjAhr2Q3/Hf0R461lm50y8lOlz5310kl/pJvyz71ijvEqyY1aUmD8G30BvZLAm+9yWA8SvKnqwRlvb3uamwi9nv01Bq71184QyD/9DP2G8u7AmFLf8dpDXJEpSZeqNveRsoz3ihyArgdXoeJQcoqCIX46DquzHy8UKUglThZCjxdqaOKZETymq0JOtB1qJNCo2Rjun2QoPifIGbAFdqFN+yBdvm7R7r3e6Ey3qWKyyd3kZnv4Cd8aUpPwLo0AMD1K6NlAEJq7KVJ/mWIAeJCddpDBnnTQ2+untD3mLSrYYt2oZidSsuJhtlhBpNqoxOpaJqibVztIu+iIQ==","tags":{},"tags_all":{}},"sensitive_values":{"tags":{},"tags_all":{}}},{"address":"module.key-pair.tls_private_key.this[0]","mode":"managed","type":"tls_private_key","name":"this","index":0,"provider_name":"registry.terraform.io/hashicorp/tls","schema_version":1,"values":{"algorithm":"RSA","ecdsa_curve":"P224","id":"5c12eee795f77338ba8908a4948eb5b70a8e1f32","private_key_openssh":"-----BEGIN OPENSSH PRIVATE KEY-----\nb3BlbnNzaC1rZXktdjEAAAAABG5vbmUAAAAEbm9uZQAAAAAAAAABAAACFwAAAAdz\nc2gtcnNhAAAAAwEAAQAAAgEAryttIbiqSteUyl6qAWMeo9cjf864lsUnqsXtwZ/U\njVhJQLY6sozUostM8rIp97GUB16hQukcvjKPXStQzmq32kiHZIZY583SkALfayE0\nnCPUeOZuzz2AfXpkhCWY1S7TjeeRXY/GkH4oS1QHfPaRAKYWZHSor66BEw7mPP3V\nmHrIQQKDUQQ9YZJWXvi7TgWJapBMC1EeAQXvEidjANHnIp5+hC6u2PpktY/ZD7Lm\nPpcSRje12gT76lBiTdZmsSuZugsy/w32pvgCiMFESzk9TcWHG1W7VPO4igR3Y0n7\nGQVjw31SwQMhCMBjIORDjiwhTgNtn5m0AKd/t7fhoqTtdORbXQ4+JYIwIa9kN/x3\n9EeOtZZudMvJTpc+d9dJJf6Sb8s+9Yo7xKsmNWlJg/Bt9Ab2SwJvvclgPEryp6sE\nZb297mpsIvZ79NQau9dfOEMg//Qz9hvLuwJhS3/HaQ1yRKUmXqjb3kbKM94ocgK4\nHV6HiUHKKgiF+Og6rsx8vFClIJU4WQo8XamjimRE8pqtCTrQdaiTQqNkY7p9kKD4\nnyBmwBXahTfsgXb5u0e693uhMt6lissnd5GZ7+AnfGlKT8C6NADA9SujZQBCauyl\nSf5liAHiQnXaQwZ500Nvrp7Q95i0q2GLdqGYnUrLiYbZYQaTaqMTqWiaom1c7SLv\noiEAAAc4HAMePRwDHj0AAAAHc3NoLXJzYQAAAgEAryttIbiqSteUyl6qAWMeo9cj\nf864lsUnqsXtwZ/UjVhJQLY6sozUostM8rIp97GUB16hQukcvjKPXStQzmq32kiH\nZIZY583SkALfayE0nCPUeOZuzz2AfXpkhCWY1S7TjeeRXY/GkH4oS1QHfPaRAKYW\nZHSor66BEw7mPP3VmHrIQQKDUQQ9YZJWXvi7TgWJapBMC1EeAQXvEidjANHnIp5+\nhC6u2PpktY/ZD7LmPpcSRje12gT76lBiTdZmsSuZugsy/w32pvgCiMFESzk9TcWH\nG1W7VPO4igR3Y0n7GQVjw31SwQMhCMBjIORDjiwhTgNtn5m0AKd/t7fhoqTtdORb\nXQ4+JYIwIa9kN/x39EeOtZZudMvJTpc+d9dJJf6Sb8s+9Yo7xKsmNWlJg/Bt9Ab2\nSwJvvclgPEryp6sEZb297mpsIvZ79NQau9dfOEMg//Qz9hvLuwJhS3/HaQ1yRKUm\nXqjb3kbKM94ocgK4HV6HiUHKKgiF+Og6rsx8vFClIJU4WQo8XamjimRE8pqtCTrQ\ndaiTQqNkY7p9kKD4nyBmwBXahTfsgXb5u0e693uhMt6lissnd5GZ7+AnfGlKT8C6\nNADA9SujZQBCauylSf5liAHiQnXaQwZ500Nvrp7Q95i0q2GLdqGYnUrLiYbZYQaT\naqMTqWiaom1c7SLvoiEAAAADAQABAAACAQCqk+RK4TPbe8Flq/drMGWm8JqeG+T+\n1PCCyQl08rqeBaoXvRy9wIxUFxtQfxSFIsTexFTO/ohB4qRe+w5OY/ezNcu6pWUw\nHer81/9OqGA96FpAfUzMvLxB9Iyrbp08g8P5PNX+wUKAdImyiRpdoxGjCxllK4EU\nyx7gOzMTk6+LM42MWPEdVL6dJE69XwOuv4+IWQnkP1Kzdl7PU9GB++VTffn/qCIW\nIwctEu4x7mlt69kczaVlsFLMYwjHeZA42Rdy5vL7ElLtVzfIikOB6TR8ZmzhvoOU\n/1zl8eF8q488V1ZGCOUsFWr2xboCTqZGbUzlVktLDvcNaA7kDclIg8jC3MP2rHPg\nmzubvaZXY2eyr7T+quSIpefeSxeVu2wfWRXyebLu1XmQ5kdtkkfH1bicG5GNyaQT\npf++ZTPg3ksic7xT3WZd7L+x6V/Aq3BD+qKMXr5UGC8ioZ3QegJcU9cUnuKXKc8g\nNQtY90Q3ntUhwc/Dis/HBRHbslKChapuLXADPSyaFBs2950qzTVxBvAX8av37uDb\n8XScr9PkrrUpIQqOq9aw6/XFQI9ruDGW9QmySnQE86zD27CC8R6h8Fsd+NQPIAJL\nHYTypO2FDd5z2ECLPk+lPju7HyNWx7FjSA7AZjVTQkYy/LnGhBwY3JRaIAZeTbaA\nVoSuXzYUoOUvrQAAAQEAwONwFtYdoIUDsk1zQfPqX5mcj6J+RxCwBZ8hEoiZwWiG\ngvulNEd/OLNjNCEwuC2z+nkI/SJVLOB1CFPIC3Q0WEy46Agivf8X+zy6YdjT66IT\nP1obPRnTtGzNCjxzlDAw822IDM7bSjqBgkoMO3fAFAGaqYuSZ5ZlzScOgInnfdJv\n569yDKFahgQENOEE6bFcbISMdidStz1VPxQgp5x3qS511ZkOFR4ek7JGbuNUK3yL\n6t1Ovp0Vjp6tqTl+LSCAJBhMt8Owa/DGTcT+RCH4EENXCnuA8wi7IJ14NjgMxAAr\nTDnz8RpKXAKyrBGsncvAcczc1hZ8wHJOWs+KRPQVTwAAAQEA5fY+AzcY5f0hSOBX\nrpEFuMIRUMxGO8bSbZnzD4W6KpkO4vJb9cwOsfPMcg5vOv1Tw/NecX67SZmymHEf\nb/LmpUAx4RfJQghoAVkxwVEWR8q+K4Reggvih+zwxMME5oQoGQm5JCIHldPoA7k9\nWLDxKoUKHigs68DcTl93Z6cKEZ1k0lGE3zaFwxk0eoVbeV4bc4EyNLiTZrOtSz2G\n1CST5+FvuUrJQc0bFsavulYaGjSbAImpGVZDCsRdeulRLjp/54dRuzgPKHL7GzcO\nmYhaKo0856l2DF2d3448WyxVbT2rPx7NELdB6q0IkVr8RCAnFpx8IlBEODLEG2Rr\nhoPklwAAAQEAwwD0yz602HLh4Ikw6c15utM+K/TC4l5aHljhp6tPV7ap4yGHKYAW\ncFk8hnVce1JhlGxK65UTnHibn8vFEvmV+xzqj0gJzW1yOUiHa/6YWlsFva8afBSg\nSdXRU58TSVyjZI8nefVUsOApYqSTvakYo9shw8rdcH3BPe1wx4vNzf9uZtys0F2B\nyingjDLoVIps8XDto3Mdx8sgc+B9cdwSOUnGUUzXjYcwRweOmLJdA9hM72JwhhUo\nw3v75TPSyNzRgV3B3yjYqdgce/l9fCGJ+wzbJXlhADJ9b60a54pVUSDkkpZ10VvM\n46K514CRt/I6jLGgV3OCVuYFiyaPqbDuBwAAAAAB\n-----END OPENSSH PRIVATE KEY-----\n","private_key_pem":"-----BEGIN RSA PRIVATE KEY-----\nMIIJKQIBAAKCAgEAryttIbiqSteUyl6qAWMeo9cjf864lsUnqsXtwZ/UjVhJQLY6\nsozUostM8rIp97GUB16hQukcvjKPXStQzmq32kiHZIZY583SkALfayE0nCPUeOZu\nzz2AfXpkhCWY1S7TjeeRXY/GkH4oS1QHfPaRAKYWZHSor66BEw7mPP3VmHrIQQKD\nUQQ9YZJWXvi7TgWJapBMC1EeAQXvEidjANHnIp5+hC6u2PpktY/ZD7LmPpcSRje1\n2gT76lBiTdZmsSuZugsy/w32pvgCiMFESzk9TcWHG1W7VPO4igR3Y0n7GQVjw31S\nwQMhCMBjIORDjiwhTgNtn5m0AKd/t7fhoqTtdORbXQ4+JYIwIa9kN/x39EeOtZZu\ndMvJTpc+d9dJJf6Sb8s+9Yo7xKsmNWlJg/Bt9Ab2SwJvvclgPEryp6sEZb297mps\nIvZ79NQau9dfOEMg//Qz9hvLuwJhS3/HaQ1yRKUmXqjb3kbKM94ocgK4HV6HiUHK\nKgiF+Og6rsx8vFClIJU4WQo8XamjimRE8pqtCTrQdaiTQqNkY7p9kKD4nyBmwBXa\nhTfsgXb5u0e693uhMt6lissnd5GZ7+AnfGlKT8C6NADA9SujZQBCauylSf5liAHi\nQnXaQwZ500Nvrp7Q95i0q2GLdqGYnUrLiYbZYQaTaqMTqWiaom1c7SLvoiECAwEA\nAQKCAgEAqpPkSuEz23vBZav3azBlpvCanhvk/tTwgskJdPK6ngWqF70cvcCMVBcb\nUH8UhSLE3sRUzv6IQeKkXvsOTmP3szXLuqVlMB3q/Nf/TqhgPehaQH1MzLy8QfSM\nq26dPIPD+TzV/sFCgHSJsokaXaMRowsZZSuBFMse4DszE5OvizONjFjxHVS+nSRO\nvV8Drr+PiFkJ5D9Ss3Zez1PRgfvlU335/6giFiMHLRLuMe5pbevZHM2lZbBSzGMI\nx3mQONkXcuby+xJS7Vc3yIpDgek0fGZs4b6DlP9c5fHhfKuPPFdWRgjlLBVq9sW6\nAk6mRm1M5VZLSw73DWgO5A3JSIPIwtzD9qxz4Js7m72mV2Nnsq+0/qrkiKXn3ksX\nlbtsH1kV8nmy7tV5kOZHbZJHx9W4nBuRjcmkE6X/vmUz4N5LInO8U91mXey/self\nwKtwQ/qijF6+VBgvIqGd0HoCXFPXFJ7ilynPIDULWPdEN57VIcHPw4rPxwUR27JS\ngoWqbi1wAz0smhQbNvedKs01cQbwF/Gr9+7g2/F0nK/T5K61KSEKjqvWsOv1xUCP\na7gxlvUJskp0BPOsw9uwgvEeofBbHfjUDyACSx2E8qTthQ3ec9hAiz5PpT47ux8j\nVsexY0gOwGY1U0JGMvy5xoQcGNyUWiAGXk22gFaErl82FKDlL60CggEBAOX2PgM3\nGOX9IUjgV66RBbjCEVDMRjvG0m2Z8w+FuiqZDuLyW/XMDrHzzHIObzr9U8PzXnF+\nu0mZsphxH2/y5qVAMeEXyUIIaAFZMcFRFkfKviuEXoIL4ofs8MTDBOaEKBkJuSQi\nB5XT6AO5PViw8SqFCh4oLOvA3E5fd2enChGdZNJRhN82hcMZNHqFW3leG3OBMjS4\nk2azrUs9htQkk+fhb7lKyUHNGxbGr7pWGho0mwCJqRlWQwrEXXrpUS46f+eHUbs4\nDyhy+xs3DpmIWiqNPOepdgxdnd+OPFssVW09qz8ezRC3QeqtCJFa/EQgJxacfCJQ\nRDgyxBtka4aD5JcCggEBAMMA9Ms+tNhy4eCJMOnNebrTPiv0wuJeWh5Y4aerT1e2\nqeMhhymAFnBZPIZ1XHtSYZRsSuuVE5x4m5/LxRL5lfsc6o9ICc1tcjlIh2v+mFpb\nBb2vGnwUoEnV0VOfE0lco2SPJ3n1VLDgKWKkk72pGKPbIcPK3XB9wT3tcMeLzc3/\nbmbcrNBdgcop4Iwy6FSKbPFw7aNzHcfLIHPgfXHcEjlJxlFM142HMEcHjpiyXQPY\nTO9icIYVKMN7++Uz0sjc0YFdwd8o2KnYHHv5fXwhifsM2yV5YQAyfW+tGueKVVEg\n5JKWddFbzOOiudeAkbfyOoyxoFdzglbmBYsmj6mw7gcCggEADJU2u3JOWHdLVPOB\nmLmyuHNWAzfKOAcfCIQ9+oF0uFP7rotYYNCzlSUj8LG9gFrQNI6igk9O7C4OyayW\n7cc6u5wRnqFwj75qAnjg8hT/xRng4fyyNydzU8CxQ/Lv17UvhH81tDZwd9BKh7mh\nE7NK3uq8rP3Bx3ycEWXD4NYRBPm5xJBVVuli1FQSvQmDAdcWZXGST7QxzJLUTqOl\nNwJxXWTGejsPXBxe+RYSE34Wm4x5VsQxjoNb08D+5HTTzlXBHegXnsjoe2wfNVQD\n5n7BgEaOKJbrMK4Gr27W+p4oZnvTXPbQfbOpVa/2Ig36c7fWq7QQTshZk0Gj3WPX\nRlr9LQKCAQA0v814LT4+TtVLJ9FTbYHAR+RJf6w4D83Q57oi4PRVhdPu3OLzFvL6\n8SiuNpENyvsaazDZCTqE2Rs/3p8wwtMPWoMYvyPnrfN4C2aWkAgmaPjklrlTV0EE\nuBInzKAq+CQ6z36ePv7p2blYNazBYTyJFn3LuNSt2Vasqc4YLHk/gBkdOhSFSMYT\nKcDUK/Es7UULCsE9taYYpZnhvpgwdJd5Z7t9wouMfUVR8XlhVN5Ua+5j0v0dSBv+\nxUsedSZPr2v80p/e/e2eBBewcYzAR1JL1u5w9KSIqR/FVc4xU/pAN+WcwZadS3fh\nG+Opp93DJIMyC9qTzWs0loRpX8T84h+BAoIBAQDA43AW1h2ghQOyTXNB8+pfmZyP\non5HELAFnyESiJnBaIaC+6U0R384s2M0ITC4LbP6eQj9IlUs4HUIU8gLdDRYTLjo\nCCK9/xf7PLph2NProhM/Whs9GdO0bM0KPHOUMDDzbYgMzttKOoGCSgw7d8AUAZqp\ni5JnlmXNJw6Aied90m/nr3IMoVqGBAQ04QTpsVxshIx2J1K3PVU/FCCnnHepLnXV\nmQ4VHh6TskZu41QrfIvq3U6+nRWOnq2pOX4tIIAkGEy3w7Br8MZNxP5EIfgQQ1cK\ne4DzCLsgnXg2OAzEACtMOfPxGkpcArKsEaydy8BxzNzWFnzAck5az4pE9BVP\n-----END RSA PRIVATE KEY-----\n","private_key_pem_pkcs8":"-----BEGIN PRIVATE KEY-----\nMIIJQwIBADANBgkqhkiG9w0BAQEFAASCCS0wggkpAgEAAoICAQCvK20huKpK15TK\nXqoBYx6j1yN/zriWxSeqxe3Bn9SNWElAtjqyjNSiy0zysin3sZQHXqFC6Ry+Mo9d\nK1DOarfaSIdkhljnzdKQAt9rITScI9R45m7PPYB9emSEJZjVLtON55Fdj8aQfihL\nVAd89pEAphZkdKivroETDuY8/dWYeshBAoNRBD1hklZe+LtOBYlqkEwLUR4BBe8S\nJ2MA0ecinn6ELq7Y+mS1j9kPsuY+lxJGN7XaBPvqUGJN1maxK5m6CzL/Dfam+AKI\nwURLOT1NxYcbVbtU87iKBHdjSfsZBWPDfVLBAyEIwGMg5EOOLCFOA22fmbQAp3+3\nt+GipO105FtdDj4lgjAhr2Q3/Hf0R461lm50y8lOlz5310kl/pJvyz71ijvEqyY1\naUmD8G30BvZLAm+9yWA8SvKnqwRlvb3uamwi9nv01Bq71184QyD/9DP2G8u7AmFL\nf8dpDXJEpSZeqNveRsoz3ihyArgdXoeJQcoqCIX46DquzHy8UKUglThZCjxdqaOK\nZETymq0JOtB1qJNCo2Rjun2QoPifIGbAFdqFN+yBdvm7R7r3e6Ey3qWKyyd3kZnv\n4Cd8aUpPwLo0AMD1K6NlAEJq7KVJ/mWIAeJCddpDBnnTQ2+untD3mLSrYYt2oZid\nSsuJhtlhBpNqoxOpaJqibVztIu+iIQIDAQABAoICAQCqk+RK4TPbe8Flq/drMGWm\n8JqeG+T+1PCCyQl08rqeBaoXvRy9wIxUFxtQfxSFIsTexFTO/ohB4qRe+w5OY/ez\nNcu6pWUwHer81/9OqGA96FpAfUzMvLxB9Iyrbp08g8P5PNX+wUKAdImyiRpdoxGj\nCxllK4EUyx7gOzMTk6+LM42MWPEdVL6dJE69XwOuv4+IWQnkP1Kzdl7PU9GB++VT\nffn/qCIWIwctEu4x7mlt69kczaVlsFLMYwjHeZA42Rdy5vL7ElLtVzfIikOB6TR8\nZmzhvoOU/1zl8eF8q488V1ZGCOUsFWr2xboCTqZGbUzlVktLDvcNaA7kDclIg8jC\n3MP2rHPgmzubvaZXY2eyr7T+quSIpefeSxeVu2wfWRXyebLu1XmQ5kdtkkfH1bic\nG5GNyaQTpf++ZTPg3ksic7xT3WZd7L+x6V/Aq3BD+qKMXr5UGC8ioZ3QegJcU9cU\nnuKXKc8gNQtY90Q3ntUhwc/Dis/HBRHbslKChapuLXADPSyaFBs2950qzTVxBvAX\n8av37uDb8XScr9PkrrUpIQqOq9aw6/XFQI9ruDGW9QmySnQE86zD27CC8R6h8Fsd\n+NQPIAJLHYTypO2FDd5z2ECLPk+lPju7HyNWx7FjSA7AZjVTQkYy/LnGhBwY3JRa\nIAZeTbaAVoSuXzYUoOUvrQKCAQEA5fY+AzcY5f0hSOBXrpEFuMIRUMxGO8bSbZnz\nD4W6KpkO4vJb9cwOsfPMcg5vOv1Tw/NecX67SZmymHEfb/LmpUAx4RfJQghoAVkx\nwVEWR8q+K4Reggvih+zwxMME5oQoGQm5JCIHldPoA7k9WLDxKoUKHigs68DcTl93\nZ6cKEZ1k0lGE3zaFwxk0eoVbeV4bc4EyNLiTZrOtSz2G1CST5+FvuUrJQc0bFsav\nulYaGjSbAImpGVZDCsRdeulRLjp/54dRuzgPKHL7GzcOmYhaKo0856l2DF2d3448\nWyxVbT2rPx7NELdB6q0IkVr8RCAnFpx8IlBEODLEG2RrhoPklwKCAQEAwwD0yz60\n2HLh4Ikw6c15utM+K/TC4l5aHljhp6tPV7ap4yGHKYAWcFk8hnVce1JhlGxK65UT\nnHibn8vFEvmV+xzqj0gJzW1yOUiHa/6YWlsFva8afBSgSdXRU58TSVyjZI8nefVU\nsOApYqSTvakYo9shw8rdcH3BPe1wx4vNzf9uZtys0F2ByingjDLoVIps8XDto3Md\nx8sgc+B9cdwSOUnGUUzXjYcwRweOmLJdA9hM72JwhhUow3v75TPSyNzRgV3B3yjY\nqdgce/l9fCGJ+wzbJXlhADJ9b60a54pVUSDkkpZ10VvM46K514CRt/I6jLGgV3OC\nVuYFiyaPqbDuBwKCAQAMlTa7ck5Yd0tU84GYubK4c1YDN8o4Bx8IhD36gXS4U/uu\ni1hg0LOVJSPwsb2AWtA0jqKCT07sLg7JrJbtxzq7nBGeoXCPvmoCeODyFP/FGeDh\n/LI3J3NTwLFD8u/XtS+EfzW0NnB30EqHuaETs0re6rys/cHHfJwRZcPg1hEE+bnE\nkFVW6WLUVBK9CYMB1xZlcZJPtDHMktROo6U3AnFdZMZ6Ow9cHF75FhITfhabjHlW\nxDGOg1vTwP7kdNPOVcEd6BeeyOh7bB81VAPmfsGARo4oluswrgavbtb6nihme9Nc\n9tB9s6lVr/YiDfpzt9artBBOyFmTQaPdY9dGWv0tAoIBADS/zXgtPj5O1Usn0VNt\ngcBH5El/rDgPzdDnuiLg9FWF0+7c4vMW8vrxKK42kQ3K+xprMNkJOoTZGz/enzDC\n0w9agxi/I+et83gLZpaQCCZo+OSWuVNXQQS4EifMoCr4JDrPfp4+/unZuVg1rMFh\nPIkWfcu41K3ZVqypzhgseT+AGR06FIVIxhMpwNQr8SztRQsKwT21philmeG+mDB0\nl3lnu33Ci4x9RVHxeWFU3lRr7mPS/R1IG/7FSx51Jk+va/zSn9797Z4EF7BxjMBH\nUkvW7nD0pIipH8VVzjFT+kA35ZzBlp1Ld+Eb46mn3cMkgzIL2pPNazSWhGlfxPzi\nH4ECggEBAMDjcBbWHaCFA7JNc0Hz6l+ZnI+ifkcQsAWfIRKImcFohoL7pTRHfziz\nYzQhMLgts/p5CP0iVSzgdQhTyAt0NFhMuOgIIr3/F/s8umHY0+uiEz9aGz0Z07Rs\nzQo8c5QwMPNtiAzO20o6gYJKDDt3wBQBmqmLkmeWZc0nDoCJ533Sb+evcgyhWoYE\nBDThBOmxXGyEjHYnUrc9VT8UIKecd6kuddWZDhUeHpOyRm7jVCt8i+rdTr6dFY6e\nrak5fi0ggCQYTLfDsGvwxk3E/kQh+BBDVwp7gPMIuyCdeDY4DMQAK0w58/EaSlwC\nsqwRrJ3LwHHM3NYWfMByTlrPikT0FU8=\n-----END PRIVATE KEY-----\n","public_key_fingerprint_md5":"05:8e:ec:bd:c2:fc:1c:ae:3b:e0:bb:39:af:81:5e:1b","public_key_fingerprint_sha256":"SHA256:kUmKLjy02KEwmPmp1Ia0J/FPjPMcf55FboD9BbsXBtI","public_key_openssh":"ssh-rsa AAAAB3NzaC1yc2EAAAADAQABAAACAQCvK20huKpK15TKXqoBYx6j1yN/zriWxSeqxe3Bn9SNWElAtjqyjNSiy0zysin3sZQHXqFC6Ry+Mo9dK1DOarfaSIdkhljnzdKQAt9rITScI9R45m7PPYB9emSEJZjVLtON55Fdj8aQfihLVAd89pEAphZkdKivroETDuY8/dWYeshBAoNRBD1hklZe+LtOBYlqkEwLUR4BBe8SJ2MA0ecinn6ELq7Y+mS1j9kPsuY+lxJGN7XaBPvqUGJN1maxK5m6CzL/Dfam+AKIwURLOT1NxYcbVbtU87iKBHdjSfsZBWPDfVLBAyEIwGMg5EOOLCFOA22fmbQAp3+3t+GipO105FtdDj4lgjAhr2Q3/Hf0R461lm50y8lOlz5310kl/pJvyz71ijvEqyY1aUmD8G30BvZLAm+9yWA8SvKnqwRlvb3uamwi9nv01Bq71184QyD/9DP2G8u7AmFLf8dpDXJEpSZeqNveRsoz3ihyArgdXoeJQcoqCIX46DquzHy8UKUglThZCjxdqaOKZETymq0JOtB1qJNCo2Rjun2QoPifIGbAFdqFN+yBdvm7R7r3e6Ey3qWKyyd3kZnv4Cd8aUpPwLo0AMD1K6NlAEJq7KVJ/mWIAeJCddpDBnnTQ2+untD3mLSrYYt2oZidSsuJhtlhBpNqoxOpaJqibVztIu+iIQ==\n","public_key_pem":"-----BEGIN PUBLIC KEY-----\nMIICIjANBgkqhkiG9w0BAQEFAAOCAg8AMIICCgKCAgEAryttIbiqSteUyl6qAWMe\no9cjf864lsUnqsXtwZ/UjVhJQLY6sozUostM8rIp97GUB16hQukcvjKPXStQzmq3\n2kiHZIZY583SkALfayE0nCPUeOZuzz2AfXpkhCWY1S7TjeeRXY/GkH4oS1QHfPaR\nAKYWZHSor66BEw7mPP3VmHrIQQKDUQQ9YZJWXvi7TgWJapBMC1EeAQXvEidjANHn\nIp5+hC6u2PpktY/ZD7LmPpcSRje12gT76lBiTdZmsSuZugsy/w32pvgCiMFESzk9\nTcWHG1W7VPO4igR3Y0n7GQVjw31SwQMhCMBjIORDjiwhTgNtn5m0AKd/t7fhoqTt\ndORbXQ4+JYIwIa9kN/x39EeOtZZudMvJTpc+d9dJJf6Sb8s+9Yo7xKsmNWlJg/Bt\n9Ab2SwJvvclgPEryp6sEZb297mpsIvZ79NQau9dfOEMg//Qz9hvLuwJhS3/HaQ1y\nRKUmXqjb3kbKM94ocgK4HV6HiUHKKgiF+Og6rsx8vFClIJU4WQo8XamjimRE8pqt\nCTrQdaiTQqNkY7p9kKD4nyBmwBXahTfsgXb5u0e693uhMt6lissnd5GZ7+AnfGlK\nT8C6NADA9SujZQBCauylSf5liAHiQnXaQwZ500Nvrp7Q95i0q2GLdqGYnUrLiYbZ\nYQaTaqMTqWiaom1c7SLvoiECAwEAAQ==\n-----END PUBLIC KEY-----\n","rsa_bits":4096},"sensitive_values":{}}],"address":"module.key-pair"}]}},"resource_drift":[{"address":"module.example-basic.aws_eip.this","module_address":"module.example-basic","mode":"managed","type":"aws_eip","name":"this","provider_name":"registry.terraform.io/hashicorp/aws","change":{"actions":["update"],"before":{"address":null,"allocation_id":"eipalloc-03e62f0b41296cd1d","associate_with_private_ip":null,"association_id":"eipassoc-0ac2d29ab559a4e49","carrier_ip":"","customer_owned_ip":"","customer_owned_ipv4_pool":"","domain":"vpc","id":"eipalloc-03e62f0b41296cd1d","instance":"","network_border_group":"us-east-1","network_interface":"eni-089481a4f26050435","private_dns":"ip-172-16-17-72.ec2.internal","private_ip":"172.16.17.72","public_dns":"ec2-107-21-206-93.compute-1.amazonaws.com","public_ip":"107.21.206.93","public_ipv4_pool":"amazon","tags":{"Name":"eip-sophos-xg_firewall"},"tags_all":{"Name":"eip-sophos-xg_firewall"},"timeouts":null,"vpc":true},"after":{"address":null,"allocation_id":"eipalloc-03e62f0b41296cd1d","associate_with_private_ip":null,"association_id":"eipassoc-0ac2d29ab559a4e49","carrier_ip":"","customer_owned_ip":"","customer_owned_ipv4_pool":"","domain":"vpc","id":"eipalloc-03e62f0b41296cd1d","instance":"i-0c52a88894fb39afd","network_border_group":"us-east-1","network_interface":"eni-089481a4f26050435","private_dns":"ip-172-16-17-72.ec2.internal","private_ip":"172.16.17.72","public_dns":"ec2-107-21-206-93.compute-1.amazonaws.com","public_ip":"107.21.206.93","public_ipv4_pool":"amazon","tags":{"Name":"eip-sophos-xg_firewall"},"tags_all":{"Name":"eip-sophos-xg_firewall"},"timeouts":null,"vpc":true},"after_unknown":{},"before_sensitive":{"tags":{},"tags_all":{}},"after_sensitive":{"tags":{},"tags_all":{}}}},{"address":"module.example-basic.aws_iam_instance_profile.this","module_address":"module.example-basic","mode":"managed","type":"aws_iam_instance_profile","name":"this","provider_name":"registry.terraform.io/hashicorp/aws","change":{"actions":["update"],"before":{"arn":"arn:aws:iam::447552758530:instance-profile/sophos-xg_firewall-EC2IAMProfile","create_date":"2022-09-09T16:59:56Z","id":"sophos-xg_firewall-EC2IAMProfile","name":"sophos-xg_firewall-EC2IAMProfile","name_prefix":null,"path":"/","role":"xg_firewall-EC2IAMRole","tags":null,"tags_all":{},"unique_id":"AIPAWQNBZEMBBEGQC3ARG"},"after":{"arn":"arn:aws:iam::447552758530:instance-profile/sophos-xg_firewall-EC2IAMProfile","create_date":"2022-09-09T16:59:56Z","id":"sophos-xg_firewall-EC2IAMProfile","name":"sophos-xg_firewall-EC2IAMProfile","name_prefix":null,"path":"/","role":"xg_firewall-EC2IAMRole","tags":{},"tags_all":{},"unique_id":"AIPAWQNBZEMBBEGQC3ARG"},"after_unknown":{},"before_sensitive":{"tags_all":{}},"after_sensitive":{"tags":{},"tags_all":{}}}},{"address":"module.example-basic.aws_iam_role.this","module_address":"module.example-basic","mode":"managed","type":"aws_iam_role","name":"this","provider_name":"registry.terraform.io/hashicorp/aws","change":{"actions":["update"],"before":{"arn":"arn:aws:iam::447552758530:role/xg_firewall-EC2IAMRole","assume_role_policy":"{\"Statement\":[{\"Action\":\"sts:AssumeRole\",\"Effect\":\"Allow\",\"Principal\":{\"Service\":\"ec2.amazonaws.com\"},\"Sid\":\"\"}],\"Version\":\"2012-10-17\"}","create_date":"2022-09-09T16:59:55Z","description":"","force_detach_policies":false,"id":"xg_firewall-EC2IAMRole","inline_policy":[{"name":"EC2IAMPolicy","policy":"{\n  \"Version\": \"2012-10-17\",\n  \"Statement\": [\n    {\n      \"Sid\": \"\",\n      \"Effect\": \"Allow\",\n      \"Action\": [\n        \"secretsmanager:GetSecretValue\",\n        \"secretsmanager:DescribeSecret\"\n      ],\n      \"Resource\": [\n        \"arn:aws:secretsmanager:us-east-1:447552758530:secret:xg_firewall-xgconfig-EIhzbk\",\n        \"arn:aws:secretsmanager:us-east-1:447552758530:secret:xg_firewall-sophospass-RA3y8e\"\n      ]\n    }\n  ]\n}"},{"name":"EC2IAMPolicyForSSMK","policy":"{\n  \"Version\": \"2012-10-17\",\n  \"Statement\": [\n    {\n      \"Sid\": \"\",\n      \"Effect\": \"Allow\",\n      \"Action\": [\n        \"secretsmanager:GetSecretValue\",\n        \"secretsmanager:DescribeSecret\"\n      ],\n      \"Resource\": \"arn:aws:secretsmanager:us-east-1:447552758530:secret:xg_firewall-ssmk-QjEDi7\"\n    }\n  ]\n}"}],"managed_policy_arns":[],"max_session_duration":3600,"name":"xg_firewall-EC2IAMRole","name_prefix":"","path":"/","permissions_boundary":null,"tags":null,"tags_all":{},"unique_id":"AROAWQNBZEMBP2OJVB2GK"},"after":{"arn":"arn:aws:iam::447552758530:role/xg_firewall-EC2IAMRole","assume_role_policy":"{\"Statement\":[{\"Action\":\"sts:AssumeRole\",\"Effect\":\"Allow\",\"Principal\":{\"Service\":\"ec2.amazonaws.com\"},\"Sid\":\"\"}],\"Version\":\"2012-10-17\"}","create_date":"2022-09-09T16:59:55Z","description":"","force_detach_policies":false,"id":"xg_firewall-EC2IAMRole","inline_policy":[{"name":"EC2IAMPolicy","policy":"{\n  \"Version\": \"2012-10-17\",\n  \"Statement\": [\n    {\n      \"Sid\": \"\",\n      \"Effect\": \"Allow\",\n      \"Action\": [\n        \"secretsmanager:GetSecretValue\",\n        \"secretsmanager:DescribeSecret\"\n      ],\n      \"Resource\": [\n        \"arn:aws:secretsmanager:us-east-1:447552758530:secret:xg_firewall-xgconfig-EIhzbk\",\n        \"arn:aws:secretsmanager:us-east-1:447552758530:secret:xg_firewall-sophospass-RA3y8e\"\n      ]\n    }\n  ]\n}"},{"name":"EC2IAMPolicyForSSMK","policy":"{\n  \"Version\": \"2012-10-17\",\n  \"Statement\": [\n    {\n      \"Sid\": \"\",\n      \"Effect\": \"Allow\",\n      \"Action\": [\n        \"secretsmanager:GetSecretValue\",\n        \"secretsmanager:DescribeSecret\"\n      ],\n      \"Resource\": \"arn:aws:secretsmanager:us-east-1:447552758530:secret:xg_firewall-ssmk-QjEDi7\"\n    }\n  ]\n}"}],"managed_policy_arns":[],"max_session_duration":3600,"name":"xg_firewall-EC2IAMRole","name_prefix":"","path":"/","permissions_boundary":null,"tags":{},"tags_all":{},"unique_id":"AROAWQNBZEMBP2OJVB2GK"},"after_unknown":{},"before_sensitive":{"inline_policy":[{},{}],"managed_policy_arns":[],"tags_all":{}},"after_sensitive":{"inline_policy":[{},{}],"managed_policy_arns":[],"tags":{},"tags_all":{}}}},{"address":"module.example-basic.aws_instance.this","module_address":"module.example-basic","mode":"managed","type":"aws_instance","name":"this","provider_name":"registry.terraform.io/hashicorp/aws","change":{"actions":["update"],"before":{"ami":"ami-024446f031786638b","arn":"arn:aws:ec2:us-east-1:447552758530:instance/i-0c52a88894fb39afd","associate_public_ip_address":true,"availability_zone":"us-east-1a","capacity_reservation_specification":[{"capacity_reservation_preference":"open","capacity_reservation_target":[]}],"cpu_core_count":1,"cpu_threads_per_core":2,"credit_specification":[{"cpu_credits":"unlimited"}],"disable_api_stop":false,"disable_api_termination":false,"ebs_block_device":[{"delete_on_termination":true,"device_name":"/dev/xvdg","encrypted":false,"iops":240,"kms_key_id":"","snapshot_id":"snap-0eeb3583be9f05a3d","tags":{},"throughput":0,"volume_id":"vol-0240d424a5bd9eeef","volume_size":80,"volume_type":"gp2"}],"ebs_optimized":false,"enclave_options":[{"enabled":false}],"ephemeral_block_device":[],"get_password_data":false,"hibernation":false,"host_id":null,"host_resource_group_arn":null,"iam_instance_profile":"sophos-xg_firewall-EC2IAMProfile","id":"i-0c52a88894fb39afd","instance_initiated_shutdown_behavior":"stop","instance_state":"running","instance_type":"t3.medium","ipv6_address_count":0,"ipv6_addresses":[],"key_name":"sophos","launch_template":[{"id":"lt-044a1e2322f48ad5d","name":"xg_firewall","version":"$Latest"}],"maintenance_options":[{"auto_recovery":"default"}],"metadata_options":[{"http_endpoint":"enabled","http_put_response_hop_limit":1,"http_tokens":"required","instance_metadata_tags":"enabled"}],"monitoring":true,"network_interface":[],"outpost_arn":"","password_data":"","placement_group":"","placement_partition_number":null,"primary_network_interface_id":"eni-089481a4f26050435","private_dns":"ip-172-16-17-72.ec2.internal","private_dns_name_options":[{"enable_resource_name_dns_a_record":false,"enable_resource_name_dns_aaaa_record":false,"hostname_type":"ip-name"}],"private_ip":"172.16.17.72","public_dns":"ec2-107-21-206-93.compute-1.amazonaws.com","public_ip":"107.21.206.93","root_block_device":[{"delete_on_termination":true,"device_name":"/dev/xvda","encrypted":false,"iops":100,"kms_key_id":"","tags":null,"throughput":0,"volume_id":"vol-0bd406473dd04ee0e","volume_size":16,"volume_type":"gp2"}],"secondary_private_ips":[],"security_groups":[],"source_dest_check":true,"subnet_id":"subnet-042a7fd32e63f28ef","tags":{"Name":"sophos-xg-firewall","namespace":"sophos"},"tags_all":{"Name":"sophos-xg-firewall","namespace":"sophos"},"tenancy":"default","timeouts":null,"user_data":"587e7b3376eee9935d8b57870af661293e8bce97","user_data_base64":null,"user_data_replace_on_change":false,"volume_tags":null,"vpc_security_group_ids":["sg-02e03f74244328f86"]},"after":{"ami":"ami-024446f031786638b","arn":"arn:aws:ec2:us-east-1:447552758530:instance/i-0c52a88894fb39afd","associate_public_ip_address":true,"availability_zone":"us-east-1a","capacity_reservation_specification":[{"capacity_reservation_preference":"open","capacity_reservation_target":[]}],"cpu_core_count":1,"cpu_threads_per_core":2,"credit_specification":[{"cpu_credits":"unlimited"}],"disable_api_stop":false,"disable_api_termination":false,"ebs_block_device":[{"delete_on_termination":true,"device_name":"/dev/xvdg","encrypted":false,"iops":240,"kms_key_id":"","snapshot_id":"snap-0eeb3583be9f05a3d","tags":{},"throughput":0,"volume_id":"vol-0240d424a5bd9eeef","volume_size":80,"volume_type":"gp2"}],"ebs_optimized":false,"enclave_options":[{"enabled":false}],"ephemeral_block_device":[],"get_password_data":false,"hibernation":false,"host_id":null,"host_resource_group_arn":null,"iam_instance_profile":"sophos-xg_firewall-EC2IAMProfile","id":"i-0c52a88894fb39afd","instance_initiated_shutdown_behavior":"stop","instance_state":"running","instance_type":"t3.medium","ipv6_address_count":0,"ipv6_addresses":[],"key_name":"sophos","launch_template":[{"id":"lt-044a1e2322f48ad5d","name":"xg_firewall","version":"$Latest"}],"maintenance_options":[{"auto_recovery":"default"}],"metadata_options":[{"http_endpoint":"enabled","http_put_response_hop_limit":1,"http_tokens":"required","instance_metadata_tags":"enabled"}],"monitoring":true,"network_interface":[],"outpost_arn":"","password_data":"","placement_group":"","placement_partition_number":null,"primary_network_interface_id":"eni-089481a4f26050435","private_dns":"ip-172-16-17-72.ec2.internal","private_dns_name_options":[{"enable_resource_name_dns_a_record":false,"enable_resource_name_dns_aaaa_record":false,"hostname_type":"ip-name"}],"private_ip":"172.16.17.72","public_dns":"ec2-107-21-206-93.compute-1.amazonaws.com","public_ip":"107.21.206.93","root_block_device":[{"delete_on_termination":true,"device_name":"/dev/xvda","encrypted":false,"iops":100,"kms_key_id":"","tags":{},"throughput":0,"volume_id":"vol-0bd406473dd04ee0e","volume_size":16,"volume_type":"gp2"}],"secondary_private_ips":[],"security_groups":[],"source_dest_check":true,"subnet_id":"subnet-042a7fd32e63f28ef","tags":{"Name":"sophos-xg-firewall","namespace":"sophos"},"tags_all":{"Name":"sophos-xg-firewall","namespace":"sophos"},"tenancy":"default","timeouts":null,"user_data":"587e7b3376eee9935d8b57870af661293e8bce97","user_data_base64":null,"user_data_replace_on_change":false,"volume_tags":null,"vpc_security_group_ids":["sg-02e03f74244328f86"]},"after_unknown":{},"before_sensitive":{"capacity_reservation_specification":[{"capacity_reservation_target":[]}],"credit_specification":[{}],"ebs_block_device":[{"tags":{}}],"enclave_options":[{}],"ephemeral_block_device":[],"ipv6_addresses":[],"launch_template":[{}],"maintenance_options":[{}],"metadata_options":[{}],"network_interface":[],"private_dns_name_options":[{}],"root_block_device":[{}],"secondary_private_ips":[],"security_groups":[],"tags":{},"tags_all":{},"vpc_security_group_ids":[false]},"after_sensitive":{"capacity_reservation_specification":[{"capacity_reservation_target":[]}],"credit_specification":[{}],"ebs_block_device":[{"tags":{}}],"enclave_options":[{}],"ephemeral_block_device":[],"ipv6_addresses":[],"launch_template":[{}],"maintenance_options":[{}],"metadata_options":[{}],"network_interface":[],"private_dns_name_options":[{}],"root_block_device":[{"tags":{}}],"secondary_private_ips":[],"security_groups":[],"tags":{},"tags_all":{},"vpc_security_group_ids":[false]}}},{"address":"module.example-basic.aws_launch_template.this","module_address":"module.example-basic","mode":"managed","type":"aws_launch_template","name":"this","provider_name":"registry.terraform.io/hashicorp/aws","change":{"actions":["update"],"before":{"arn":"arn:aws:ec2:us-east-1:447552758530:launch-template/lt-044a1e2322f48ad5d","block_device_mappings":[],"capacity_reservation_specification":[],"cpu_options":[],"credit_specification":[],"default_version":1,"description":"","disable_api_stop":false,"disable_api_termination":false,"ebs_optimized":"","elastic_gpu_specifications":[],"elastic_inference_accelerator":[],"enclave_options":[],"hibernation_options":[],"iam_instance_profile":[{"arn":"","name":"xg_firewall-EC2IAMRole"}],"id":"lt-044a1e2322f48ad5d","image_id":"ami-024446f031786638b","instance_initiated_shutdown_behavior":"","instance_market_options":[],"instance_requirements":[],"instance_type":"t3.medium","kernel_id":"","key_name":"sophos","latest_version":1,"license_specification":[],"maintenance_options":[],"metadata_options":[{"http_endpoint":"enabled","http_protocol_ipv6":"disabled","http_put_response_hop_limit":1,"http_tokens":"required","instance_metadata_tags":"enabled"}],"monitoring":[],"name":"xg_firewall","name_prefix":"","network_interfaces":[{"associate_carrier_ip_address":"","associate_public_ip_address":"","delete_on_termination":"","description":"","device_index":0,"interface_type":"","ipv4_address_count":0,"ipv4_addresses":null,"ipv4_prefix_count":0,"ipv4_prefixes":null,"ipv6_address_count":0,"ipv6_addresses":null,"ipv6_prefix_count":0,"ipv6_prefixes":null,"network_card_index":0,"network_interface_id":"eni-089481a4f26050435","private_ip_address":"","security_groups":null,"subnet_id":""},{"associate_carrier_ip_address":"","associate_public_ip_address":"","delete_on_termination":"","description":"","device_index":0,"interface_type":"","ipv4_address_count":0,"ipv4_addresses":null,"ipv4_prefix_count":0,"ipv4_prefixes":null,"ipv6_address_count":0,"ipv6_addresses":null,"ipv6_prefix_count":0,"ipv6_prefixes":null,"network_card_index":0,"network_interface_id":"eni-0679ea212afaf6533","private_ip_address":"","security_groups":null,"subnet_id":""}],"placement":[],"private_dns_name_options":[],"ram_disk_id":"","security_group_names":null,"tag_specifications":[],"tags":null,"tags_all":{},"update_default_version":null,"user_data":"ewogICJjZW50cmFsdXNlcm5hbWUiOiAicmFscGguYnJ5bmFyZC5kZW1vZGV2QHNvcGhvcy5jb20iLAogICJjZW50cmFsc2VjcmV0SWQiOiAiRnpvTXZeQUJ6QGYyeDZIRTFIJjNXMjdUMSpQbHdmIiwKICAic3Nta1NlY3JldElkIjogImdoVjI5aiMmR3VaJGs2N1pQeGtXbkkyNVheY0gqMyIsCiAgImhvc3RuYW1lIjogInNvcGhvcy14Zy1maXJld2FsbCIsCiAgInNlbmRzdGF0cyI6ICJ0cnVlIiwKICAicmVnaW9uIjogInVzLWVhc3QtMSIsCiAgInNlY3JldElkIjogImdoVjI5aiMmR3VaJGs2N1pQeGtXbkkyNVheY0gqMyIsCiAgImNvbmZpZ1NlY3JldElkIjogImdoVjI5aiMmR3VaJGs2N1pQeGtXbkkyNVheY0gqMyIKfQoKCg==","vpc_security_group_ids":null},"after":{"arn":"arn:aws:ec2:us-east-1:447552758530:launch-template/lt-044a1e2322f48ad5d","block_device_mappings":[],"capacity_reservation_specification":[],"cpu_options":[],"credit_specification":[],"default_version":1,"description":"","disable_api_stop":false,"disable_api_termination":false,"ebs_optimized":"","elastic_gpu_specifications":[],"elastic_inference_accelerator":[],"enclave_options":[],"hibernation_options":[],"iam_instance_profile":[{"arn":"","name":"xg_firewall-EC2IAMRole"}],"id":"lt-044a1e2322f48ad5d","image_id":"ami-024446f031786638b","instance_initiated_shutdown_behavior":"","instance_market_options":[],"instance_requirements":[],"instance_type":"t3.medium","kernel_id":"","key_name":"sophos","latest_version":1,"license_specification":[],"maintenance_options":[],"metadata_options":[{"http_endpoint":"enabled","http_protocol_ipv6":"disabled","http_put_response_hop_limit":1,"http_tokens":"required","instance_metadata_tags":"enabled"}],"monitoring":[],"name":"xg_firewall","name_prefix":"","network_interfaces":[{"associate_carrier_ip_address":"","associate_public_ip_address":"","delete_on_termination":"","description":"","device_index":0,"interface_type":"","ipv4_address_count":0,"ipv4_addresses":[],"ipv4_prefix_count":0,"ipv4_prefixes":[],"ipv6_address_count":0,"ipv6_addresses":[],"ipv6_prefix_count":0,"ipv6_prefixes":[],"network_card_index":0,"network_interface_id":"eni-089481a4f26050435","private_ip_address":"","security_groups":[],"subnet_id":""},{"associate_carrier_ip_address":"","associate_public_ip_address":"","delete_on_termination":"","description":"","device_index":0,"interface_type":"","ipv4_address_count":0,"ipv4_addresses":[],"ipv4_prefix_count":0,"ipv4_prefixes":[],"ipv6_address_count":0,"ipv6_addresses":[],"ipv6_prefix_count":0,"ipv6_prefixes":[],"network_card_index":0,"network_interface_id":"eni-0679ea212afaf6533","private_ip_address":"","security_groups":[],"subnet_id":""}],"placement":[],"private_dns_name_options":[],"ram_disk_id":"","security_group_names":[],"tag_specifications":[],"tags":{},"tags_all":{},"update_default_version":null,"user_data":"ewogICJjZW50cmFsdXNlcm5hbWUiOiAicmFscGguYnJ5bmFyZC5kZW1vZGV2QHNvcGhvcy5jb20iLAogICJjZW50cmFsc2VjcmV0SWQiOiAiRnpvTXZeQUJ6QGYyeDZIRTFIJjNXMjdUMSpQbHdmIiwKICAic3Nta1NlY3JldElkIjogImdoVjI5aiMmR3VaJGs2N1pQeGtXbkkyNVheY0gqMyIsCiAgImhvc3RuYW1lIjogInNvcGhvcy14Zy1maXJld2FsbCIsCiAgInNlbmRzdGF0cyI6ICJ0cnVlIiwKICAicmVnaW9uIjogInVzLWVhc3QtMSIsCiAgInNlY3JldElkIjogImdoVjI5aiMmR3VaJGs2N1pQeGtXbkkyNVheY0gqMyIsCiAgImNvbmZpZ1NlY3JldElkIjogImdoVjI5aiMmR3VaJGs2N1pQeGtXbkkyNVheY0gqMyIKfQoKCg==","vpc_security_group_ids":[]},"after_unknown":{},"before_sensitive":{"block_device_mappings":[],"capacity_reservation_specification":[],"cpu_options":[],"credit_specification":[],"elastic_gpu_specifications":[],"elastic_inference_accelerator":[],"enclave_options":[],"hibernation_options":[],"iam_instance_profile":[{}],"instance_market_options":[],"instance_requirements":[],"license_specification":[],"maintenance_options":[],"metadata_options":[{}],"monitoring":[],"network_interfaces":[{},{}],"placement":[],"private_dns_name_options":[],"tag_specifications":[],"tags_all":{}},"after_sensitive":{"block_device_mappings":[],"capacity_reservation_specification":[],"cpu_options":[],"credit_specification":[],"elastic_gpu_specifications":[],"elastic_inference_accelerator":[],"enclave_options":[],"hibernation_options":[],"iam_instance_profile":[{}],"instance_market_options":[],"instance_requirements":[],"license_specification":[],"maintenance_options":[],"metadata_options":[{}],"monitoring":[],"network_interfaces":[{"ipv4_addresses":[],"ipv4_prefixes":[],"ipv6_addresses":[],"ipv6_prefixes":[],"security_groups":[]},{"ipv4_addresses":[],"ipv4_prefixes":[],"ipv6_addresses":[],"ipv6_prefixes":[],"security_groups":[]}],"placement":[],"private_dns_name_options":[],"security_group_names":[],"tag_specifications":[],"tags":{},"tags_all":{},"vpc_security_group_ids":[]}}},{"address":"module.example-basic.aws_network_interface.public","module_address":"module.example-basic","mode":"managed","type":"aws_network_interface","name":"public","provider_name":"registry.terraform.io/hashicorp/aws","change":{"actions":["update"],"before":{"arn":"arn:aws:ec2:us-east-1:447552758530:network-interface/eni-089481a4f26050435","attachment":[],"description":"ENI for Public Subnet","id":"eni-089481a4f26050435","interface_type":"interface","ipv4_prefix_count":0,"ipv4_prefixes":[],"ipv6_address_count":0,"ipv6_address_list":[],"ipv6_address_list_enabled":false,"ipv6_addresses":[],"ipv6_prefix_count":0,"ipv6_prefixes":[],"mac_address":"12:26:1e:cc:8e:db","outpost_arn":"","owner_id":"447552758530","private_dns_name":"ip-172-16-17-72.ec2.internal","private_ip":"172.16.17.72","private_ip_list":["172.16.17.72"],"private_ip_list_enabled":false,"private_ips":["172.16.17.72"],"private_ips_count":0,"security_groups":["sg-02e03f74244328f86"],"source_dest_check":true,"subnet_id":"subnet-042a7fd32e63f28ef","tags":{"Name":"publicENI-sophos-xg_firewall"},"tags_all":{"Name":"publicENI-sophos-xg_firewall"}},"after":{"arn":"arn:aws:ec2:us-east-1:447552758530:network-interface/eni-089481a4f26050435","attachment":[{"attachment_id":"eni-attach-0ea5f59d7e4b9eca7","device_index":0,"instance":"i-0c52a88894fb39afd"}],"description":"ENI for Public Subnet","id":"eni-089481a4f26050435","interface_type":"interface","ipv4_prefix_count":0,"ipv4_prefixes":[],"ipv6_address_count":0,"ipv6_address_list":[],"ipv6_address_list_enabled":false,"ipv6_addresses":[],"ipv6_prefix_count":0,"ipv6_prefixes":[],"mac_address":"12:26:1e:cc:8e:db","outpost_arn":"","owner_id":"447552758530","private_dns_name":"ip-172-16-17-72.ec2.internal","private_ip":"172.16.17.72","private_ip_list":["172.16.17.72"],"private_ip_list_enabled":false,"private_ips":["172.16.17.72"],"private_ips_count":0,"security_groups":["sg-02e03f74244328f86"],"source_dest_check":true,"subnet_id":"subnet-042a7fd32e63f28ef","tags":{"Name":"publicENI-sophos-xg_firewall"},"tags_all":{"Name":"publicENI-sophos-xg_firewall"}},"after_unknown":{},"before_sensitive":{"attachment":[],"ipv4_prefixes":[],"ipv6_address_list":[],"ipv6_addresses":[],"ipv6_prefixes":[],"private_ip_list":[false],"private_ips":[false],"security_groups":[false],"tags":{},"tags_all":{}},"after_sensitive":{"attachment":[{}],"ipv4_prefixes":[],"ipv6_address_list":[],"ipv6_addresses":[],"ipv6_prefixes":[],"private_ip_list":[false],"private_ips":[false],"security_groups":[false],"tags":{},"tags_all":{}}}},{"address":"module.example-basic.aws_route_table.public[0]","module_address":"module.example-basic","mode":"managed","type":"aws_route_table","name":"public","index":0,"provider_name":"registry.terraform.io/hashicorp/aws","change":{"actions":["update"],"before":{"arn":"arn:aws:ec2:us-east-1:447552758530:route-table/rtb-00ec3deb177226f30","id":"rtb-00ec3deb177226f30","owner_id":"447552758530","propagating_vgws":[],"route":[],"tags":{"Name":"rtb-xg_firewall-public"},"tags_all":{"Name":"rtb-xg_firewall-public"},"timeouts":null,"vpc_id":"vpc-05cf224ee8482bc36"},"after":{"arn":"arn:aws:ec2:us-east-1:447552758530:route-table/rtb-00ec3deb177226f30","id":"rtb-00ec3deb177226f30","owner_id":"447552758530","propagating_vgws":[],"route":[{"carrier_gateway_id":"","cidr_block":"0.0.0.0/0","core_network_arn":"","destination_prefix_list_id":"","egress_only_gateway_id":"","gateway_id":"igw-0d3b94c90088c51d8","instance_id":"","ipv6_cidr_block":"","local_gateway_id":"","nat_gateway_id":"","network_interface_id":"","transit_gateway_id":"","vpc_endpoint_id":"","vpc_peering_connection_id":""}],"tags":{"Name":"rtb-xg_firewall-public"},"tags_all":{"Name":"rtb-xg_firewall-public"},"timeouts":null,"vpc_id":"vpc-05cf224ee8482bc36"},"after_unknown":{},"before_sensitive":{"propagating_vgws":[],"route":[],"tags":{},"tags_all":{}},"after_sensitive":{"propagating_vgws":[],"route":[{}],"tags":{},"tags_all":{}}}},{"address":"module.example-basic.aws_secretsmanager_secret.sophospass","module_address":"module.example-basic","mode":"managed","type":"aws_secretsmanager_secret","name":"sophospass","provider_name":"registry.terraform.io/hashicorp/aws","change":{"actions":["update"],"before":{"arn":"arn:aws:secretsmanager:us-east-1:447552758530:secret:xg_firewall-sophospass-RA3y8e","description":"","force_overwrite_replica_secret":false,"id":"arn:aws:secretsmanager:us-east-1:447552758530:secret:xg_firewall-sophospass-RA3y8e","kms_key_id":"","name":"xg_firewall-sophospass","name_prefix":"","policy":"","recovery_window_in_days":0,"replica":[],"rotation_enabled":false,"rotation_lambda_arn":"","rotation_rules":[],"tags":null,"tags_all":{}},"after":{"arn":"arn:aws:secretsmanager:us-east-1:447552758530:secret:xg_firewall-sophospass-RA3y8e","description":"","force_overwrite_replica_secret":false,"id":"arn:aws:secretsmanager:us-east-1:447552758530:secret:xg_firewall-sophospass-RA3y8e","kms_key_id":"","name":"xg_firewall-sophospass","name_prefix":"","policy":"","recovery_window_in_days":0,"replica":[],"rotation_enabled":false,"rotation_lambda_arn":"","rotation_rules":[],"tags":{},"tags_all":{}},"after_unknown":{},"before_sensitive":{"replica":[],"rotation_rules":[],"tags_all":{}},"after_sensitive":{"replica":[],"rotation_rules":[],"tags":{},"tags_all":{}}}},{"address":"module.example-basic.aws_secretsmanager_secret.ssmk","module_address":"module.example-basic","mode":"managed","type":"aws_secretsmanager_secret","name":"ssmk","provider_name":"registry.terraform.io/hashicorp/aws","change":{"actions":["update"],"before":{"arn":"arn:aws:secretsmanager:us-east-1:447552758530:secret:xg_firewall-ssmk-QjEDi7","description":"","force_overwrite_replica_secret":false,"id":"arn:aws:secretsmanager:us-east-1:447552758530:secret:xg_firewall-ssmk-QjEDi7","kms_key_id":"","name":"xg_firewall-ssmk","name_prefix":"","policy":"","recovery_window_in_days":0,"replica":[],"rotation_enabled":false,"rotation_lambda_arn":"","rotation_rules":[],"tags":null,"tags_all":{}},"after":{"arn":"arn:aws:secretsmanager:us-east-1:447552758530:secret:xg_firewall-ssmk-QjEDi7","description":"","force_overwrite_replica_secret":false,"id":"arn:aws:secretsmanager:us-east-1:447552758530:secret:xg_firewall-ssmk-QjEDi7","kms_key_id":"","name":"xg_firewall-ssmk","name_prefix":"","policy":"","recovery_window_in_days":0,"replica":[],"rotation_enabled":false,"rotation_lambda_arn":"","rotation_rules":[],"tags":{},"tags_all":{}},"after_unknown":{},"before_sensitive":{"replica":[],"rotation_rules":[],"tags_all":{}},"after_sensitive":{"replica":[],"rotation_rules":[],"tags":{},"tags_all":{}}}},{"address":"module.example-basic.aws_secretsmanager_secret.xgconfig","module_address":"module.example-basic","mode":"managed","type":"aws_secretsmanager_secret","name":"xgconfig","provider_name":"registry.terraform.io/hashicorp/aws","change":{"actions":["update"],"before":{"arn":"arn:aws:secretsmanager:us-east-1:447552758530:secret:xg_firewall-xgconfig-EIhzbk","description":"","force_overwrite_replica_secret":false,"id":"arn:aws:secretsmanager:us-east-1:447552758530:secret:xg_firewall-xgconfig-EIhzbk","kms_key_id":"","name":"xg_firewall-xgconfig","name_prefix":"","policy":"","recovery_window_in_days":0,"replica":[],"rotation_enabled":false,"rotation_lambda_arn":"","rotation_rules":[],"tags":null,"tags_all":{}},"after":{"arn":"arn:aws:secretsmanager:us-east-1:447552758530:secret:xg_firewall-xgconfig-EIhzbk","description":"","force_overwrite_replica_secret":false,"id":"arn:aws:secretsmanager:us-east-1:447552758530:secret:xg_firewall-xgconfig-EIhzbk","kms_key_id":"","name":"xg_firewall-xgconfig","name_prefix":"","policy":"","recovery_window_in_days":0,"replica":[],"rotation_enabled":false,"rotation_lambda_arn":"","rotation_rules":[],"tags":{},"tags_all":{}},"after_unknown":{},"before_sensitive":{"replica":[],"rotation_rules":[],"tags_all":{}},"after_sensitive":{"replica":[],"rotation_rules":[],"tags":{},"tags_all":{}}}},{"address":"module.example-basic.aws_security_group.lan[0]","module_address":"module.example-basic","mode":"managed","type":"aws_security_group","name":"lan","index":0,"provider_name":"registry.terraform.io/hashicorp/aws","change":{"actions":["update"],"before":{"arn":"arn:aws:ec2:us-east-1:447552758530:security-group/sg-0cc30b9927de00b91","description":"Security Group for private subnet. Allow everything by default","egress":[{"cidr_blocks":["0.0.0.0/0"],"description":"","from_port":0,"ipv6_cidr_blocks":[],"prefix_list_ids":[],"protocol":"-1","security_groups":[],"self":false,"to_port":0}],"id":"sg-0cc30b9927de00b91","ingress":[{"cidr_blocks":["0.0.0.0/0"],"description":"","from_port":0,"ipv6_cidr_blocks":[],"prefix_list_ids":[],"protocol":"-1","security_groups":[],"self":false,"to_port":0}],"name":"sophos-SecurityGroupLAN-private","name_prefix":"","owner_id":"447552758530","revoke_rules_on_delete":false,"tags":null,"tags_all":{},"timeouts":null,"vpc_id":"vpc-05cf224ee8482bc36"},"after":{"arn":"arn:aws:ec2:us-east-1:447552758530:security-group/sg-0cc30b9927de00b91","description":"Security Group for private subnet. Allow everything by default","egress":[{"cidr_blocks":["0.0.0.0/0"],"description":"","from_port":0,"ipv6_cidr_blocks":[],"prefix_list_ids":[],"protocol":"-1","security_groups":[],"self":false,"to_port":0}],"id":"sg-0cc30b9927de00b91","ingress":[{"cidr_blocks":["0.0.0.0/0"],"description":"","from_port":0,"ipv6_cidr_blocks":[],"prefix_list_ids":[],"protocol":"-1","security_groups":[],"self":false,"to_port":0}],"name":"sophos-SecurityGroupLAN-private","name_prefix":"","owner_id":"447552758530","revoke_rules_on_delete":false,"tags":{},"tags_all":{},"timeouts":null,"vpc_id":"vpc-05cf224ee8482bc36"},"after_unknown":{},"before_sensitive":{"egress":[{"cidr_blocks":[false],"ipv6_cidr_blocks":[],"prefix_list_ids":[],"security_groups":[]}],"ingress":[{"cidr_blocks":[false],"ipv6_cidr_blocks":[],"prefix_list_ids":[],"security_groups":[]}],"tags_all":{}},"after_sensitive":{"egress":[{"cidr_blocks":[false],"ipv6_cidr_blocks":[],"prefix_list_ids":[],"security_groups":[]}],"ingress":[{"cidr_blocks":[false],"ipv6_cidr_blocks":[],"prefix_list_ids":[],"security_groups":[]}],"tags":{},"tags_all":{}}}},{"address":"module.example-basic.aws_security_group.public[0]","module_address":"module.example-basic","mode":"managed","type":"aws_security_group","name":"public","index":0,"provider_name":"registry.terraform.io/hashicorp/aws","change":{"actions":["update"],"before":{"arn":"arn:aws:ec2:us-east-1:447552758530:security-group/sg-09d0eee4b98241a54","description":"Untrusted network restricted from access port 22 and 4444","egress":[{"cidr_blocks":["0.0.0.0/0"],"description":"Allow all traffic outbound","from_port":0,"ipv6_cidr_blocks":[],"prefix_list_ids":[],"protocol":"-1","security_groups":[],"self":false,"to_port":0}],"id":"sg-09d0eee4b98241a54","ingress":[{"cidr_blocks":["0.0.0.0/0"],"description":"Allow public access 0 - 21","from_port":0,"ipv6_cidr_blocks":[],"prefix_list_ids":[],"protocol":"tcp","security_groups":[],"self":false,"to_port":21},{"cidr_blocks":["0.0.0.0/0"],"description":"Allow public access 23 - 4443","from_port":23,"ipv6_cidr_blocks":[],"prefix_list_ids":[],"protocol":"tcp","security_groups":[],"self":false,"to_port":4443},{"cidr_blocks":["0.0.0.0/0"],"description":"Allow public access 4445 - 65535","from_port":4445,"ipv6_cidr_blocks":[],"prefix_list_ids":[],"protocol":"tcp","security_groups":[],"self":false,"to_port":65535}],"name":"sophos-SecurityGroupPublic-public","name_prefix":"","owner_id":"447552758530","revoke_rules_on_delete":false,"tags":null,"tags_all":{},"timeouts":null,"vpc_id":"vpc-05cf224ee8482bc36"},"after":{"arn":"arn:aws:ec2:us-east-1:447552758530:security-group/sg-09d0eee4b98241a54","description":"Untrusted network restricted from access port 22 and 4444","egress":[{"cidr_blocks":["0.0.0.0/0"],"description":"Allow all traffic outbound","from_port":0,"ipv6_cidr_blocks":[],"prefix_list_ids":[],"protocol":"-1","security_groups":[],"self":false,"to_port":0}],"id":"sg-09d0eee4b98241a54","ingress":[{"cidr_blocks":["0.0.0.0/0"],"description":"Allow public access 0 - 21","from_port":0,"ipv6_cidr_blocks":[],"prefix_list_ids":[],"protocol":"tcp","security_groups":[],"self":false,"to_port":21},{"cidr_blocks":["0.0.0.0/0"],"description":"Allow public access 23 - 4443","from_port":23,"ipv6_cidr_blocks":[],"prefix_list_ids":[],"protocol":"tcp","security_groups":[],"self":false,"to_port":4443},{"cidr_blocks":["0.0.0.0/0"],"description":"Allow public access 4445 - 65535","from_port":4445,"ipv6_cidr_blocks":[],"prefix_list_ids":[],"protocol":"tcp","security_groups":[],"self":false,"to_port":65535}],"name":"sophos-SecurityGroupPublic-public","name_prefix":"","owner_id":"447552758530","revoke_rules_on_delete":false,"tags":{},"tags_all":{},"timeouts":null,"vpc_id":"vpc-05cf224ee8482bc36"},"after_unknown":{},"before_sensitive":{"egress":[{"cidr_blocks":[false],"ipv6_cidr_blocks":[],"prefix_list_ids":[],"security_groups":[]}],"ingress":[{"cidr_blocks":[false],"ipv6_cidr_blocks":[],"prefix_list_ids":[],"security_groups":[]},{"cidr_blocks":[false],"ipv6_cidr_blocks":[],"prefix_list_ids":[],"security_groups":[]},{"cidr_blocks":[false],"ipv6_cidr_blocks":[],"prefix_list_ids":[],"security_groups":[]}],"tags_all":{}},"after_sensitive":{"egress":[{"cidr_blocks":[false],"ipv6_cidr_blocks":[],"prefix_list_ids":[],"security_groups":[]}],"ingress":[{"cidr_blocks":[false],"ipv6_cidr_blocks":[],"prefix_list_ids":[],"security_groups":[]},{"cidr_blocks":[false],"ipv6_cidr_blocks":[],"prefix_list_ids":[],"security_groups":[]},{"cidr_blocks":[false],"ipv6_cidr_blocks":[],"prefix_list_ids":[],"security_groups":[]}],"tags":{},"tags_all":{}}}},{"address":"module.example-basic.aws_security_group.trusted[0]","module_address":"module.example-basic","mode":"managed","type":"aws_security_group","name":"trusted","index":0,"provider_name":"registry.terraform.io/hashicorp/aws","change":{"actions":["update"],"before":{"arn":"arn:aws:ec2:us-east-1:447552758530:security-group/sg-0775341818176f4ba","description":"Enable TCP access from trusted network","egress":[{"cidr_blocks":["0.0.0.0/0"],"description":"Allow all traffic outbound","from_port":0,"ipv6_cidr_blocks":[],"prefix_list_ids":[],"protocol":"-1","security_groups":[],"self":false,"to_port":0}],"id":"sg-0775341818176f4ba","ingress":[{"cidr_blocks":["47.188.118.115/32"],"description":"Allow all from trusted IP","from_port":0,"ipv6_cidr_blocks":[],"prefix_list_ids":[],"protocol":"tcp","security_groups":[],"self":false,"to_port":65535}],"name":"sophos-SecurityGroupTrusted-public","name_prefix":"","owner_id":"447552758530","revoke_rules_on_delete":false,"tags":null,"tags_all":{},"timeouts":null,"vpc_id":"vpc-05cf224ee8482bc36"},"after":{"arn":"arn:aws:ec2:us-east-1:447552758530:security-group/sg-0775341818176f4ba","description":"Enable TCP access from trusted network","egress":[{"cidr_blocks":["0.0.0.0/0"],"description":"Allow all traffic outbound","from_port":0,"ipv6_cidr_blocks":[],"prefix_list_ids":[],"protocol":"-1","security_groups":[],"self":false,"to_port":0}],"id":"sg-0775341818176f4ba","ingress":[{"cidr_blocks":["47.188.118.115/32"],"description":"Allow all from trusted IP","from_port":0,"ipv6_cidr_blocks":[],"prefix_list_ids":[],"protocol":"tcp","security_groups":[],"self":false,"to_port":65535}],"name":"sophos-SecurityGroupTrusted-public","name_prefix":"","owner_id":"447552758530","revoke_rules_on_delete":false,"tags":{},"tags_all":{},"timeouts":null,"vpc_id":"vpc-05cf224ee8482bc36"},"after_unknown":{},"before_sensitive":{"egress":[{"cidr_blocks":[false],"ipv6_cidr_blocks":[],"prefix_list_ids":[],"security_groups":[]}],"ingress":[{"cidr_blocks":[false],"ipv6_cidr_blocks":[],"prefix_list_ids":[],"security_groups":[]}],"tags_all":{}},"after_sensitive":{"egress":[{"cidr_blocks":[false],"ipv6_cidr_blocks":[],"prefix_list_ids":[],"security_groups":[]}],"ingress":[{"cidr_blocks":[false],"ipv6_cidr_blocks":[],"prefix_list_ids":[],"security_groups":[]}],"tags":{},"tags_all":{}}}},{"address":"module.key-pair.aws_key_pair.this[0]","module_address":"module.key-pair","mode":"managed","type":"aws_key_pair","name":"this","index":0,"provider_name":"registry.terraform.io/hashicorp/aws","change":{"actions":["update"],"before":{"arn":"arn:aws:ec2:us-east-1:447552758530:key-pair/sophos","fingerprint":"b1:11:13:e1:c7:a4:3e:03:68:63:47:06:51:63:ec:45","id":"sophos","key_name":"sophos","key_name_prefix":"","key_pair_id":"key-09ff2ae428d661e4e","key_type":"rsa","public_key":"ssh-rsa AAAAB3NzaC1yc2EAAAADAQABAAACAQCvK20huKpK15TKXqoBYx6j1yN/zriWxSeqxe3Bn9SNWElAtjqyjNSiy0zysin3sZQHXqFC6Ry+Mo9dK1DOarfaSIdkhljnzdKQAt9rITScI9R45m7PPYB9emSEJZjVLtON55Fdj8aQfihLVAd89pEAphZkdKivroETDuY8/dWYeshBAoNRBD1hklZe+LtOBYlqkEwLUR4BBe8SJ2MA0ecinn6ELq7Y+mS1j9kPsuY+lxJGN7XaBPvqUGJN1maxK5m6CzL/Dfam+AKIwURLOT1NxYcbVbtU87iKBHdjSfsZBWPDfVLBAyEIwGMg5EOOLCFOA22fmbQAp3+3t+GipO105FtdDj4lgjAhr2Q3/Hf0R461lm50y8lOlz5310kl/pJvyz71ijvEqyY1aUmD8G30BvZLAm+9yWA8SvKnqwRlvb3uamwi9nv01Bq71184QyD/9DP2G8u7AmFLf8dpDXJEpSZeqNveRsoz3ihyArgdXoeJQcoqCIX46DquzHy8UKUglThZCjxdqaOKZETymq0JOtB1qJNCo2Rjun2QoPifIGbAFdqFN+yBdvm7R7r3e6Ey3qWKyyd3kZnv4Cd8aUpPwLo0AMD1K6NlAEJq7KVJ/mWIAeJCddpDBnnTQ2+untD3mLSrYYt2oZidSsuJhtlhBpNqoxOpaJqibVztIu+iIQ==","tags":null,"tags_all":{}},"after":{"arn":"arn:aws:ec2:us-east-1:447552758530:key-pair/sophos","fingerprint":"b1:11:13:e1:c7:a4:3e:03:68:63:47:06:51:63:ec:45","id":"sophos","key_name":"sophos","key_name_prefix":"","key_pair_id":"key-09ff2ae428d661e4e","key_type":"rsa","public_key":"ssh-rsa AAAAB3NzaC1yc2EAAAADAQABAAACAQCvK20huKpK15TKXqoBYx6j1yN/zriWxSeqxe3Bn9SNWElAtjqyjNSiy0zysin3sZQHXqFC6Ry+Mo9dK1DOarfaSIdkhljnzdKQAt9rITScI9R45m7PPYB9emSEJZjVLtON55Fdj8aQfihLVAd89pEAphZkdKivroETDuY8/dWYeshBAoNRBD1hklZe+LtOBYlqkEwLUR4BBe8SJ2MA0ecinn6ELq7Y+mS1j9kPsuY+lxJGN7XaBPvqUGJN1maxK5m6CzL/Dfam+AKIwURLOT1NxYcbVbtU87iKBHdjSfsZBWPDfVLBAyEIwGMg5EOOLCFOA22fmbQAp3+3t+GipO105FtdDj4lgjAhr2Q3/Hf0R461lm50y8lOlz5310kl/pJvyz71ijvEqyY1aUmD8G30BvZLAm+9yWA8SvKnqwRlvb3uamwi9nv01Bq71184QyD/9DP2G8u7AmFLf8dpDXJEpSZeqNveRsoz3ihyArgdXoeJQcoqCIX46DquzHy8UKUglThZCjxdqaOKZETymq0JOtB1qJNCo2Rjun2QoPifIGbAFdqFN+yBdvm7R7r3e6Ey3qWKyyd3kZnv4Cd8aUpPwLo0AMD1K6NlAEJq7KVJ/mWIAeJCddpDBnnTQ2+untD3mLSrYYt2oZidSsuJhtlhBpNqoxOpaJqibVztIu+iIQ==","tags":{},"tags_all":{}},"after_unknown":{},"before_sensitive":{"tags_all":{}},"after_sensitive":{"tags":{},"tags_all":{}}}}],"resource_changes":[{"address":"module.example-basic.aws_eip.this","module_address":"module.example-basic","mode":"managed","type":"aws_eip","name":"this","provider_name":"registry.terraform.io/hashicorp/aws","change":{"actions":["no-op"],"before":{"address":null,"allocation_id":"eipalloc-03e62f0b41296cd1d","associate_with_private_ip":null,"association_id":"eipassoc-0ac2d29ab559a4e49","carrier_ip":"","customer_owned_ip":"","customer_owned_ipv4_pool":"","domain":"vpc","id":"eipalloc-03e62f0b41296cd1d","instance":"i-0c52a88894fb39afd","network_border_group":"us-east-1","network_interface":"eni-089481a4f26050435","private_dns":"ip-172-16-17-72.ec2.internal","private_ip":"172.16.17.72","public_dns":"ec2-107-21-206-93.compute-1.amazonaws.com","public_ip":"107.21.206.93","public_ipv4_pool":"amazon","tags":{"Name":"eip-sophos-xg_firewall"},"tags_all":{"Name":"eip-sophos-xg_firewall"},"timeouts":null,"vpc":true},"after":{"address":null,"allocation_id":"eipalloc-03e62f0b41296cd1d","associate_with_private_ip":null,"association_id":"eipassoc-0ac2d29ab559a4e49","carrier_ip":"","customer_owned_ip":"","customer_owned_ipv4_pool":"","domain":"vpc","id":"eipalloc-03e62f0b41296cd1d","instance":"i-0c52a88894fb39afd","network_border_group":"us-east-1","network_interface":"eni-089481a4f26050435","private_dns":"ip-172-16-17-72.ec2.internal","private_ip":"172.16.17.72","public_dns":"ec2-107-21-206-93.compute-1.amazonaws.com","public_ip":"107.21.206.93","public_ipv4_pool":"amazon","tags":{"Name":"eip-sophos-xg_firewall"},"tags_all":{"Name":"eip-sophos-xg_firewall"},"timeouts":null,"vpc":true},"after_unknown":{},"before_sensitive":{"tags":{},"tags_all":{}},"after_sensitive":{"tags":{},"tags_all":{}}}},{"address":"module.example-basic.aws_iam_instance_profile.this","module_address":"module.example-basic","mode":"managed","type":"aws_iam_instance_profile","name":"this","provider_name":"registry.terraform.io/hashicorp/aws","change":{"actions":["no-op"],"before":{"arn":"arn:aws:iam::447552758530:instance-profile/sophos-xg_firewall-EC2IAMProfile","create_date":"2022-09-09T16:59:56Z","id":"sophos-xg_firewall-EC2IAMProfile","name":"sophos-xg_firewall-EC2IAMProfile","name_prefix":null,"path":"/","role":"xg_firewall-EC2IAMRole","tags":{},"tags_all":{},"unique_id":"AIPAWQNBZEMBBEGQC3ARG"},"after":{"arn":"arn:aws:iam::447552758530:instance-profile/sophos-xg_firewall-EC2IAMProfile","create_date":"2022-09-09T16:59:56Z","id":"sophos-xg_firewall-EC2IAMProfile","name":"sophos-xg_firewall-EC2IAMProfile","name_prefix":null,"path":"/","role":"xg_firewall-EC2IAMRole","tags":{},"tags_all":{},"unique_id":"AIPAWQNBZEMBBEGQC3ARG"},"after_unknown":{},"before_sensitive":{"tags":{},"tags_all":{}},"after_sensitive":{"tags":{},"tags_all":{}}}},{"address":"module.example-basic.aws_iam_role.this","module_address":"module.example-basic","mode":"managed","type":"aws_iam_role","name":"this","provider_name":"registry.terraform.io/hashicorp/aws","change":{"actions":["no-op"],"before":{"arn":"arn:aws:iam::447552758530:role/xg_firewall-EC2IAMRole","assume_role_policy":"{\"Statement\":[{\"Action\":\"sts:AssumeRole\",\"Effect\":\"Allow\",\"Principal\":{\"Service\":\"ec2.amazonaws.com\"},\"Sid\":\"\"}],\"Version\":\"2012-10-17\"}","create_date":"2022-09-09T16:59:55Z","description":"","force_detach_policies":false,"id":"xg_firewall-EC2IAMRole","inline_policy":[{"name":"EC2IAMPolicy","policy":"{\n  \"Version\": \"2012-10-17\",\n  \"Statement\": [\n    {\n      \"Sid\": \"\",\n      \"Effect\": \"Allow\",\n      \"Action\": [\n        \"secretsmanager:GetSecretValue\",\n        \"secretsmanager:DescribeSecret\"\n      ],\n      \"Resource\": [\n        \"arn:aws:secretsmanager:us-east-1:447552758530:secret:xg_firewall-xgconfig-EIhzbk\",\n        \"arn:aws:secretsmanager:us-east-1:447552758530:secret:xg_firewall-sophospass-RA3y8e\"\n      ]\n    }\n  ]\n}"},{"name":"EC2IAMPolicyForSSMK","policy":"{\n  \"Version\": \"2012-10-17\",\n  \"Statement\": [\n    {\n      \"Sid\": \"\",\n      \"Effect\": \"Allow\",\n      \"Action\": [\n        \"secretsmanager:GetSecretValue\",\n        \"secretsmanager:DescribeSecret\"\n      ],\n      \"Resource\": \"arn:aws:secretsmanager:us-east-1:447552758530:secret:xg_firewall-ssmk-QjEDi7\"\n    }\n  ]\n}"}],"managed_policy_arns":[],"max_session_duration":3600,"name":"xg_firewall-EC2IAMRole","name_prefix":"","path":"/","permissions_boundary":null,"tags":{},"tags_all":{},"unique_id":"AROAWQNBZEMBP2OJVB2GK"},"after":{"arn":"arn:aws:iam::447552758530:role/xg_firewall-EC2IAMRole","assume_role_policy":"{\"Statement\":[{\"Action\":\"sts:AssumeRole\",\"Effect\":\"Allow\",\"Principal\":{\"Service\":\"ec2.amazonaws.com\"},\"Sid\":\"\"}],\"Version\":\"2012-10-17\"}","create_date":"2022-09-09T16:59:55Z","description":"","force_detach_policies":false,"id":"xg_firewall-EC2IAMRole","inline_policy":[{"name":"EC2IAMPolicy","policy":"{\n  \"Version\": \"2012-10-17\",\n  \"Statement\": [\n    {\n      \"Sid\": \"\",\n      \"Effect\": \"Allow\",\n      \"Action\": [\n        \"secretsmanager:GetSecretValue\",\n        \"secretsmanager:DescribeSecret\"\n      ],\n      \"Resource\": [\n        \"arn:aws:secretsmanager:us-east-1:447552758530:secret:xg_firewall-xgconfig-EIhzbk\",\n        \"arn:aws:secretsmanager:us-east-1:447552758530:secret:xg_firewall-sophospass-RA3y8e\"\n      ]\n    }\n  ]\n}"},{"name":"EC2IAMPolicyForSSMK","policy":"{\n  \"Version\": \"2012-10-17\",\n  \"Statement\": [\n    {\n      \"Sid\": \"\",\n      \"Effect\": \"Allow\",\n      \"Action\": [\n        \"secretsmanager:GetSecretValue\",\n        \"secretsmanager:DescribeSecret\"\n      ],\n      \"Resource\": \"arn:aws:secretsmanager:us-east-1:447552758530:secret:xg_firewall-ssmk-QjEDi7\"\n    }\n  ]\n}"}],"managed_policy_arns":[],"max_session_duration":3600,"name":"xg_firewall-EC2IAMRole","name_prefix":"","path":"/","permissions_boundary":null,"tags":{},"tags_all":{},"unique_id":"AROAWQNBZEMBP2OJVB2GK"},"after_unknown":{},"before_sensitive":{"inline_policy":[{},{}],"managed_policy_arns":[],"tags":{},"tags_all":{}},"after_sensitive":{"inline_policy":[{},{}],"managed_policy_arns":[],"tags":{},"tags_all":{}}}},{"address":"module.example-basic.aws_instance.this","module_address":"module.example-basic","mode":"managed","type":"aws_instance","name":"this","provider_name":"registry.terraform.io/hashicorp/aws","change":{"actions":["delete","create"],"before":{"ami":"ami-024446f031786638b","arn":"arn:aws:ec2:us-east-1:447552758530:instance/i-0c52a88894fb39afd","associate_public_ip_address":true,"availability_zone":"us-east-1a","capacity_reservation_specification":[{"capacity_reservation_preference":"open","capacity_reservation_target":[]}],"cpu_core_count":1,"cpu_threads_per_core":2,"credit_specification":[{"cpu_credits":"unlimited"}],"disable_api_stop":false,"disable_api_termination":false,"ebs_block_device":[{"delete_on_termination":true,"device_name":"/dev/xvdg","encrypted":false,"iops":240,"kms_key_id":"","snapshot_id":"snap-0eeb3583be9f05a3d","tags":{},"throughput":0,"volume_id":"vol-0240d424a5bd9eeef","volume_size":80,"volume_type":"gp2"}],"ebs_optimized":false,"enclave_options":[{"enabled":false}],"ephemeral_block_device":[],"get_password_data":false,"hibernation":false,"host_id":null,"host_resource_group_arn":null,"iam_instance_profile":"sophos-xg_firewall-EC2IAMProfile","id":"i-0c52a88894fb39afd","instance_initiated_shutdown_behavior":"stop","instance_state":"running","instance_type":"t3.medium","ipv6_address_count":0,"ipv6_addresses":[],"key_name":"sophos","launch_template":[{"id":"lt-044a1e2322f48ad5d","name":"xg_firewall","version":"$Latest"}],"maintenance_options":[{"auto_recovery":"default"}],"metadata_options":[{"http_endpoint":"enabled","http_put_response_hop_limit":1,"http_tokens":"required","instance_metadata_tags":"enabled"}],"monitoring":true,"network_interface":[],"outpost_arn":"","password_data":"","placement_group":"","placement_partition_number":null,"primary_network_interface_id":"eni-089481a4f26050435","private_dns":"ip-172-16-17-72.ec2.internal","private_dns_name_options":[{"enable_resource_name_dns_a_record":false,"enable_resource_name_dns_aaaa_record":false,"hostname_type":"ip-name"}],"private_ip":"172.16.17.72","public_dns":"ec2-107-21-206-93.compute-1.amazonaws.com","public_ip":"107.21.206.93","root_block_device":[{"delete_on_termination":true,"device_name":"/dev/xvda","encrypted":false,"iops":100,"kms_key_id":"","tags":{},"throughput":0,"volume_id":"vol-0bd406473dd04ee0e","volume_size":16,"volume_type":"gp2"}],"secondary_private_ips":[],"security_groups":[],"source_dest_check":true,"subnet_id":"subnet-042a7fd32e63f28ef","tags":{"Name":"sophos-xg-firewall","namespace":"sophos"},"tags_all":{"Name":"sophos-xg-firewall","namespace":"sophos"},"tenancy":"default","timeouts":null,"user_data":"587e7b3376eee9935d8b57870af661293e8bce97","user_data_base64":null,"user_data_replace_on_change":false,"volume_tags":null,"vpc_security_group_ids":["sg-02e03f74244328f86"]},"after":{"ami":"ami-024446f031786638b","credit_specification":[],"ebs_block_device":[{"delete_on_termination":true,"device_name":"/dev/xvdg","encrypted":false,"tags":null,"volume_size":80,"volume_type":"gp2"}],"ebs_optimized":false,"get_password_data":false,"hibernation":null,"iam_instance_profile":"sophos-xg_firewall-EC2IAMProfile","launch_template":[{"id":"lt-044a1e2322f48ad5d","version":"$Latest"}],"metadata_options":[{"http_endpoint":"enabled","http_put_response_hop_limit":1,"http_tokens":"required","instance_metadata_tags":"enabled"}],"monitoring":true,"root_block_device":[{"delete_on_termination":true,"encrypted":false,"tags":null,"volume_size":16,"volume_type":"gp2"}],"source_dest_check":true,"tags":{"Name":"sophos-xg-firewall","namespace":"sophos"},"tags_all":{"Name":"sophos-xg-firewall","namespace":"sophos"},"timeouts":null,"user_data_replace_on_change":false,"volume_tags":null},"after_unknown":{"arn":true,"associate_public_ip_address":true,"availability_zone":true,"capacity_reservation_specification":true,"cpu_core_count":true,"cpu_threads_per_core":true,"credit_specification":[],"disable_api_stop":true,"disable_api_termination":true,"ebs_block_device":[{"iops":true,"kms_key_id":true,"snapshot_id":true,"throughput":true,"volume_id":true}],"enclave_options":true,"ephemeral_block_device":true,"host_id":true,"host_resource_group_arn":true,"id":true,"instance_initiated_shutdown_behavior":true,"instance_state":true,"instance_type":true,"ipv6_address_count":true,"ipv6_addresses":true,"key_name":true,"launch_template":[{"name":true}],"maintenance_options":true,"metadata_options":[{}],"network_interface":true,"outpost_arn":true,"password_data":true,"placement_group":true,"placement_partition_number":true,"primary_network_interface_id":true,"private_dns":true,"private_dns_name_options":true,"private_ip":true,"public_dns":true,"public_ip":true,"root_block_device":[{"device_name":true,"iops":true,"kms_key_id":true,"throughput":true,"volume_id":true}],"secondary_private_ips":true,"security_groups":true,"subnet_id":true,"tags":{},"tags_all":{},"tenancy":true,"user_data":true,"user_data_base64":true,"vpc_security_group_ids":true},"before_sensitive":{"capacity_reservation_specification":[{"capacity_reservation_target":[]}],"credit_specification":[{}],"ebs_block_device":[{"tags":{}}],"enclave_options":[{}],"ephemeral_block_device":[],"ipv6_addresses":[],"launch_template":[{}],"maintenance_options":[{}],"metadata_options":[{}],"network_interface":[],"private_dns_name_options":[{}],"root_block_device":[{"tags":{}}],"secondary_private_ips":[],"security_groups":[],"tags":{},"tags_all":{},"vpc_security_group_ids":[false]},"after_sensitive":{"capacity_reservation_specification":[],"credit_specification":[],"ebs_block_device":[{}],"enclave_options":[],"ephemeral_block_device":[],"ipv6_addresses":[],"launch_template":[{}],"maintenance_options":[],"metadata_options":[{}],"network_interface":[],"private_dns_name_options":[],"root_block_device":[{}],"secondary_private_ips":[],"security_groups":[],"tags":{},"tags_all":{},"vpc_security_group_ids":[]},"replace_paths":[["ebs_block_device"]]},"action_reason":"replace_because_cannot_update"},{"address":"module.example-basic.aws_internet_gateway.this[0]","module_address":"module.example-basic","mode":"managed","type":"aws_internet_gateway","name":"this","index":0,"provider_name":"registry.terraform.io/hashicorp/aws","change":{"actions":["no-op"],"before":{"arn":"arn:aws:ec2:us-east-1:447552758530:internet-gateway/igw-0d3b94c90088c51d8","id":"igw-0d3b94c90088c51d8","owner_id":"447552758530","tags":{"Name":"igw-sophos-xg_firewall-sophos"},"tags_all":{"Name":"igw-sophos-xg_firewall-sophos"},"timeouts":null,"vpc_id":"vpc-05cf224ee8482bc36"},"after":{"arn":"arn:aws:ec2:us-east-1:447552758530:internet-gateway/igw-0d3b94c90088c51d8","id":"igw-0d3b94c90088c51d8","owner_id":"447552758530","tags":{"Name":"igw-sophos-xg_firewall-sophos"},"tags_all":{"Name":"igw-sophos-xg_firewall-sophos"},"timeouts":null,"vpc_id":"vpc-05cf224ee8482bc36"},"after_unknown":{},"before_sensitive":{"tags":{},"tags_all":{}},"after_sensitive":{"tags":{},"tags_all":{}}}},{"address":"module.example-basic.aws_launch_template.this","module_address":"module.example-basic","mode":"managed","type":"aws_launch_template","name":"this","provider_name":"registry.terraform.io/hashicorp/aws","change":{"actions":["no-op"],"before":{"arn":"arn:aws:ec2:us-east-1:447552758530:launch-template/lt-044a1e2322f48ad5d","block_device_mappings":[],"capacity_reservation_specification":[],"cpu_options":[],"credit_specification":[],"default_version":1,"description":"","disable_api_stop":false,"disable_api_termination":false,"ebs_optimized":"","elastic_gpu_specifications":[],"elastic_inference_accelerator":[],"enclave_options":[],"hibernation_options":[],"iam_instance_profile":[{"arn":"","name":"xg_firewall-EC2IAMRole"}],"id":"lt-044a1e2322f48ad5d","image_id":"ami-024446f031786638b","instance_initiated_shutdown_behavior":"","instance_market_options":[],"instance_requirements":[],"instance_type":"t3.medium","kernel_id":"","key_name":"sophos","latest_version":1,"license_specification":[],"maintenance_options":[],"metadata_options":[{"http_endpoint":"enabled","http_protocol_ipv6":"disabled","http_put_response_hop_limit":1,"http_tokens":"required","instance_metadata_tags":"enabled"}],"monitoring":[],"name":"xg_firewall","name_prefix":"","network_interfaces":[{"associate_carrier_ip_address":"","associate_public_ip_address":"","delete_on_termination":"","description":"","device_index":0,"interface_type":"","ipv4_address_count":0,"ipv4_addresses":[],"ipv4_prefix_count":0,"ipv4_prefixes":[],"ipv6_address_count":0,"ipv6_addresses":[],"ipv6_prefix_count":0,"ipv6_prefixes":[],"network_card_index":0,"network_interface_id":"eni-089481a4f26050435","private_ip_address":"","security_groups":[],"subnet_id":""},{"associate_carrier_ip_address":"","associate_public_ip_address":"","delete_on_termination":"","description":"","device_index":0,"interface_type":"","ipv4_address_count":0,"ipv4_addresses":[],"ipv4_prefix_count":0,"ipv4_prefixes":[],"ipv6_address_count":0,"ipv6_addresses":[],"ipv6_prefix_count":0,"ipv6_prefixes":[],"network_card_index":0,"network_interface_id":"eni-0679ea212afaf6533","private_ip_address":"","security_groups":[],"subnet_id":""}],"placement":[],"private_dns_name_options":[],"ram_disk_id":"","security_group_names":[],"tag_specifications":[],"tags":{},"tags_all":{},"update_default_version":null,"user_data":"ewogICJjZW50cmFsdXNlcm5hbWUiOiAicmFscGguYnJ5bmFyZC5kZW1vZGV2QHNvcGhvcy5jb20iLAogICJjZW50cmFsc2VjcmV0SWQiOiAiRnpvTXZeQUJ6QGYyeDZIRTFIJjNXMjdUMSpQbHdmIiwKICAic3Nta1NlY3JldElkIjogImdoVjI5aiMmR3VaJGs2N1pQeGtXbkkyNVheY0gqMyIsCiAgImhvc3RuYW1lIjogInNvcGhvcy14Zy1maXJld2FsbCIsCiAgInNlbmRzdGF0cyI6ICJ0cnVlIiwKICAicmVnaW9uIjogInVzLWVhc3QtMSIsCiAgInNlY3JldElkIjogImdoVjI5aiMmR3VaJGs2N1pQeGtXbkkyNVheY0gqMyIsCiAgImNvbmZpZ1NlY3JldElkIjogImdoVjI5aiMmR3VaJGs2N1pQeGtXbkkyNVheY0gqMyIKfQoKCg==","vpc_security_group_ids":[]},"after":{"arn":"arn:aws:ec2:us-east-1:447552758530:launch-template/lt-044a1e2322f48ad5d","block_device_mappings":[],"capacity_reservation_specification":[],"cpu_options":[],"credit_specification":[],"default_version":1,"description":"","disable_api_stop":false,"disable_api_termination":false,"ebs_optimized":"","elastic_gpu_specifications":[],"elastic_inference_accelerator":[],"enclave_options":[],"hibernation_options":[],"iam_instance_profile":[{"arn":"","name":"xg_firewall-EC2IAMRole"}],"id":"lt-044a1e2322f48ad5d","image_id":"ami-024446f031786638b","instance_initiated_shutdown_behavior":"","instance_market_options":[],"instance_requirements":[],"instance_type":"t3.medium","kernel_id":"","key_name":"sophos","latest_version":1,"license_specification":[],"maintenance_options":[],"metadata_options":[{"http_endpoint":"enabled","http_protocol_ipv6":"disabled","http_put_response_hop_limit":1,"http_tokens":"required","instance_metadata_tags":"enabled"}],"monitoring":[],"name":"xg_firewall","name_prefix":"","network_interfaces":[{"associate_carrier_ip_address":"","associate_public_ip_address":"","delete_on_termination":"","description":"","device_index":0,"interface_type":"","ipv4_address_count":0,"ipv4_addresses":[],"ipv4_prefix_count":0,"ipv4_prefixes":[],"ipv6_address_count":0,"ipv6_addresses":[],"ipv6_prefix_count":0,"ipv6_prefixes":[],"network_card_index":0,"network_interface_id":"eni-089481a4f26050435","private_ip_address":"","security_groups":[],"subnet_id":""},{"associate_carrier_ip_address":"","associate_public_ip_address":"","delete_on_termination":"","description":"","device_index":0,"interface_type":"","ipv4_address_count":0,"ipv4_addresses":[],"ipv4_prefix_count":0,"ipv4_prefixes":[],"ipv6_address_count":0,"ipv6_addresses":[],"ipv6_prefix_count":0,"ipv6_prefixes":[],"network_card_index":0,"network_interface_id":"eni-0679ea212afaf6533","private_ip_address":"","security_groups":[],"subnet_id":""}],"placement":[],"private_dns_name_options":[],"ram_disk_id":"","security_group_names":[],"tag_specifications":[],"tags":{},"tags_all":{},"update_default_version":null,"user_data":"ewogICJjZW50cmFsdXNlcm5hbWUiOiAicmFscGguYnJ5bmFyZC5kZW1vZGV2QHNvcGhvcy5jb20iLAogICJjZW50cmFsc2VjcmV0SWQiOiAiRnpvTXZeQUJ6QGYyeDZIRTFIJjNXMjdUMSpQbHdmIiwKICAic3Nta1NlY3JldElkIjogImdoVjI5aiMmR3VaJGs2N1pQeGtXbkkyNVheY0gqMyIsCiAgImhvc3RuYW1lIjogInNvcGhvcy14Zy1maXJld2FsbCIsCiAgInNlbmRzdGF0cyI6ICJ0cnVlIiwKICAicmVnaW9uIjogInVzLWVhc3QtMSIsCiAgInNlY3JldElkIjogImdoVjI5aiMmR3VaJGs2N1pQeGtXbkkyNVheY0gqMyIsCiAgImNvbmZpZ1NlY3JldElkIjogImdoVjI5aiMmR3VaJGs2N1pQeGtXbkkyNVheY0gqMyIKfQoKCg==","vpc_security_group_ids":[]},"after_unknown":{},"before_sensitive":{"block_device_mappings":[],"capacity_reservation_specification":[],"cpu_options":[],"credit_specification":[],"elastic_gpu_specifications":[],"elastic_inference_accelerator":[],"enclave_options":[],"hibernation_options":[],"iam_instance_profile":[{}],"instance_market_options":[],"instance_requirements":[],"license_specification":[],"maintenance_options":[],"metadata_options":[{}],"monitoring":[],"network_interfaces":[{"ipv4_addresses":[],"ipv4_prefixes":[],"ipv6_addresses":[],"ipv6_prefixes":[],"security_groups":[]},{"ipv4_addresses":[],"ipv4_prefixes":[],"ipv6_addresses":[],"ipv6_prefixes":[],"security_groups":[]}],"placement":[],"private_dns_name_options":[],"security_group_names":[],"tag_specifications":[],"tags":{},"tags_all":{},"vpc_security_group_ids":[]},"after_sensitive":{"block_device_mappings":[],"capacity_reservation_specification":[],"cpu_options":[],"credit_specification":[],"elastic_gpu_specifications":[],"elastic_inference_accelerator":[],"enclave_options":[],"hibernation_options":[],"iam_instance_profile":[{}],"instance_market_options":[],"instance_requirements":[],"license_specification":[],"maintenance_options":[],"metadata_options":[{}],"monitoring":[],"network_interfaces":[{"ipv4_addresses":[],"ipv4_prefixes":[],"ipv6_addresses":[],"ipv6_prefixes":[],"security_groups":[]},{"ipv4_addresses":[],"ipv4_prefixes":[],"ipv6_addresses":[],"ipv6_prefixes":[],"security_groups":[]}],"placement":[],"private_dns_name_options":[],"security_group_names":[],"tag_specifications":[],"tags":{},"tags_all":{},"vpc_security_group_ids":[]}}},{"address":"module.example-basic.aws_network_interface.private","module_address":"module.example-basic","mode":"managed","type":"aws_network_interface","name":"private","provider_name":"registry.terraform.io/hashicorp/aws","change":{"actions":["no-op"],"before":{"arn":"arn:aws:ec2:us-east-1:447552758530:network-interface/eni-0679ea212afaf6533","attachment":[],"description":"ENI for Private Subnet","id":"eni-0679ea212afaf6533","interface_type":"interface","ipv4_prefix_count":0,"ipv4_prefixes":[],"ipv6_address_count":0,"ipv6_address_list":[],"ipv6_address_list_enabled":false,"ipv6_addresses":[],"ipv6_prefix_count":0,"ipv6_prefixes":[],"mac_address":"12:96:fc:80:f7:e3","outpost_arn":"","owner_id":"447552758530","private_dns_name":"ip-172-16-16-54.ec2.internal","private_ip":"172.16.16.54","private_ip_list":["172.16.16.54"],"private_ip_list_enabled":false,"private_ips":["172.16.16.54"],"private_ips_count":0,"security_groups":["sg-02e03f74244328f86"],"source_dest_check":false,"subnet_id":"subnet-0f5d45044cf08a752","tags":{"Name":"privateENI-sophos-xg_firewall"},"tags_all":{"Name":"privateENI-sophos-xg_firewall"}},"after":{"arn":"arn:aws:ec2:us-east-1:447552758530:network-interface/eni-0679ea212afaf6533","attachment":[],"description":"ENI for Private Subnet","id":"eni-0679ea212afaf6533","interface_type":"interface","ipv4_prefix_count":0,"ipv4_prefixes":[],"ipv6_address_count":0,"ipv6_address_list":[],"ipv6_address_list_enabled":false,"ipv6_addresses":[],"ipv6_prefix_count":0,"ipv6_prefixes":[],"mac_address":"12:96:fc:80:f7:e3","outpost_arn":"","owner_id":"447552758530","private_dns_name":"ip-172-16-16-54.ec2.internal","private_ip":"172.16.16.54","private_ip_list":["172.16.16.54"],"private_ip_list_enabled":false,"private_ips":["172.16.16.54"],"private_ips_count":0,"security_groups":["sg-02e03f74244328f86"],"source_dest_check":false,"subnet_id":"subnet-0f5d45044cf08a752","tags":{"Name":"privateENI-sophos-xg_firewall"},"tags_all":{"Name":"privateENI-sophos-xg_firewall"}},"after_unknown":{},"before_sensitive":{"attachment":[],"ipv4_prefixes":[],"ipv6_address_list":[],"ipv6_addresses":[],"ipv6_prefixes":[],"private_ip_list":[false],"private_ips":[false],"security_groups":[false],"tags":{},"tags_all":{}},"after_sensitive":{"attachment":[],"ipv4_prefixes":[],"ipv6_address_list":[],"ipv6_addresses":[],"ipv6_prefixes":[],"private_ip_list":[false],"private_ips":[false],"security_groups":[false],"tags":{},"tags_all":{}}}},{"address":"module.example-basic.aws_network_interface.public","module_address":"module.example-basic","mode":"managed","type":"aws_network_interface","name":"public","provider_name":"registry.terraform.io/hashicorp/aws","change":{"actions":["no-op"],"before":{"arn":"arn:aws:ec2:us-east-1:447552758530:network-interface/eni-089481a4f26050435","attachment":[{"attachment_id":"eni-attach-0ea5f59d7e4b9eca7","device_index":0,"instance":"i-0c52a88894fb39afd"}],"description":"ENI for Public Subnet","id":"eni-089481a4f26050435","interface_type":"interface","ipv4_prefix_count":0,"ipv4_prefixes":[],"ipv6_address_count":0,"ipv6_address_list":[],"ipv6_address_list_enabled":false,"ipv6_addresses":[],"ipv6_prefix_count":0,"ipv6_prefixes":[],"mac_address":"12:26:1e:cc:8e:db","outpost_arn":"","owner_id":"447552758530","private_dns_name":"ip-172-16-17-72.ec2.internal","private_ip":"172.16.17.72","private_ip_list":["172.16.17.72"],"private_ip_list_enabled":false,"private_ips":["172.16.17.72"],"private_ips_count":0,"security_groups":["sg-02e03f74244328f86"],"source_dest_check":true,"subnet_id":"subnet-042a7fd32e63f28ef","tags":{"Name":"publicENI-sophos-xg_firewall"},"tags_all":{"Name":"publicENI-sophos-xg_firewall"}},"after":{"arn":"arn:aws:ec2:us-east-1:447552758530:network-interface/eni-089481a4f26050435","attachment":[{"attachment_id":"eni-attach-0ea5f59d7e4b9eca7","device_index":0,"instance":"i-0c52a88894fb39afd"}],"description":"ENI for Public Subnet","id":"eni-089481a4f26050435","interface_type":"interface","ipv4_prefix_count":0,"ipv4_prefixes":[],"ipv6_address_count":0,"ipv6_address_list":[],"ipv6_address_list_enabled":false,"ipv6_addresses":[],"ipv6_prefix_count":0,"ipv6_prefixes":[],"mac_address":"12:26:1e:cc:8e:db","outpost_arn":"","owner_id":"447552758530","private_dns_name":"ip-172-16-17-72.ec2.internal","private_ip":"172.16.17.72","private_ip_list":["172.16.17.72"],"private_ip_list_enabled":false,"private_ips":["172.16.17.72"],"private_ips_count":0,"security_groups":["sg-02e03f74244328f86"],"source_dest_check":true,"subnet_id":"subnet-042a7fd32e63f28ef","tags":{"Name":"publicENI-sophos-xg_firewall"},"tags_all":{"Name":"publicENI-sophos-xg_firewall"}},"after_unknown":{},"before_sensitive":{"attachment":[{}],"ipv4_prefixes":[],"ipv6_address_list":[],"ipv6_addresses":[],"ipv6_prefixes":[],"private_ip_list":[false],"private_ips":[false],"security_groups":[false],"tags":{},"tags_all":{}},"after_sensitive":{"attachment":[{}],"ipv4_prefixes":[],"ipv6_address_list":[],"ipv6_addresses":[],"ipv6_prefixes":[],"private_ip_list":[false],"private_ips":[false],"security_groups":[false],"tags":{},"tags_all":{}}}},{"address":"module.example-basic.aws_network_interface_attachment.private","module_address":"module.example-basic","mode":"managed","type":"aws_network_interface_attachment","name":"private","provider_name":"registry.terraform.io/hashicorp/aws","change":{"actions":["create"],"before":null,"after":{"device_index":0,"network_interface_id":"eni-0679ea212afaf6533"},"after_unknown":{"attachment_id":true,"id":true,"instance_id":true,"status":true},"before_sensitive":false,"after_sensitive":{}}},{"address":"module.example-basic.aws_network_interface_attachment.public","module_address":"module.example-basic","mode":"managed","type":"aws_network_interface_attachment","name":"public","provider_name":"registry.terraform.io/hashicorp/aws","change":{"actions":["create"],"before":null,"after":{"device_index":1,"network_interface_id":"eni-089481a4f26050435"},"after_unknown":{"attachment_id":true,"id":true,"instance_id":true,"status":true},"before_sensitive":false,"after_sensitive":{}}},{"address":"module.example-basic.aws_route.public_internet_gateway","module_address":"module.example-basic","mode":"managed","type":"aws_route","name":"public_internet_gateway","provider_name":"registry.terraform.io/hashicorp/aws","change":{"actions":["no-op"],"before":{"carrier_gateway_id":"","core_network_arn":"","destination_cidr_block":"0.0.0.0/0","destination_ipv6_cidr_block":"","destination_prefix_list_id":"","egress_only_gateway_id":"","gateway_id":"igw-0d3b94c90088c51d8","id":"r-rtb-00ec3deb177226f301080289494","instance_id":"","instance_owner_id":"","local_gateway_id":"","nat_gateway_id":"","network_interface_id":"","origin":"CreateRoute","route_table_id":"rtb-00ec3deb177226f30","state":"active","timeouts":{"create":"5m","delete":null,"update":null},"transit_gateway_id":"","vpc_endpoint_id":"","vpc_peering_connection_id":""},"after":{"carrier_gateway_id":"","core_network_arn":"","destination_cidr_block":"0.0.0.0/0","destination_ipv6_cidr_block":"","destination_prefix_list_id":"","egress_only_gateway_id":"","gateway_id":"igw-0d3b94c90088c51d8","id":"r-rtb-00ec3deb177226f301080289494","instance_id":"","instance_owner_id":"","local_gateway_id":"","nat_gateway_id":"","network_interface_id":"","origin":"CreateRoute","route_table_id":"rtb-00ec3deb177226f30","state":"active","timeouts":{"create":"5m","delete":null,"update":null},"transit_gateway_id":"","vpc_endpoint_id":"","vpc_peering_connection_id":""},"after_unknown":{},"before_sensitive":{"timeouts":{}},"after_sensitive":{"timeouts":{}}}},{"address":"module.example-basic.aws_route_table.private[0]","module_address":"module.example-basic","mode":"managed","type":"aws_route_table","name":"private","index":0,"provider_name":"registry.terraform.io/hashicorp/aws","change":{"actions":["no-op"],"before":{"arn":"arn:aws:ec2:us-east-1:447552758530:route-table/rtb-0281508f412733a55","id":"rtb-0281508f412733a55","owner_id":"447552758530","propagating_vgws":[],"route":[],"tags":{"Name":"rtb-xg_firewall-private"},"tags_all":{"Name":"rtb-xg_firewall-private"},"timeouts":null,"vpc_id":"vpc-05cf224ee8482bc36"},"after":{"arn":"arn:aws:ec2:us-east-1:447552758530:route-table/rtb-0281508f412733a55","id":"rtb-0281508f412733a55","owner_id":"447552758530","propagating_vgws":[],"route":[],"tags":{"Name":"rtb-xg_firewall-private"},"tags_all":{"Name":"rtb-xg_firewall-private"},"timeouts":null,"vpc_id":"vpc-05cf224ee8482bc36"},"after_unknown":{},"before_sensitive":{"propagating_vgws":[],"route":[],"tags":{},"tags_all":{}},"after_sensitive":{"propagating_vgws":[],"route":[],"tags":{},"tags_all":{}}}},{"address":"module.example-basic.aws_route_table.public[0]","module_address":"module.example-basic","mode":"managed","type":"aws_route_table","name":"public","index":0,"provider_name":"registry.terraform.io/hashicorp/aws","change":{"actions":["no-op"],"before":{"arn":"arn:aws:ec2:us-east-1:447552758530:route-table/rtb-00ec3deb177226f30","id":"rtb-00ec3deb177226f30","owner_id":"447552758530","propagating_vgws":[],"route":[{"carrier_gateway_id":"","cidr_block":"0.0.0.0/0","core_network_arn":"","destination_prefix_list_id":"","egress_only_gateway_id":"","gateway_id":"igw-0d3b94c90088c51d8","instance_id":"","ipv6_cidr_block":"","local_gateway_id":"","nat_gateway_id":"","network_interface_id":"","transit_gateway_id":"","vpc_endpoint_id":"","vpc_peering_connection_id":""}],"tags":{"Name":"rtb-xg_firewall-public"},"tags_all":{"Name":"rtb-xg_firewall-public"},"timeouts":null,"vpc_id":"vpc-05cf224ee8482bc36"},"after":{"arn":"arn:aws:ec2:us-east-1:447552758530:route-table/rtb-00ec3deb177226f30","id":"rtb-00ec3deb177226f30","owner_id":"447552758530","propagating_vgws":[],"route":[{"carrier_gateway_id":"","cidr_block":"0.0.0.0/0","core_network_arn":"","destination_prefix_list_id":"","egress_only_gateway_id":"","gateway_id":"igw-0d3b94c90088c51d8","instance_id":"","ipv6_cidr_block":"","local_gateway_id":"","nat_gateway_id":"","network_interface_id":"","transit_gateway_id":"","vpc_endpoint_id":"","vpc_peering_connection_id":""}],"tags":{"Name":"rtb-xg_firewall-public"},"tags_all":{"Name":"rtb-xg_firewall-public"},"timeouts":null,"vpc_id":"vpc-05cf224ee8482bc36"},"after_unknown":{},"before_sensitive":{"propagating_vgws":[],"route":[{}],"tags":{},"tags_all":{}},"after_sensitive":{"propagating_vgws":[],"route":[{}],"tags":{},"tags_all":{}}}},{"address":"module.example-basic.aws_route_table_association.private[0]","module_address":"module.example-basic","mode":"managed","type":"aws_route_table_association","name":"private","index":0,"provider_name":"registry.terraform.io/hashicorp/aws","change":{"actions":["no-op"],"before":{"gateway_id":"","id":"rtbassoc-0a971f225cae1cd96","route_table_id":"rtb-0281508f412733a55","subnet_id":"subnet-0f5d45044cf08a752"},"after":{"gateway_id":"","id":"rtbassoc-0a971f225cae1cd96","route_table_id":"rtb-0281508f412733a55","subnet_id":"subnet-0f5d45044cf08a752"},"after_unknown":{},"before_sensitive":{},"after_sensitive":{}}},{"address":"module.example-basic.aws_route_table_association.public[0]","module_address":"module.example-basic","mode":"managed","type":"aws_route_table_association","name":"public","index":0,"provider_name":"registry.terraform.io/hashicorp/aws","change":{"actions":["no-op"],"before":{"gateway_id":"","id":"rtbassoc-0a54564227d3d27b2","route_table_id":"rtb-00ec3deb177226f30","subnet_id":"subnet-042a7fd32e63f28ef"},"after":{"gateway_id":"","id":"rtbassoc-0a54564227d3d27b2","route_table_id":"rtb-00ec3deb177226f30","subnet_id":"subnet-042a7fd32e63f28ef"},"after_unknown":{},"before_sensitive":{},"after_sensitive":{}}},{"address":"module.example-basic.aws_secretsmanager_secret.sophospass","module_address":"module.example-basic","mode":"managed","type":"aws_secretsmanager_secret","name":"sophospass","provider_name":"registry.terraform.io/hashicorp/aws","change":{"actions":["no-op"],"before":{"arn":"arn:aws:secretsmanager:us-east-1:447552758530:secret:xg_firewall-sophospass-RA3y8e","description":"","force_overwrite_replica_secret":false,"id":"arn:aws:secretsmanager:us-east-1:447552758530:secret:xg_firewall-sophospass-RA3y8e","kms_key_id":"","name":"xg_firewall-sophospass","name_prefix":"","policy":"","recovery_window_in_days":0,"replica":[],"rotation_enabled":false,"rotation_lambda_arn":"","rotation_rules":[],"tags":{},"tags_all":{}},"after":{"arn":"arn:aws:secretsmanager:us-east-1:447552758530:secret:xg_firewall-sophospass-RA3y8e","description":"","force_overwrite_replica_secret":false,"id":"arn:aws:secretsmanager:us-east-1:447552758530:secret:xg_firewall-sophospass-RA3y8e","kms_key_id":"","name":"xg_firewall-sophospass","name_prefix":"","policy":"","recovery_window_in_days":0,"replica":[],"rotation_enabled":false,"rotation_lambda_arn":"","rotation_rules":[],"tags":{},"tags_all":{}},"after_unknown":{},"before_sensitive":{"replica":[],"rotation_rules":[],"tags":{},"tags_all":{}},"after_sensitive":{"replica":[],"rotation_rules":[],"tags":{},"tags_all":{}}}},{"address":"module.example-basic.aws_secretsmanager_secret.ssmk","module_address":"module.example-basic","mode":"managed","type":"aws_secretsmanager_secret","name":"ssmk","provider_name":"registry.terraform.io/hashicorp/aws","change":{"actions":["no-op"],"before":{"arn":"arn:aws:secretsmanager:us-east-1:447552758530:secret:xg_firewall-ssmk-QjEDi7","description":"","force_overwrite_replica_secret":false,"id":"arn:aws:secretsmanager:us-east-1:447552758530:secret:xg_firewall-ssmk-QjEDi7","kms_key_id":"","name":"xg_firewall-ssmk","name_prefix":"","policy":"","recovery_window_in_days":0,"replica":[],"rotation_enabled":false,"rotation_lambda_arn":"","rotation_rules":[],"tags":{},"tags_all":{}},"after":{"arn":"arn:aws:secretsmanager:us-east-1:447552758530:secret:xg_firewall-ssmk-QjEDi7","description":"","force_overwrite_replica_secret":false,"id":"arn:aws:secretsmanager:us-east-1:447552758530:secret:xg_firewall-ssmk-QjEDi7","kms_key_id":"","name":"xg_firewall-ssmk","name_prefix":"","policy":"","recovery_window_in_days":0,"replica":[],"rotation_enabled":false,"rotation_lambda_arn":"","rotation_rules":[],"tags":{},"tags_all":{}},"after_unknown":{},"before_sensitive":{"replica":[],"rotation_rules":[],"tags":{},"tags_all":{}},"after_sensitive":{"replica":[],"rotation_rules":[],"tags":{},"tags_all":{}}}},{"address":"module.example-basic.aws_secretsmanager_secret.xgconfig","module_address":"module.example-basic","mode":"managed","type":"aws_secretsmanager_secret","name":"xgconfig","provider_name":"registry.terraform.io/hashicorp/aws","change":{"actions":["no-op"],"before":{"arn":"arn:aws:secretsmanager:us-east-1:447552758530:secret:xg_firewall-xgconfig-EIhzbk","description":"","force_overwrite_replica_secret":false,"id":"arn:aws:secretsmanager:us-east-1:447552758530:secret:xg_firewall-xgconfig-EIhzbk","kms_key_id":"","name":"xg_firewall-xgconfig","name_prefix":"","policy":"","recovery_window_in_days":0,"replica":[],"rotation_enabled":false,"rotation_lambda_arn":"","rotation_rules":[],"tags":{},"tags_all":{}},"after":{"arn":"arn:aws:secretsmanager:us-east-1:447552758530:secret:xg_firewall-xgconfig-EIhzbk","description":"","force_overwrite_replica_secret":false,"id":"arn:aws:secretsmanager:us-east-1:447552758530:secret:xg_firewall-xgconfig-EIhzbk","kms_key_id":"","name":"xg_firewall-xgconfig","name_prefix":"","policy":"","recovery_window_in_days":0,"replica":[],"rotation_enabled":false,"rotation_lambda_arn":"","rotation_rules":[],"tags":{},"tags_all":{}},"after_unknown":{},"before_sensitive":{"replica":[],"rotation_rules":[],"tags":{},"tags_all":{}},"after_sensitive":{"replica":[],"rotation_rules":[],"tags":{},"tags_all":{}}}},{"address":"module.example-basic.aws_secretsmanager_secret_version.ssmk","module_address":"module.example-basic","mode":"managed","type":"aws_secretsmanager_secret_version","name":"ssmk","provider_name":"registry.terraform.io/hashicorp/aws","change":{"actions":["no-op"],"before":{"arn":"arn:aws:secretsmanager:us-east-1:447552758530:secret:xg_firewall-ssmk-QjEDi7","id":"arn:aws:secretsmanager:us-east-1:447552758530:secret:xg_firewall-ssmk-QjEDi7|19B75393-B71C-402A-A608-533D5478003B","secret_binary":"","secret_id":"arn:aws:secretsmanager:us-east-1:447552758530:secret:xg_firewall-ssmk-QjEDi7","secret_string":"ghV29j#\u0026GuZ$k67ZPxkWnI25X^cH*3","version_id":"19B75393-B71C-402A-A608-533D5478003B","version_stages":["AWSCURRENT"]},"after":{"arn":"arn:aws:secretsmanager:us-east-1:447552758530:secret:xg_firewall-ssmk-QjEDi7","id":"arn:aws:secretsmanager:us-east-1:447552758530:secret:xg_firewall-ssmk-QjEDi7|19B75393-B71C-402A-A608-533D5478003B","secret_binary":"","secret_id":"arn:aws:secretsmanager:us-east-1:447552758530:secret:xg_firewall-ssmk-QjEDi7","secret_string":"ghV29j#\u0026GuZ$k67ZPxkWnI25X^cH*3","version_id":"19B75393-B71C-402A-A608-533D5478003B","version_stages":["AWSCURRENT"]},"after_unknown":{},"before_sensitive":{"secret_binary":true,"secret_string":true,"version_stages":[false]},"after_sensitive":{"secret_binary":true,"secret_string":true,"version_stages":[false]}}},{"address":"module.example-basic.aws_secretsmanager_secret_version.xgconfig","module_address":"module.example-basic","mode":"managed","type":"aws_secretsmanager_secret_version","name":"xgconfig","provider_name":"registry.terraform.io/hashicorp/aws","change":{"actions":["no-op"],"before":{"arn":"arn:aws:secretsmanager:us-east-1:447552758530:secret:xg_firewall-xgconfig-EIhzbk","id":"arn:aws:secretsmanager:us-east-1:447552758530:secret:xg_firewall-xgconfig-EIhzbk|9EFA3278-BDDC-42F7-B173-C908A6111D75","secret_binary":"","secret_id":"arn:aws:secretsmanager:us-east-1:447552758530:secret:xg_firewall-xgconfig-EIhzbk","secret_string":"ghV29j#\u0026GuZ$k67ZPxkWnI25X^cH*3","version_id":"9EFA3278-BDDC-42F7-B173-C908A6111D75","version_stages":["AWSCURRENT"]},"after":{"arn":"arn:aws:secretsmanager:us-east-1:447552758530:secret:xg_firewall-xgconfig-EIhzbk","id":"arn:aws:secretsmanager:us-east-1:447552758530:secret:xg_firewall-xgconfig-EIhzbk|9EFA3278-BDDC-42F7-B173-C908A6111D75","secret_binary":"","secret_id":"arn:aws:secretsmanager:us-east-1:447552758530:secret:xg_firewall-xgconfig-EIhzbk","secret_string":"ghV29j#\u0026GuZ$k67ZPxkWnI25X^cH*3","version_id":"9EFA3278-BDDC-42F7-B173-C908A6111D75","version_stages":["AWSCURRENT"]},"after_unknown":{},"before_sensitive":{"secret_binary":true,"secret_string":true,"version_stages":[false]},"after_sensitive":{"secret_binary":true,"secret_string":true,"version_stages":[false]}}},{"address":"module.example-basic.aws_security_group.lan[0]","module_address":"module.example-basic","mode":"managed","type":"aws_security_group","name":"lan","index":0,"provider_name":"registry.terraform.io/hashicorp/aws","change":{"actions":["no-op"],"before":{"arn":"arn:aws:ec2:us-east-1:447552758530:security-group/sg-0cc30b9927de00b91","description":"Security Group for private subnet. Allow everything by default","egress":[{"cidr_blocks":["0.0.0.0/0"],"description":"","from_port":0,"ipv6_cidr_blocks":[],"prefix_list_ids":[],"protocol":"-1","security_groups":[],"self":false,"to_port":0}],"id":"sg-0cc30b9927de00b91","ingress":[{"cidr_blocks":["0.0.0.0/0"],"description":"","from_port":0,"ipv6_cidr_blocks":[],"prefix_list_ids":[],"protocol":"-1","security_groups":[],"self":false,"to_port":0}],"name":"sophos-SecurityGroupLAN-private","name_prefix":"","owner_id":"447552758530","revoke_rules_on_delete":false,"tags":{},"tags_all":{},"timeouts":null,"vpc_id":"vpc-05cf224ee8482bc36"},"after":{"arn":"arn:aws:ec2:us-east-1:447552758530:security-group/sg-0cc30b9927de00b91","description":"Security Group for private subnet. Allow everything by default","egress":[{"cidr_blocks":["0.0.0.0/0"],"description":"","from_port":0,"ipv6_cidr_blocks":[],"prefix_list_ids":[],"protocol":"-1","security_groups":[],"self":false,"to_port":0}],"id":"sg-0cc30b9927de00b91","ingress":[{"cidr_blocks":["0.0.0.0/0"],"description":"","from_port":0,"ipv6_cidr_blocks":[],"prefix_list_ids":[],"protocol":"-1","security_groups":[],"self":false,"to_port":0}],"name":"sophos-SecurityGroupLAN-private","name_prefix":"","owner_id":"447552758530","revoke_rules_on_delete":false,"tags":{},"tags_all":{},"timeouts":null,"vpc_id":"vpc-05cf224ee8482bc36"},"after_unknown":{},"before_sensitive":{"egress":[{"cidr_blocks":[false],"ipv6_cidr_blocks":[],"prefix_list_ids":[],"security_groups":[]}],"ingress":[{"cidr_blocks":[false],"ipv6_cidr_blocks":[],"prefix_list_ids":[],"security_groups":[]}],"tags":{},"tags_all":{}},"after_sensitive":{"egress":[{"cidr_blocks":[false],"ipv6_cidr_blocks":[],"prefix_list_ids":[],"security_groups":[]}],"ingress":[{"cidr_blocks":[false],"ipv6_cidr_blocks":[],"prefix_list_ids":[],"security_groups":[]}],"tags":{},"tags_all":{}}}},{"address":"module.example-basic.aws_security_group.public[0]","module_address":"module.example-basic","mode":"managed","type":"aws_security_group","name":"public","index":0,"provider_name":"registry.terraform.io/hashicorp/aws","change":{"actions":["no-op"],"before":{"arn":"arn:aws:ec2:us-east-1:447552758530:security-group/sg-09d0eee4b98241a54","description":"Untrusted network restricted from access port 22 and 4444","egress":[{"cidr_blocks":["0.0.0.0/0"],"description":"Allow all traffic outbound","from_port":0,"ipv6_cidr_blocks":[],"prefix_list_ids":[],"protocol":"-1","security_groups":[],"self":false,"to_port":0}],"id":"sg-09d0eee4b98241a54","ingress":[{"cidr_blocks":["0.0.0.0/0"],"description":"Allow public access 0 - 21","from_port":0,"ipv6_cidr_blocks":[],"prefix_list_ids":[],"protocol":"tcp","security_groups":[],"self":false,"to_port":21},{"cidr_blocks":["0.0.0.0/0"],"description":"Allow public access 23 - 4443","from_port":23,"ipv6_cidr_blocks":[],"prefix_list_ids":[],"protocol":"tcp","security_groups":[],"self":false,"to_port":4443},{"cidr_blocks":["0.0.0.0/0"],"description":"Allow public access 4445 - 65535","from_port":4445,"ipv6_cidr_blocks":[],"prefix_list_ids":[],"protocol":"tcp","security_groups":[],"self":false,"to_port":65535}],"name":"sophos-SecurityGroupPublic-public","name_prefix":"","owner_id":"447552758530","revoke_rules_on_delete":false,"tags":{},"tags_all":{},"timeouts":null,"vpc_id":"vpc-05cf224ee8482bc36"},"after":{"arn":"arn:aws:ec2:us-east-1:447552758530:security-group/sg-09d0eee4b98241a54","description":"Untrusted network restricted from access port 22 and 4444","egress":[{"cidr_blocks":["0.0.0.0/0"],"description":"Allow all traffic outbound","from_port":0,"ipv6_cidr_blocks":[],"prefix_list_ids":[],"protocol":"-1","security_groups":[],"self":false,"to_port":0}],"id":"sg-09d0eee4b98241a54","ingress":[{"cidr_blocks":["0.0.0.0/0"],"description":"Allow public access 0 - 21","from_port":0,"ipv6_cidr_blocks":[],"prefix_list_ids":[],"protocol":"tcp","security_groups":[],"self":false,"to_port":21},{"cidr_blocks":["0.0.0.0/0"],"description":"Allow public access 23 - 4443","from_port":23,"ipv6_cidr_blocks":[],"prefix_list_ids":[],"protocol":"tcp","security_groups":[],"self":false,"to_port":4443},{"cidr_blocks":["0.0.0.0/0"],"description":"Allow public access 4445 - 65535","from_port":4445,"ipv6_cidr_blocks":[],"prefix_list_ids":[],"protocol":"tcp","security_groups":[],"self":false,"to_port":65535}],"name":"sophos-SecurityGroupPublic-public","name_prefix":"","owner_id":"447552758530","revoke_rules_on_delete":false,"tags":{},"tags_all":{},"timeouts":null,"vpc_id":"vpc-05cf224ee8482bc36"},"after_unknown":{},"before_sensitive":{"egress":[{"cidr_blocks":[false],"ipv6_cidr_blocks":[],"prefix_list_ids":[],"security_groups":[]}],"ingress":[{"cidr_blocks":[false],"ipv6_cidr_blocks":[],"prefix_list_ids":[],"security_groups":[]},{"cidr_blocks":[false],"ipv6_cidr_blocks":[],"prefix_list_ids":[],"security_groups":[]},{"cidr_blocks":[false],"ipv6_cidr_blocks":[],"prefix_list_ids":[],"security_groups":[]}],"tags":{},"tags_all":{}},"after_sensitive":{"egress":[{"cidr_blocks":[false],"ipv6_cidr_blocks":[],"prefix_list_ids":[],"security_groups":[]}],"ingress":[{"cidr_blocks":[false],"ipv6_cidr_blocks":[],"prefix_list_ids":[],"security_groups":[]},{"cidr_blocks":[false],"ipv6_cidr_blocks":[],"prefix_list_ids":[],"security_groups":[]},{"cidr_blocks":[false],"ipv6_cidr_blocks":[],"prefix_list_ids":[],"security_groups":[]}],"tags":{},"tags_all":{}}}},{"address":"module.example-basic.aws_security_group.trusted[0]","module_address":"module.example-basic","mode":"managed","type":"aws_security_group","name":"trusted","index":0,"provider_name":"registry.terraform.io/hashicorp/aws","change":{"actions":["no-op"],"before":{"arn":"arn:aws:ec2:us-east-1:447552758530:security-group/sg-0775341818176f4ba","description":"Enable TCP access from trusted network","egress":[{"cidr_blocks":["0.0.0.0/0"],"description":"Allow all traffic outbound","from_port":0,"ipv6_cidr_blocks":[],"prefix_list_ids":[],"protocol":"-1","security_groups":[],"self":false,"to_port":0}],"id":"sg-0775341818176f4ba","ingress":[{"cidr_blocks":["47.188.118.115/32"],"description":"Allow all from trusted IP","from_port":0,"ipv6_cidr_blocks":[],"prefix_list_ids":[],"protocol":"tcp","security_groups":[],"self":false,"to_port":65535}],"name":"sophos-SecurityGroupTrusted-public","name_prefix":"","owner_id":"447552758530","revoke_rules_on_delete":false,"tags":{},"tags_all":{},"timeouts":null,"vpc_id":"vpc-05cf224ee8482bc36"},"after":{"arn":"arn:aws:ec2:us-east-1:447552758530:security-group/sg-0775341818176f4ba","description":"Enable TCP access from trusted network","egress":[{"cidr_blocks":["0.0.0.0/0"],"description":"Allow all traffic outbound","from_port":0,"ipv6_cidr_blocks":[],"prefix_list_ids":[],"protocol":"-1","security_groups":[],"self":false,"to_port":0}],"id":"sg-0775341818176f4ba","ingress":[{"cidr_blocks":["47.188.118.115/32"],"description":"Allow all from trusted IP","from_port":0,"ipv6_cidr_blocks":[],"prefix_list_ids":[],"protocol":"tcp","security_groups":[],"self":false,"to_port":65535}],"name":"sophos-SecurityGroupTrusted-public","name_prefix":"","owner_id":"447552758530","revoke_rules_on_delete":false,"tags":{},"tags_all":{},"timeouts":null,"vpc_id":"vpc-05cf224ee8482bc36"},"after_unknown":{},"before_sensitive":{"egress":[{"cidr_blocks":[false],"ipv6_cidr_blocks":[],"prefix_list_ids":[],"security_groups":[]}],"ingress":[{"cidr_blocks":[false],"ipv6_cidr_blocks":[],"prefix_list_ids":[],"security_groups":[]}],"tags":{},"tags_all":{}},"after_sensitive":{"egress":[{"cidr_blocks":[false],"ipv6_cidr_blocks":[],"prefix_list_ids":[],"security_groups":[]}],"ingress":[{"cidr_blocks":[false],"ipv6_cidr_blocks":[],"prefix_list_ids":[],"security_groups":[]}],"tags":{},"tags_all":{}}}},{"address":"module.example-basic.aws_subnet.private[0]","module_address":"module.example-basic","mode":"managed","type":"aws_subnet","name":"private","index":0,"provider_name":"registry.terraform.io/hashicorp/aws","change":{"actions":["no-op"],"before":{"arn":"arn:aws:ec2:us-east-1:447552758530:subnet/subnet-0f5d45044cf08a752","assign_ipv6_address_on_creation":false,"availability_zone":"us-east-1a","availability_zone_id":"use1-az2","cidr_block":"172.16.16.0/24","customer_owned_ipv4_pool":"","enable_dns64":false,"enable_resource_name_dns_a_record_on_launch":false,"enable_resource_name_dns_aaaa_record_on_launch":false,"id":"subnet-0f5d45044cf08a752","ipv6_cidr_block":"","ipv6_cidr_block_association_id":"","ipv6_native":false,"map_customer_owned_ip_on_launch":false,"map_public_ip_on_launch":false,"outpost_arn":"","owner_id":"447552758530","private_dns_hostname_type_on_launch":"ip-name","tags":{"Name":"Trusted Network"},"tags_all":{"Name":"Trusted Network"},"timeouts":null,"vpc_id":"vpc-05cf224ee8482bc36"},"after":{"arn":"arn:aws:ec2:us-east-1:447552758530:subnet/subnet-0f5d45044cf08a752","assign_ipv6_address_on_creation":false,"availability_zone":"us-east-1a","availability_zone_id":"use1-az2","cidr_block":"172.16.16.0/24","customer_owned_ipv4_pool":"","enable_dns64":false,"enable_resource_name_dns_a_record_on_launch":false,"enable_resource_name_dns_aaaa_record_on_launch":false,"id":"subnet-0f5d45044cf08a752","ipv6_cidr_block":"","ipv6_cidr_block_association_id":"","ipv6_native":false,"map_customer_owned_ip_on_launch":false,"map_public_ip_on_launch":false,"outpost_arn":"","owner_id":"447552758530","private_dns_hostname_type_on_launch":"ip-name","tags":{"Name":"Trusted Network"},"tags_all":{"Name":"Trusted Network"},"timeouts":null,"vpc_id":"vpc-05cf224ee8482bc36"},"after_unknown":{},"before_sensitive":{"tags":{},"tags_all":{}},"after_sensitive":{"tags":{},"tags_all":{}}}},{"address":"module.example-basic.aws_subnet.public[0]","module_address":"module.example-basic","mode":"managed","type":"aws_subnet","name":"public","index":0,"provider_name":"registry.terraform.io/hashicorp/aws","change":{"actions":["no-op"],"before":{"arn":"arn:aws:ec2:us-east-1:447552758530:subnet/subnet-042a7fd32e63f28ef","assign_ipv6_address_on_creation":false,"availability_zone":"us-east-1a","availability_zone_id":"use1-az2","cidr_block":"172.16.17.0/24","customer_owned_ipv4_pool":"","enable_dns64":false,"enable_resource_name_dns_a_record_on_launch":false,"enable_resource_name_dns_aaaa_record_on_launch":false,"id":"subnet-042a7fd32e63f28ef","ipv6_cidr_block":"","ipv6_cidr_block_association_id":"","ipv6_native":false,"map_customer_owned_ip_on_launch":false,"map_public_ip_on_launch":true,"outpost_arn":"","owner_id":"447552758530","private_dns_hostname_type_on_launch":"ip-name","tags":{"Name":"sophos-xg_firewall-public"},"tags_all":{"Name":"sophos-xg_firewall-public"},"timeouts":null,"vpc_id":"vpc-05cf224ee8482bc36"},"after":{"arn":"arn:aws:ec2:us-east-1:447552758530:subnet/subnet-042a7fd32e63f28ef","assign_ipv6_address_on_creation":false,"availability_zone":"us-east-1a","availability_zone_id":"use1-az2","cidr_block":"172.16.17.0/24","customer_owned_ipv4_pool":"","enable_dns64":false,"enable_resource_name_dns_a_record_on_launch":false,"enable_resource_name_dns_aaaa_record_on_launch":false,"id":"subnet-042a7fd32e63f28ef","ipv6_cidr_block":"","ipv6_cidr_block_association_id":"","ipv6_native":false,"map_customer_owned_ip_on_launch":false,"map_public_ip_on_launch":true,"outpost_arn":"","owner_id":"447552758530","private_dns_hostname_type_on_launch":"ip-name","tags":{"Name":"sophos-xg_firewall-public"},"tags_all":{"Name":"sophos-xg_firewall-public"},"timeouts":null,"vpc_id":"vpc-05cf224ee8482bc36"},"after_unknown":{},"before_sensitive":{"tags":{},"tags_all":{}},"after_sensitive":{"tags":{},"tags_all":{}}}},{"address":"module.example-basic.aws_vpc.this[0]","module_address":"module.example-basic","mode":"managed","type":"aws_vpc","name":"this","index":0,"provider_name":"registry.terraform.io/hashicorp/aws","change":{"actions":["no-op"],"before":{"arn":"arn:aws:ec2:us-east-1:447552758530:vpc/vpc-05cf224ee8482bc36","assign_generated_ipv6_cidr_block":false,"cidr_block":"172.16.0.0/16","default_network_acl_id":"acl-05f2c453a0b6dbb07","default_route_table_id":"rtb-04854bcc026ae5895","default_security_group_id":"sg-02e03f74244328f86","dhcp_options_id":"dopt-061f4c75bc4734585","enable_classiclink":false,"enable_classiclink_dns_support":false,"enable_dns_hostnames":true,"enable_dns_support":true,"id":"vpc-05cf224ee8482bc36","instance_tenancy":"default","ipv4_ipam_pool_id":null,"ipv4_netmask_length":null,"ipv6_association_id":"","ipv6_cidr_block":"","ipv6_cidr_block_network_border_group":"","ipv6_ipam_pool_id":"","ipv6_netmask_length":0,"main_route_table_id":"rtb-04854bcc026ae5895","owner_id":"447552758530","tags":{"Name":"vpc-sophos-xg_firewall"},"tags_all":{"Name":"vpc-sophos-xg_firewall"}},"after":{"arn":"arn:aws:ec2:us-east-1:447552758530:vpc/vpc-05cf224ee8482bc36","assign_generated_ipv6_cidr_block":false,"cidr_block":"172.16.0.0/16","default_network_acl_id":"acl-05f2c453a0b6dbb07","default_route_table_id":"rtb-04854bcc026ae5895","default_security_group_id":"sg-02e03f74244328f86","dhcp_options_id":"dopt-061f4c75bc4734585","enable_classiclink":false,"enable_classiclink_dns_support":false,"enable_dns_hostnames":true,"enable_dns_support":true,"id":"vpc-05cf224ee8482bc36","instance_tenancy":"default","ipv4_ipam_pool_id":null,"ipv4_netmask_length":null,"ipv6_association_id":"","ipv6_cidr_block":"","ipv6_cidr_block_network_border_group":"","ipv6_ipam_pool_id":"","ipv6_netmask_length":0,"main_route_table_id":"rtb-04854bcc026ae5895","owner_id":"447552758530","tags":{"Name":"vpc-sophos-xg_firewall"},"tags_all":{"Name":"vpc-sophos-xg_firewall"}},"after_unknown":{},"before_sensitive":{"tags":{},"tags_all":{}},"after_sensitive":{"tags":{},"tags_all":{}}}},{"address":"module.key-pair.aws_key_pair.this[0]","module_address":"module.key-pair","mode":"managed","type":"aws_key_pair","name":"this","index":0,"provider_name":"registry.terraform.io/hashicorp/aws","change":{"actions":["no-op"],"before":{"arn":"arn:aws:ec2:us-east-1:447552758530:key-pair/sophos","fingerprint":"b1:11:13:e1:c7:a4:3e:03:68:63:47:06:51:63:ec:45","id":"sophos","key_name":"sophos","key_name_prefix":"","key_pair_id":"key-09ff2ae428d661e4e","key_type":"rsa","public_key":"ssh-rsa AAAAB3NzaC1yc2EAAAADAQABAAACAQCvK20huKpK15TKXqoBYx6j1yN/zriWxSeqxe3Bn9SNWElAtjqyjNSiy0zysin3sZQHXqFC6Ry+Mo9dK1DOarfaSIdkhljnzdKQAt9rITScI9R45m7PPYB9emSEJZjVLtON55Fdj8aQfihLVAd89pEAphZkdKivroETDuY8/dWYeshBAoNRBD1hklZe+LtOBYlqkEwLUR4BBe8SJ2MA0ecinn6ELq7Y+mS1j9kPsuY+lxJGN7XaBPvqUGJN1maxK5m6CzL/Dfam+AKIwURLOT1NxYcbVbtU87iKBHdjSfsZBWPDfVLBAyEIwGMg5EOOLCFOA22fmbQAp3+3t+GipO105FtdDj4lgjAhr2Q3/Hf0R461lm50y8lOlz5310kl/pJvyz71ijvEqyY1aUmD8G30BvZLAm+9yWA8SvKnqwRlvb3uamwi9nv01Bq71184QyD/9DP2G8u7AmFLf8dpDXJEpSZeqNveRsoz3ihyArgdXoeJQcoqCIX46DquzHy8UKUglThZCjxdqaOKZETymq0JOtB1qJNCo2Rjun2QoPifIGbAFdqFN+yBdvm7R7r3e6Ey3qWKyyd3kZnv4Cd8aUpPwLo0AMD1K6NlAEJq7KVJ/mWIAeJCddpDBnnTQ2+untD3mLSrYYt2oZidSsuJhtlhBpNqoxOpaJqibVztIu+iIQ==","tags":{},"tags_all":{}},"after":{"arn":"arn:aws:ec2:us-east-1:447552758530:key-pair/sophos","fingerprint":"b1:11:13:e1:c7:a4:3e:03:68:63:47:06:51:63:ec:45","id":"sophos","key_name":"sophos","key_name_prefix":"","key_pair_id":"key-09ff2ae428d661e4e","key_type":"rsa","public_key":"ssh-rsa AAAAB3NzaC1yc2EAAAADAQABAAACAQCvK20huKpK15TKXqoBYx6j1yN/zriWxSeqxe3Bn9SNWElAtjqyjNSiy0zysin3sZQHXqFC6Ry+Mo9dK1DOarfaSIdkhljnzdKQAt9rITScI9R45m7PPYB9emSEJZjVLtON55Fdj8aQfihLVAd89pEAphZkdKivroETDuY8/dWYeshBAoNRBD1hklZe+LtOBYlqkEwLUR4BBe8SJ2MA0ecinn6ELq7Y+mS1j9kPsuY+lxJGN7XaBPvqUGJN1maxK5m6CzL/Dfam+AKIwURLOT1NxYcbVbtU87iKBHdjSfsZBWPDfVLBAyEIwGMg5EOOLCFOA22fmbQAp3+3t+GipO105FtdDj4lgjAhr2Q3/Hf0R461lm50y8lOlz5310kl/pJvyz71ijvEqyY1aUmD8G30BvZLAm+9yWA8SvKnqwRlvb3uamwi9nv01Bq71184QyD/9DP2G8u7AmFLf8dpDXJEpSZeqNveRsoz3ihyArgdXoeJQcoqCIX46DquzHy8UKUglThZCjxdqaOKZETymq0JOtB1qJNCo2Rjun2QoPifIGbAFdqFN+yBdvm7R7r3e6Ey3qWKyyd3kZnv4Cd8aUpPwLo0AMD1K6NlAEJq7KVJ/mWIAeJCddpDBnnTQ2+untD3mLSrYYt2oZidSsuJhtlhBpNqoxOpaJqibVztIu+iIQ==","tags":{},"tags_all":{}},"after_unknown":{},"before_sensitive":{"tags":{},"tags_all":{}},"after_sensitive":{"tags":{},"tags_all":{}}}},{"address":"module.key-pair.tls_private_key.this[0]","module_address":"module.key-pair","mode":"managed","type":"tls_private_key","name":"this","index":0,"provider_name":"registry.terraform.io/hashicorp/tls","change":{"actions":["no-op"],"before":{"algorithm":"RSA","ecdsa_curve":"P224","id":"5c12eee795f77338ba8908a4948eb5b70a8e1f32","private_key_openssh":"-----BEGIN OPENSSH PRIVATE KEY-----\nb3BlbnNzaC1rZXktdjEAAAAABG5vbmUAAAAEbm9uZQAAAAAAAAABAAACFwAAAAdz\nc2gtcnNhAAAAAwEAAQAAAgEAryttIbiqSteUyl6qAWMeo9cjf864lsUnqsXtwZ/U\njVhJQLY6sozUostM8rIp97GUB16hQukcvjKPXStQzmq32kiHZIZY583SkALfayE0\nnCPUeOZuzz2AfXpkhCWY1S7TjeeRXY/GkH4oS1QHfPaRAKYWZHSor66BEw7mPP3V\nmHrIQQKDUQQ9YZJWXvi7TgWJapBMC1EeAQXvEidjANHnIp5+hC6u2PpktY/ZD7Lm\nPpcSRje12gT76lBiTdZmsSuZugsy/w32pvgCiMFESzk9TcWHG1W7VPO4igR3Y0n7\nGQVjw31SwQMhCMBjIORDjiwhTgNtn5m0AKd/t7fhoqTtdORbXQ4+JYIwIa9kN/x3\n9EeOtZZudMvJTpc+d9dJJf6Sb8s+9Yo7xKsmNWlJg/Bt9Ab2SwJvvclgPEryp6sE\nZb297mpsIvZ79NQau9dfOEMg//Qz9hvLuwJhS3/HaQ1yRKUmXqjb3kbKM94ocgK4\nHV6HiUHKKgiF+Og6rsx8vFClIJU4WQo8XamjimRE8pqtCTrQdaiTQqNkY7p9kKD4\nnyBmwBXahTfsgXb5u0e693uhMt6lissnd5GZ7+AnfGlKT8C6NADA9SujZQBCauyl\nSf5liAHiQnXaQwZ500Nvrp7Q95i0q2GLdqGYnUrLiYbZYQaTaqMTqWiaom1c7SLv\noiEAAAc4HAMePRwDHj0AAAAHc3NoLXJzYQAAAgEAryttIbiqSteUyl6qAWMeo9cj\nf864lsUnqsXtwZ/UjVhJQLY6sozUostM8rIp97GUB16hQukcvjKPXStQzmq32kiH\nZIZY583SkALfayE0nCPUeOZuzz2AfXpkhCWY1S7TjeeRXY/GkH4oS1QHfPaRAKYW\nZHSor66BEw7mPP3VmHrIQQKDUQQ9YZJWXvi7TgWJapBMC1EeAQXvEidjANHnIp5+\nhC6u2PpktY/ZD7LmPpcSRje12gT76lBiTdZmsSuZugsy/w32pvgCiMFESzk9TcWH\nG1W7VPO4igR3Y0n7GQVjw31SwQMhCMBjIORDjiwhTgNtn5m0AKd/t7fhoqTtdORb\nXQ4+JYIwIa9kN/x39EeOtZZudMvJTpc+d9dJJf6Sb8s+9Yo7xKsmNWlJg/Bt9Ab2\nSwJvvclgPEryp6sEZb297mpsIvZ79NQau9dfOEMg//Qz9hvLuwJhS3/HaQ1yRKUm\nXqjb3kbKM94ocgK4HV6HiUHKKgiF+Og6rsx8vFClIJU4WQo8XamjimRE8pqtCTrQ\ndaiTQqNkY7p9kKD4nyBmwBXahTfsgXb5u0e693uhMt6lissnd5GZ7+AnfGlKT8C6\nNADA9SujZQBCauylSf5liAHiQnXaQwZ500Nvrp7Q95i0q2GLdqGYnUrLiYbZYQaT\naqMTqWiaom1c7SLvoiEAAAADAQABAAACAQCqk+RK4TPbe8Flq/drMGWm8JqeG+T+\n1PCCyQl08rqeBaoXvRy9wIxUFxtQfxSFIsTexFTO/ohB4qRe+w5OY/ezNcu6pWUw\nHer81/9OqGA96FpAfUzMvLxB9Iyrbp08g8P5PNX+wUKAdImyiRpdoxGjCxllK4EU\nyx7gOzMTk6+LM42MWPEdVL6dJE69XwOuv4+IWQnkP1Kzdl7PU9GB++VTffn/qCIW\nIwctEu4x7mlt69kczaVlsFLMYwjHeZA42Rdy5vL7ElLtVzfIikOB6TR8ZmzhvoOU\n/1zl8eF8q488V1ZGCOUsFWr2xboCTqZGbUzlVktLDvcNaA7kDclIg8jC3MP2rHPg\nmzubvaZXY2eyr7T+quSIpefeSxeVu2wfWRXyebLu1XmQ5kdtkkfH1bicG5GNyaQT\npf++ZTPg3ksic7xT3WZd7L+x6V/Aq3BD+qKMXr5UGC8ioZ3QegJcU9cUnuKXKc8g\nNQtY90Q3ntUhwc/Dis/HBRHbslKChapuLXADPSyaFBs2950qzTVxBvAX8av37uDb\n8XScr9PkrrUpIQqOq9aw6/XFQI9ruDGW9QmySnQE86zD27CC8R6h8Fsd+NQPIAJL\nHYTypO2FDd5z2ECLPk+lPju7HyNWx7FjSA7AZjVTQkYy/LnGhBwY3JRaIAZeTbaA\nVoSuXzYUoOUvrQAAAQEAwONwFtYdoIUDsk1zQfPqX5mcj6J+RxCwBZ8hEoiZwWiG\ngvulNEd/OLNjNCEwuC2z+nkI/SJVLOB1CFPIC3Q0WEy46Agivf8X+zy6YdjT66IT\nP1obPRnTtGzNCjxzlDAw822IDM7bSjqBgkoMO3fAFAGaqYuSZ5ZlzScOgInnfdJv\n569yDKFahgQENOEE6bFcbISMdidStz1VPxQgp5x3qS511ZkOFR4ek7JGbuNUK3yL\n6t1Ovp0Vjp6tqTl+LSCAJBhMt8Owa/DGTcT+RCH4EENXCnuA8wi7IJ14NjgMxAAr\nTDnz8RpKXAKyrBGsncvAcczc1hZ8wHJOWs+KRPQVTwAAAQEA5fY+AzcY5f0hSOBX\nrpEFuMIRUMxGO8bSbZnzD4W6KpkO4vJb9cwOsfPMcg5vOv1Tw/NecX67SZmymHEf\nb/LmpUAx4RfJQghoAVkxwVEWR8q+K4Reggvih+zwxMME5oQoGQm5JCIHldPoA7k9\nWLDxKoUKHigs68DcTl93Z6cKEZ1k0lGE3zaFwxk0eoVbeV4bc4EyNLiTZrOtSz2G\n1CST5+FvuUrJQc0bFsavulYaGjSbAImpGVZDCsRdeulRLjp/54dRuzgPKHL7GzcO\nmYhaKo0856l2DF2d3448WyxVbT2rPx7NELdB6q0IkVr8RCAnFpx8IlBEODLEG2Rr\nhoPklwAAAQEAwwD0yz602HLh4Ikw6c15utM+K/TC4l5aHljhp6tPV7ap4yGHKYAW\ncFk8hnVce1JhlGxK65UTnHibn8vFEvmV+xzqj0gJzW1yOUiHa/6YWlsFva8afBSg\nSdXRU58TSVyjZI8nefVUsOApYqSTvakYo9shw8rdcH3BPe1wx4vNzf9uZtys0F2B\nyingjDLoVIps8XDto3Mdx8sgc+B9cdwSOUnGUUzXjYcwRweOmLJdA9hM72JwhhUo\nw3v75TPSyNzRgV3B3yjYqdgce/l9fCGJ+wzbJXlhADJ9b60a54pVUSDkkpZ10VvM\n46K514CRt/I6jLGgV3OCVuYFiyaPqbDuBwAAAAAB\n-----END OPENSSH PRIVATE KEY-----\n","private_key_pem":"-----BEGIN RSA PRIVATE KEY-----\nMIIJKQIBAAKCAgEAryttIbiqSteUyl6qAWMeo9cjf864lsUnqsXtwZ/UjVhJQLY6\nsozUostM8rIp97GUB16hQukcvjKPXStQzmq32kiHZIZY583SkALfayE0nCPUeOZu\nzz2AfXpkhCWY1S7TjeeRXY/GkH4oS1QHfPaRAKYWZHSor66BEw7mPP3VmHrIQQKD\nUQQ9YZJWXvi7TgWJapBMC1EeAQXvEidjANHnIp5+hC6u2PpktY/ZD7LmPpcSRje1\n2gT76lBiTdZmsSuZugsy/w32pvgCiMFESzk9TcWHG1W7VPO4igR3Y0n7GQVjw31S\nwQMhCMBjIORDjiwhTgNtn5m0AKd/t7fhoqTtdORbXQ4+JYIwIa9kN/x39EeOtZZu\ndMvJTpc+d9dJJf6Sb8s+9Yo7xKsmNWlJg/Bt9Ab2SwJvvclgPEryp6sEZb297mps\nIvZ79NQau9dfOEMg//Qz9hvLuwJhS3/HaQ1yRKUmXqjb3kbKM94ocgK4HV6HiUHK\nKgiF+Og6rsx8vFClIJU4WQo8XamjimRE8pqtCTrQdaiTQqNkY7p9kKD4nyBmwBXa\nhTfsgXb5u0e693uhMt6lissnd5GZ7+AnfGlKT8C6NADA9SujZQBCauylSf5liAHi\nQnXaQwZ500Nvrp7Q95i0q2GLdqGYnUrLiYbZYQaTaqMTqWiaom1c7SLvoiECAwEA\nAQKCAgEAqpPkSuEz23vBZav3azBlpvCanhvk/tTwgskJdPK6ngWqF70cvcCMVBcb\nUH8UhSLE3sRUzv6IQeKkXvsOTmP3szXLuqVlMB3q/Nf/TqhgPehaQH1MzLy8QfSM\nq26dPIPD+TzV/sFCgHSJsokaXaMRowsZZSuBFMse4DszE5OvizONjFjxHVS+nSRO\nvV8Drr+PiFkJ5D9Ss3Zez1PRgfvlU335/6giFiMHLRLuMe5pbevZHM2lZbBSzGMI\nx3mQONkXcuby+xJS7Vc3yIpDgek0fGZs4b6DlP9c5fHhfKuPPFdWRgjlLBVq9sW6\nAk6mRm1M5VZLSw73DWgO5A3JSIPIwtzD9qxz4Js7m72mV2Nnsq+0/qrkiKXn3ksX\nlbtsH1kV8nmy7tV5kOZHbZJHx9W4nBuRjcmkE6X/vmUz4N5LInO8U91mXey/self\nwKtwQ/qijF6+VBgvIqGd0HoCXFPXFJ7ilynPIDULWPdEN57VIcHPw4rPxwUR27JS\ngoWqbi1wAz0smhQbNvedKs01cQbwF/Gr9+7g2/F0nK/T5K61KSEKjqvWsOv1xUCP\na7gxlvUJskp0BPOsw9uwgvEeofBbHfjUDyACSx2E8qTthQ3ec9hAiz5PpT47ux8j\nVsexY0gOwGY1U0JGMvy5xoQcGNyUWiAGXk22gFaErl82FKDlL60CggEBAOX2PgM3\nGOX9IUjgV66RBbjCEVDMRjvG0m2Z8w+FuiqZDuLyW/XMDrHzzHIObzr9U8PzXnF+\nu0mZsphxH2/y5qVAMeEXyUIIaAFZMcFRFkfKviuEXoIL4ofs8MTDBOaEKBkJuSQi\nB5XT6AO5PViw8SqFCh4oLOvA3E5fd2enChGdZNJRhN82hcMZNHqFW3leG3OBMjS4\nk2azrUs9htQkk+fhb7lKyUHNGxbGr7pWGho0mwCJqRlWQwrEXXrpUS46f+eHUbs4\nDyhy+xs3DpmIWiqNPOepdgxdnd+OPFssVW09qz8ezRC3QeqtCJFa/EQgJxacfCJQ\nRDgyxBtka4aD5JcCggEBAMMA9Ms+tNhy4eCJMOnNebrTPiv0wuJeWh5Y4aerT1e2\nqeMhhymAFnBZPIZ1XHtSYZRsSuuVE5x4m5/LxRL5lfsc6o9ICc1tcjlIh2v+mFpb\nBb2vGnwUoEnV0VOfE0lco2SPJ3n1VLDgKWKkk72pGKPbIcPK3XB9wT3tcMeLzc3/\nbmbcrNBdgcop4Iwy6FSKbPFw7aNzHcfLIHPgfXHcEjlJxlFM142HMEcHjpiyXQPY\nTO9icIYVKMN7++Uz0sjc0YFdwd8o2KnYHHv5fXwhifsM2yV5YQAyfW+tGueKVVEg\n5JKWddFbzOOiudeAkbfyOoyxoFdzglbmBYsmj6mw7gcCggEADJU2u3JOWHdLVPOB\nmLmyuHNWAzfKOAcfCIQ9+oF0uFP7rotYYNCzlSUj8LG9gFrQNI6igk9O7C4OyayW\n7cc6u5wRnqFwj75qAnjg8hT/xRng4fyyNydzU8CxQ/Lv17UvhH81tDZwd9BKh7mh\nE7NK3uq8rP3Bx3ycEWXD4NYRBPm5xJBVVuli1FQSvQmDAdcWZXGST7QxzJLUTqOl\nNwJxXWTGejsPXBxe+RYSE34Wm4x5VsQxjoNb08D+5HTTzlXBHegXnsjoe2wfNVQD\n5n7BgEaOKJbrMK4Gr27W+p4oZnvTXPbQfbOpVa/2Ig36c7fWq7QQTshZk0Gj3WPX\nRlr9LQKCAQA0v814LT4+TtVLJ9FTbYHAR+RJf6w4D83Q57oi4PRVhdPu3OLzFvL6\n8SiuNpENyvsaazDZCTqE2Rs/3p8wwtMPWoMYvyPnrfN4C2aWkAgmaPjklrlTV0EE\nuBInzKAq+CQ6z36ePv7p2blYNazBYTyJFn3LuNSt2Vasqc4YLHk/gBkdOhSFSMYT\nKcDUK/Es7UULCsE9taYYpZnhvpgwdJd5Z7t9wouMfUVR8XlhVN5Ua+5j0v0dSBv+\nxUsedSZPr2v80p/e/e2eBBewcYzAR1JL1u5w9KSIqR/FVc4xU/pAN+WcwZadS3fh\nG+Opp93DJIMyC9qTzWs0loRpX8T84h+BAoIBAQDA43AW1h2ghQOyTXNB8+pfmZyP\non5HELAFnyESiJnBaIaC+6U0R384s2M0ITC4LbP6eQj9IlUs4HUIU8gLdDRYTLjo\nCCK9/xf7PLph2NProhM/Whs9GdO0bM0KPHOUMDDzbYgMzttKOoGCSgw7d8AUAZqp\ni5JnlmXNJw6Aied90m/nr3IMoVqGBAQ04QTpsVxshIx2J1K3PVU/FCCnnHepLnXV\nmQ4VHh6TskZu41QrfIvq3U6+nRWOnq2pOX4tIIAkGEy3w7Br8MZNxP5EIfgQQ1cK\ne4DzCLsgnXg2OAzEACtMOfPxGkpcArKsEaydy8BxzNzWFnzAck5az4pE9BVP\n-----END RSA PRIVATE KEY-----\n","private_key_pem_pkcs8":"-----BEGIN PRIVATE KEY-----\nMIIJQwIBADANBgkqhkiG9w0BAQEFAASCCS0wggkpAgEAAoICAQCvK20huKpK15TK\nXqoBYx6j1yN/zriWxSeqxe3Bn9SNWElAtjqyjNSiy0zysin3sZQHXqFC6Ry+Mo9d\nK1DOarfaSIdkhljnzdKQAt9rITScI9R45m7PPYB9emSEJZjVLtON55Fdj8aQfihL\nVAd89pEAphZkdKivroETDuY8/dWYeshBAoNRBD1hklZe+LtOBYlqkEwLUR4BBe8S\nJ2MA0ecinn6ELq7Y+mS1j9kPsuY+lxJGN7XaBPvqUGJN1maxK5m6CzL/Dfam+AKI\nwURLOT1NxYcbVbtU87iKBHdjSfsZBWPDfVLBAyEIwGMg5EOOLCFOA22fmbQAp3+3\nt+GipO105FtdDj4lgjAhr2Q3/Hf0R461lm50y8lOlz5310kl/pJvyz71ijvEqyY1\naUmD8G30BvZLAm+9yWA8SvKnqwRlvb3uamwi9nv01Bq71184QyD/9DP2G8u7AmFL\nf8dpDXJEpSZeqNveRsoz3ihyArgdXoeJQcoqCIX46DquzHy8UKUglThZCjxdqaOK\nZETymq0JOtB1qJNCo2Rjun2QoPifIGbAFdqFN+yBdvm7R7r3e6Ey3qWKyyd3kZnv\n4Cd8aUpPwLo0AMD1K6NlAEJq7KVJ/mWIAeJCddpDBnnTQ2+untD3mLSrYYt2oZid\nSsuJhtlhBpNqoxOpaJqibVztIu+iIQIDAQABAoICAQCqk+RK4TPbe8Flq/drMGWm\n8JqeG+T+1PCCyQl08rqeBaoXvRy9wIxUFxtQfxSFIsTexFTO/ohB4qRe+w5OY/ez\nNcu6pWUwHer81/9OqGA96FpAfUzMvLxB9Iyrbp08g8P5PNX+wUKAdImyiRpdoxGj\nCxllK4EUyx7gOzMTk6+LM42MWPEdVL6dJE69XwOuv4+IWQnkP1Kzdl7PU9GB++VT\nffn/qCIWIwctEu4x7mlt69kczaVlsFLMYwjHeZA42Rdy5vL7ElLtVzfIikOB6TR8\nZmzhvoOU/1zl8eF8q488V1ZGCOUsFWr2xboCTqZGbUzlVktLDvcNaA7kDclIg8jC\n3MP2rHPgmzubvaZXY2eyr7T+quSIpefeSxeVu2wfWRXyebLu1XmQ5kdtkkfH1bic\nG5GNyaQTpf++ZTPg3ksic7xT3WZd7L+x6V/Aq3BD+qKMXr5UGC8ioZ3QegJcU9cU\nnuKXKc8gNQtY90Q3ntUhwc/Dis/HBRHbslKChapuLXADPSyaFBs2950qzTVxBvAX\n8av37uDb8XScr9PkrrUpIQqOq9aw6/XFQI9ruDGW9QmySnQE86zD27CC8R6h8Fsd\n+NQPIAJLHYTypO2FDd5z2ECLPk+lPju7HyNWx7FjSA7AZjVTQkYy/LnGhBwY3JRa\nIAZeTbaAVoSuXzYUoOUvrQKCAQEA5fY+AzcY5f0hSOBXrpEFuMIRUMxGO8bSbZnz\nD4W6KpkO4vJb9cwOsfPMcg5vOv1Tw/NecX67SZmymHEfb/LmpUAx4RfJQghoAVkx\nwVEWR8q+K4Reggvih+zwxMME5oQoGQm5JCIHldPoA7k9WLDxKoUKHigs68DcTl93\nZ6cKEZ1k0lGE3zaFwxk0eoVbeV4bc4EyNLiTZrOtSz2G1CST5+FvuUrJQc0bFsav\nulYaGjSbAImpGVZDCsRdeulRLjp/54dRuzgPKHL7GzcOmYhaKo0856l2DF2d3448\nWyxVbT2rPx7NELdB6q0IkVr8RCAnFpx8IlBEODLEG2RrhoPklwKCAQEAwwD0yz60\n2HLh4Ikw6c15utM+K/TC4l5aHljhp6tPV7ap4yGHKYAWcFk8hnVce1JhlGxK65UT\nnHibn8vFEvmV+xzqj0gJzW1yOUiHa/6YWlsFva8afBSgSdXRU58TSVyjZI8nefVU\nsOApYqSTvakYo9shw8rdcH3BPe1wx4vNzf9uZtys0F2ByingjDLoVIps8XDto3Md\nx8sgc+B9cdwSOUnGUUzXjYcwRweOmLJdA9hM72JwhhUow3v75TPSyNzRgV3B3yjY\nqdgce/l9fCGJ+wzbJXlhADJ9b60a54pVUSDkkpZ10VvM46K514CRt/I6jLGgV3OC\nVuYFiyaPqbDuBwKCAQAMlTa7ck5Yd0tU84GYubK4c1YDN8o4Bx8IhD36gXS4U/uu\ni1hg0LOVJSPwsb2AWtA0jqKCT07sLg7JrJbtxzq7nBGeoXCPvmoCeODyFP/FGeDh\n/LI3J3NTwLFD8u/XtS+EfzW0NnB30EqHuaETs0re6rys/cHHfJwRZcPg1hEE+bnE\nkFVW6WLUVBK9CYMB1xZlcZJPtDHMktROo6U3AnFdZMZ6Ow9cHF75FhITfhabjHlW\nxDGOg1vTwP7kdNPOVcEd6BeeyOh7bB81VAPmfsGARo4oluswrgavbtb6nihme9Nc\n9tB9s6lVr/YiDfpzt9artBBOyFmTQaPdY9dGWv0tAoIBADS/zXgtPj5O1Usn0VNt\ngcBH5El/rDgPzdDnuiLg9FWF0+7c4vMW8vrxKK42kQ3K+xprMNkJOoTZGz/enzDC\n0w9agxi/I+et83gLZpaQCCZo+OSWuVNXQQS4EifMoCr4JDrPfp4+/unZuVg1rMFh\nPIkWfcu41K3ZVqypzhgseT+AGR06FIVIxhMpwNQr8SztRQsKwT21philmeG+mDB0\nl3lnu33Ci4x9RVHxeWFU3lRr7mPS/R1IG/7FSx51Jk+va/zSn9797Z4EF7BxjMBH\nUkvW7nD0pIipH8VVzjFT+kA35ZzBlp1Ld+Eb46mn3cMkgzIL2pPNazSWhGlfxPzi\nH4ECggEBAMDjcBbWHaCFA7JNc0Hz6l+ZnI+ifkcQsAWfIRKImcFohoL7pTRHfziz\nYzQhMLgts/p5CP0iVSzgdQhTyAt0NFhMuOgIIr3/F/s8umHY0+uiEz9aGz0Z07Rs\nzQo8c5QwMPNtiAzO20o6gYJKDDt3wBQBmqmLkmeWZc0nDoCJ533Sb+evcgyhWoYE\nBDThBOmxXGyEjHYnUrc9VT8UIKecd6kuddWZDhUeHpOyRm7jVCt8i+rdTr6dFY6e\nrak5fi0ggCQYTLfDsGvwxk3E/kQh+BBDVwp7gPMIuyCdeDY4DMQAK0w58/EaSlwC\nsqwRrJ3LwHHM3NYWfMByTlrPikT0FU8=\n-----END PRIVATE KEY-----\n","public_key_fingerprint_md5":"05:8e:ec:bd:c2:fc:1c:ae:3b:e0:bb:39:af:81:5e:1b","public_key_fingerprint_sha256":"SHA256:kUmKLjy02KEwmPmp1Ia0J/FPjPMcf55FboD9BbsXBtI","public_key_openssh":"ssh-rsa AAAAB3NzaC1yc2EAAAADAQABAAACAQCvK20huKpK15TKXqoBYx6j1yN/zriWxSeqxe3Bn9SNWElAtjqyjNSiy0zysin3sZQHXqFC6Ry+Mo9dK1DOarfaSIdkhljnzdKQAt9rITScI9R45m7PPYB9emSEJZjVLtON55Fdj8aQfihLVAd89pEAphZkdKivroETDuY8/dWYeshBAoNRBD1hklZe+LtOBYlqkEwLUR4BBe8SJ2MA0ecinn6ELq7Y+mS1j9kPsuY+lxJGN7XaBPvqUGJN1maxK5m6CzL/Dfam+AKIwURLOT1NxYcbVbtU87iKBHdjSfsZBWPDfVLBAyEIwGMg5EOOLCFOA22fmbQAp3+3t+GipO105FtdDj4lgjAhr2Q3/Hf0R461lm50y8lOlz5310kl/pJvyz71ijvEqyY1aUmD8G30BvZLAm+9yWA8SvKnqwRlvb3uamwi9nv01Bq71184QyD/9DP2G8u7AmFLf8dpDXJEpSZeqNveRsoz3ihyArgdXoeJQcoqCIX46DquzHy8UKUglThZCjxdqaOKZETymq0JOtB1qJNCo2Rjun2QoPifIGbAFdqFN+yBdvm7R7r3e6Ey3qWKyyd3kZnv4Cd8aUpPwLo0AMD1K6NlAEJq7KVJ/mWIAeJCddpDBnnTQ2+untD3mLSrYYt2oZidSsuJhtlhBpNqoxOpaJqibVztIu+iIQ==\n","public_key_pem":"-----BEGIN PUBLIC KEY-----\nMIICIjANBgkqhkiG9w0BAQEFAAOCAg8AMIICCgKCAgEAryttIbiqSteUyl6qAWMe\no9cjf864lsUnqsXtwZ/UjVhJQLY6sozUostM8rIp97GUB16hQukcvjKPXStQzmq3\n2kiHZIZY583SkALfayE0nCPUeOZuzz2AfXpkhCWY1S7TjeeRXY/GkH4oS1QHfPaR\nAKYWZHSor66BEw7mPP3VmHrIQQKDUQQ9YZJWXvi7TgWJapBMC1EeAQXvEidjANHn\nIp5+hC6u2PpktY/ZD7LmPpcSRje12gT76lBiTdZmsSuZugsy/w32pvgCiMFESzk9\nTcWHG1W7VPO4igR3Y0n7GQVjw31SwQMhCMBjIORDjiwhTgNtn5m0AKd/t7fhoqTt\ndORbXQ4+JYIwIa9kN/x39EeOtZZudMvJTpc+d9dJJf6Sb8s+9Yo7xKsmNWlJg/Bt\n9Ab2SwJvvclgPEryp6sEZb297mpsIvZ79NQau9dfOEMg//Qz9hvLuwJhS3/HaQ1y\nRKUmXqjb3kbKM94ocgK4HV6HiUHKKgiF+Og6rsx8vFClIJU4WQo8XamjimRE8pqt\nCTrQdaiTQqNkY7p9kKD4nyBmwBXahTfsgXb5u0e693uhMt6lissnd5GZ7+AnfGlK\nT8C6NADA9SujZQBCauylSf5liAHiQnXaQwZ500Nvrp7Q95i0q2GLdqGYnUrLiYbZ\nYQaTaqMTqWiaom1c7SLvoiECAwEAAQ==\n-----END PUBLIC KEY-----\n","rsa_bits":4096},"after":{"algorithm":"RSA","ecdsa_curve":"P224","id":"5c12eee795f77338ba8908a4948eb5b70a8e1f32","private_key_openssh":"-----BEGIN OPENSSH PRIVATE KEY-----\nb3BlbnNzaC1rZXktdjEAAAAABG5vbmUAAAAEbm9uZQAAAAAAAAABAAACFwAAAAdz\nc2gtcnNhAAAAAwEAAQAAAgEAryttIbiqSteUyl6qAWMeo9cjf864lsUnqsXtwZ/U\njVhJQLY6sozUostM8rIp97GUB16hQukcvjKPXStQzmq32kiHZIZY583SkALfayE0\nnCPUeOZuzz2AfXpkhCWY1S7TjeeRXY/GkH4oS1QHfPaRAKYWZHSor66BEw7mPP3V\nmHrIQQKDUQQ9YZJWXvi7TgWJapBMC1EeAQXvEidjANHnIp5+hC6u2PpktY/ZD7Lm\nPpcSRje12gT76lBiTdZmsSuZugsy/w32pvgCiMFESzk9TcWHG1W7VPO4igR3Y0n7\nGQVjw31SwQMhCMBjIORDjiwhTgNtn5m0AKd/t7fhoqTtdORbXQ4+JYIwIa9kN/x3\n9EeOtZZudMvJTpc+d9dJJf6Sb8s+9Yo7xKsmNWlJg/Bt9Ab2SwJvvclgPEryp6sE\nZb297mpsIvZ79NQau9dfOEMg//Qz9hvLuwJhS3/HaQ1yRKUmXqjb3kbKM94ocgK4\nHV6HiUHKKgiF+Og6rsx8vFClIJU4WQo8XamjimRE8pqtCTrQdaiTQqNkY7p9kKD4\nnyBmwBXahTfsgXb5u0e693uhMt6lissnd5GZ7+AnfGlKT8C6NADA9SujZQBCauyl\nSf5liAHiQnXaQwZ500Nvrp7Q95i0q2GLdqGYnUrLiYbZYQaTaqMTqWiaom1c7SLv\noiEAAAc4HAMePRwDHj0AAAAHc3NoLXJzYQAAAgEAryttIbiqSteUyl6qAWMeo9cj\nf864lsUnqsXtwZ/UjVhJQLY6sozUostM8rIp97GUB16hQukcvjKPXStQzmq32kiH\nZIZY583SkALfayE0nCPUeOZuzz2AfXpkhCWY1S7TjeeRXY/GkH4oS1QHfPaRAKYW\nZHSor66BEw7mPP3VmHrIQQKDUQQ9YZJWXvi7TgWJapBMC1EeAQXvEidjANHnIp5+\nhC6u2PpktY/ZD7LmPpcSRje12gT76lBiTdZmsSuZugsy/w32pvgCiMFESzk9TcWH\nG1W7VPO4igR3Y0n7GQVjw31SwQMhCMBjIORDjiwhTgNtn5m0AKd/t7fhoqTtdORb\nXQ4+JYIwIa9kN/x39EeOtZZudMvJTpc+d9dJJf6Sb8s+9Yo7xKsmNWlJg/Bt9Ab2\nSwJvvclgPEryp6sEZb297mpsIvZ79NQau9dfOEMg//Qz9hvLuwJhS3/HaQ1yRKUm\nXqjb3kbKM94ocgK4HV6HiUHKKgiF+Og6rsx8vFClIJU4WQo8XamjimRE8pqtCTrQ\ndaiTQqNkY7p9kKD4nyBmwBXahTfsgXb5u0e693uhMt6lissnd5GZ7+AnfGlKT8C6\nNADA9SujZQBCauylSf5liAHiQnXaQwZ500Nvrp7Q95i0q2GLdqGYnUrLiYbZYQaT\naqMTqWiaom1c7SLvoiEAAAADAQABAAACAQCqk+RK4TPbe8Flq/drMGWm8JqeG+T+\n1PCCyQl08rqeBaoXvRy9wIxUFxtQfxSFIsTexFTO/ohB4qRe+w5OY/ezNcu6pWUw\nHer81/9OqGA96FpAfUzMvLxB9Iyrbp08g8P5PNX+wUKAdImyiRpdoxGjCxllK4EU\nyx7gOzMTk6+LM42MWPEdVL6dJE69XwOuv4+IWQnkP1Kzdl7PU9GB++VTffn/qCIW\nIwctEu4x7mlt69kczaVlsFLMYwjHeZA42Rdy5vL7ElLtVzfIikOB6TR8ZmzhvoOU\n/1zl8eF8q488V1ZGCOUsFWr2xboCTqZGbUzlVktLDvcNaA7kDclIg8jC3MP2rHPg\nmzubvaZXY2eyr7T+quSIpefeSxeVu2wfWRXyebLu1XmQ5kdtkkfH1bicG5GNyaQT\npf++ZTPg3ksic7xT3WZd7L+x6V/Aq3BD+qKMXr5UGC8ioZ3QegJcU9cUnuKXKc8g\nNQtY90Q3ntUhwc/Dis/HBRHbslKChapuLXADPSyaFBs2950qzTVxBvAX8av37uDb\n8XScr9PkrrUpIQqOq9aw6/XFQI9ruDGW9QmySnQE86zD27CC8R6h8Fsd+NQPIAJL\nHYTypO2FDd5z2ECLPk+lPju7HyNWx7FjSA7AZjVTQkYy/LnGhBwY3JRaIAZeTbaA\nVoSuXzYUoOUvrQAAAQEAwONwFtYdoIUDsk1zQfPqX5mcj6J+RxCwBZ8hEoiZwWiG\ngvulNEd/OLNjNCEwuC2z+nkI/SJVLOB1CFPIC3Q0WEy46Agivf8X+zy6YdjT66IT\nP1obPRnTtGzNCjxzlDAw822IDM7bSjqBgkoMO3fAFAGaqYuSZ5ZlzScOgInnfdJv\n569yDKFahgQENOEE6bFcbISMdidStz1VPxQgp5x3qS511ZkOFR4ek7JGbuNUK3yL\n6t1Ovp0Vjp6tqTl+LSCAJBhMt8Owa/DGTcT+RCH4EENXCnuA8wi7IJ14NjgMxAAr\nTDnz8RpKXAKyrBGsncvAcczc1hZ8wHJOWs+KRPQVTwAAAQEA5fY+AzcY5f0hSOBX\nrpEFuMIRUMxGO8bSbZnzD4W6KpkO4vJb9cwOsfPMcg5vOv1Tw/NecX67SZmymHEf\nb/LmpUAx4RfJQghoAVkxwVEWR8q+K4Reggvih+zwxMME5oQoGQm5JCIHldPoA7k9\nWLDxKoUKHigs68DcTl93Z6cKEZ1k0lGE3zaFwxk0eoVbeV4bc4EyNLiTZrOtSz2G\n1CST5+FvuUrJQc0bFsavulYaGjSbAImpGVZDCsRdeulRLjp/54dRuzgPKHL7GzcO\nmYhaKo0856l2DF2d3448WyxVbT2rPx7NELdB6q0IkVr8RCAnFpx8IlBEODLEG2Rr\nhoPklwAAAQEAwwD0yz602HLh4Ikw6c15utM+K/TC4l5aHljhp6tPV7ap4yGHKYAW\ncFk8hnVce1JhlGxK65UTnHibn8vFEvmV+xzqj0gJzW1yOUiHa/6YWlsFva8afBSg\nSdXRU58TSVyjZI8nefVUsOApYqSTvakYo9shw8rdcH3BPe1wx4vNzf9uZtys0F2B\nyingjDLoVIps8XDto3Mdx8sgc+B9cdwSOUnGUUzXjYcwRweOmLJdA9hM72JwhhUo\nw3v75TPSyNzRgV3B3yjYqdgce/l9fCGJ+wzbJXlhADJ9b60a54pVUSDkkpZ10VvM\n46K514CRt/I6jLGgV3OCVuYFiyaPqbDuBwAAAAAB\n-----END OPENSSH PRIVATE KEY-----\n","private_key_pem":"-----BEGIN RSA PRIVATE KEY-----\nMIIJKQIBAAKCAgEAryttIbiqSteUyl6qAWMeo9cjf864lsUnqsXtwZ/UjVhJQLY6\nsozUostM8rIp97GUB16hQukcvjKPXStQzmq32kiHZIZY583SkALfayE0nCPUeOZu\nzz2AfXpkhCWY1S7TjeeRXY/GkH4oS1QHfPaRAKYWZHSor66BEw7mPP3VmHrIQQKD\nUQQ9YZJWXvi7TgWJapBMC1EeAQXvEidjANHnIp5+hC6u2PpktY/ZD7LmPpcSRje1\n2gT76lBiTdZmsSuZugsy/w32pvgCiMFESzk9TcWHG1W7VPO4igR3Y0n7GQVjw31S\nwQMhCMBjIORDjiwhTgNtn5m0AKd/t7fhoqTtdORbXQ4+JYIwIa9kN/x39EeOtZZu\ndMvJTpc+d9dJJf6Sb8s+9Yo7xKsmNWlJg/Bt9Ab2SwJvvclgPEryp6sEZb297mps\nIvZ79NQau9dfOEMg//Qz9hvLuwJhS3/HaQ1yRKUmXqjb3kbKM94ocgK4HV6HiUHK\nKgiF+Og6rsx8vFClIJU4WQo8XamjimRE8pqtCTrQdaiTQqNkY7p9kKD4nyBmwBXa\nhTfsgXb5u0e693uhMt6lissnd5GZ7+AnfGlKT8C6NADA9SujZQBCauylSf5liAHi\nQnXaQwZ500Nvrp7Q95i0q2GLdqGYnUrLiYbZYQaTaqMTqWiaom1c7SLvoiECAwEA\nAQKCAgEAqpPkSuEz23vBZav3azBlpvCanhvk/tTwgskJdPK6ngWqF70cvcCMVBcb\nUH8UhSLE3sRUzv6IQeKkXvsOTmP3szXLuqVlMB3q/Nf/TqhgPehaQH1MzLy8QfSM\nq26dPIPD+TzV/sFCgHSJsokaXaMRowsZZSuBFMse4DszE5OvizONjFjxHVS+nSRO\nvV8Drr+PiFkJ5D9Ss3Zez1PRgfvlU335/6giFiMHLRLuMe5pbevZHM2lZbBSzGMI\nx3mQONkXcuby+xJS7Vc3yIpDgek0fGZs4b6DlP9c5fHhfKuPPFdWRgjlLBVq9sW6\nAk6mRm1M5VZLSw73DWgO5A3JSIPIwtzD9qxz4Js7m72mV2Nnsq+0/qrkiKXn3ksX\nlbtsH1kV8nmy7tV5kOZHbZJHx9W4nBuRjcmkE6X/vmUz4N5LInO8U91mXey/self\nwKtwQ/qijF6+VBgvIqGd0HoCXFPXFJ7ilynPIDULWPdEN57VIcHPw4rPxwUR27JS\ngoWqbi1wAz0smhQbNvedKs01cQbwF/Gr9+7g2/F0nK/T5K61KSEKjqvWsOv1xUCP\na7gxlvUJskp0BPOsw9uwgvEeofBbHfjUDyACSx2E8qTthQ3ec9hAiz5PpT47ux8j\nVsexY0gOwGY1U0JGMvy5xoQcGNyUWiAGXk22gFaErl82FKDlL60CggEBAOX2PgM3\nGOX9IUjgV66RBbjCEVDMRjvG0m2Z8w+FuiqZDuLyW/XMDrHzzHIObzr9U8PzXnF+\nu0mZsphxH2/y5qVAMeEXyUIIaAFZMcFRFkfKviuEXoIL4ofs8MTDBOaEKBkJuSQi\nB5XT6AO5PViw8SqFCh4oLOvA3E5fd2enChGdZNJRhN82hcMZNHqFW3leG3OBMjS4\nk2azrUs9htQkk+fhb7lKyUHNGxbGr7pWGho0mwCJqRlWQwrEXXrpUS46f+eHUbs4\nDyhy+xs3DpmIWiqNPOepdgxdnd+OPFssVW09qz8ezRC3QeqtCJFa/EQgJxacfCJQ\nRDgyxBtka4aD5JcCggEBAMMA9Ms+tNhy4eCJMOnNebrTPiv0wuJeWh5Y4aerT1e2\nqeMhhymAFnBZPIZ1XHtSYZRsSuuVE5x4m5/LxRL5lfsc6o9ICc1tcjlIh2v+mFpb\nBb2vGnwUoEnV0VOfE0lco2SPJ3n1VLDgKWKkk72pGKPbIcPK3XB9wT3tcMeLzc3/\nbmbcrNBdgcop4Iwy6FSKbPFw7aNzHcfLIHPgfXHcEjlJxlFM142HMEcHjpiyXQPY\nTO9icIYVKMN7++Uz0sjc0YFdwd8o2KnYHHv5fXwhifsM2yV5YQAyfW+tGueKVVEg\n5JKWddFbzOOiudeAkbfyOoyxoFdzglbmBYsmj6mw7gcCggEADJU2u3JOWHdLVPOB\nmLmyuHNWAzfKOAcfCIQ9+oF0uFP7rotYYNCzlSUj8LG9gFrQNI6igk9O7C4OyayW\n7cc6u5wRnqFwj75qAnjg8hT/xRng4fyyNydzU8CxQ/Lv17UvhH81tDZwd9BKh7mh\nE7NK3uq8rP3Bx3ycEWXD4NYRBPm5xJBVVuli1FQSvQmDAdcWZXGST7QxzJLUTqOl\nNwJxXWTGejsPXBxe+RYSE34Wm4x5VsQxjoNb08D+5HTTzlXBHegXnsjoe2wfNVQD\n5n7BgEaOKJbrMK4Gr27W+p4oZnvTXPbQfbOpVa/2Ig36c7fWq7QQTshZk0Gj3WPX\nRlr9LQKCAQA0v814LT4+TtVLJ9FTbYHAR+RJf6w4D83Q57oi4PRVhdPu3OLzFvL6\n8SiuNpENyvsaazDZCTqE2Rs/3p8wwtMPWoMYvyPnrfN4C2aWkAgmaPjklrlTV0EE\nuBInzKAq+CQ6z36ePv7p2blYNazBYTyJFn3LuNSt2Vasqc4YLHk/gBkdOhSFSMYT\nKcDUK/Es7UULCsE9taYYpZnhvpgwdJd5Z7t9wouMfUVR8XlhVN5Ua+5j0v0dSBv+\nxUsedSZPr2v80p/e/e2eBBewcYzAR1JL1u5w9KSIqR/FVc4xU/pAN+WcwZadS3fh\nG+Opp93DJIMyC9qTzWs0loRpX8T84h+BAoIBAQDA43AW1h2ghQOyTXNB8+pfmZyP\non5HELAFnyESiJnBaIaC+6U0R384s2M0ITC4LbP6eQj9IlUs4HUIU8gLdDRYTLjo\nCCK9/xf7PLph2NProhM/Whs9GdO0bM0KPHOUMDDzbYgMzttKOoGCSgw7d8AUAZqp\ni5JnlmXNJw6Aied90m/nr3IMoVqGBAQ04QTpsVxshIx2J1K3PVU/FCCnnHepLnXV\nmQ4VHh6TskZu41QrfIvq3U6+nRWOnq2pOX4tIIAkGEy3w7Br8MZNxP5EIfgQQ1cK\ne4DzCLsgnXg2OAzEACtMOfPxGkpcArKsEaydy8BxzNzWFnzAck5az4pE9BVP\n-----END RSA PRIVATE KEY-----\n","private_key_pem_pkcs8":"-----BEGIN PRIVATE KEY-----\nMIIJQwIBADANBgkqhkiG9w0BAQEFAASCCS0wggkpAgEAAoICAQCvK20huKpK15TK\nXqoBYx6j1yN/zriWxSeqxe3Bn9SNWElAtjqyjNSiy0zysin3sZQHXqFC6Ry+Mo9d\nK1DOarfaSIdkhljnzdKQAt9rITScI9R45m7PPYB9emSEJZjVLtON55Fdj8aQfihL\nVAd89pEAphZkdKivroETDuY8/dWYeshBAoNRBD1hklZe+LtOBYlqkEwLUR4BBe8S\nJ2MA0ecinn6ELq7Y+mS1j9kPsuY+lxJGN7XaBPvqUGJN1maxK5m6CzL/Dfam+AKI\nwURLOT1NxYcbVbtU87iKBHdjSfsZBWPDfVLBAyEIwGMg5EOOLCFOA22fmbQAp3+3\nt+GipO105FtdDj4lgjAhr2Q3/Hf0R461lm50y8lOlz5310kl/pJvyz71ijvEqyY1\naUmD8G30BvZLAm+9yWA8SvKnqwRlvb3uamwi9nv01Bq71184QyD/9DP2G8u7AmFL\nf8dpDXJEpSZeqNveRsoz3ihyArgdXoeJQcoqCIX46DquzHy8UKUglThZCjxdqaOK\nZETymq0JOtB1qJNCo2Rjun2QoPifIGbAFdqFN+yBdvm7R7r3e6Ey3qWKyyd3kZnv\n4Cd8aUpPwLo0AMD1K6NlAEJq7KVJ/mWIAeJCddpDBnnTQ2+untD3mLSrYYt2oZid\nSsuJhtlhBpNqoxOpaJqibVztIu+iIQIDAQABAoICAQCqk+RK4TPbe8Flq/drMGWm\n8JqeG+T+1PCCyQl08rqeBaoXvRy9wIxUFxtQfxSFIsTexFTO/ohB4qRe+w5OY/ez\nNcu6pWUwHer81/9OqGA96FpAfUzMvLxB9Iyrbp08g8P5PNX+wUKAdImyiRpdoxGj\nCxllK4EUyx7gOzMTk6+LM42MWPEdVL6dJE69XwOuv4+IWQnkP1Kzdl7PU9GB++VT\nffn/qCIWIwctEu4x7mlt69kczaVlsFLMYwjHeZA42Rdy5vL7ElLtVzfIikOB6TR8\nZmzhvoOU/1zl8eF8q488V1ZGCOUsFWr2xboCTqZGbUzlVktLDvcNaA7kDclIg8jC\n3MP2rHPgmzubvaZXY2eyr7T+quSIpefeSxeVu2wfWRXyebLu1XmQ5kdtkkfH1bic\nG5GNyaQTpf++ZTPg3ksic7xT3WZd7L+x6V/Aq3BD+qKMXr5UGC8ioZ3QegJcU9cU\nnuKXKc8gNQtY90Q3ntUhwc/Dis/HBRHbslKChapuLXADPSyaFBs2950qzTVxBvAX\n8av37uDb8XScr9PkrrUpIQqOq9aw6/XFQI9ruDGW9QmySnQE86zD27CC8R6h8Fsd\n+NQPIAJLHYTypO2FDd5z2ECLPk+lPju7HyNWx7FjSA7AZjVTQkYy/LnGhBwY3JRa\nIAZeTbaAVoSuXzYUoOUvrQKCAQEA5fY+AzcY5f0hSOBXrpEFuMIRUMxGO8bSbZnz\nD4W6KpkO4vJb9cwOsfPMcg5vOv1Tw/NecX67SZmymHEfb/LmpUAx4RfJQghoAVkx\nwVEWR8q+K4Reggvih+zwxMME5oQoGQm5JCIHldPoA7k9WLDxKoUKHigs68DcTl93\nZ6cKEZ1k0lGE3zaFwxk0eoVbeV4bc4EyNLiTZrOtSz2G1CST5+FvuUrJQc0bFsav\nulYaGjSbAImpGVZDCsRdeulRLjp/54dRuzgPKHL7GzcOmYhaKo0856l2DF2d3448\nWyxVbT2rPx7NELdB6q0IkVr8RCAnFpx8IlBEODLEG2RrhoPklwKCAQEAwwD0yz60\n2HLh4Ikw6c15utM+K/TC4l5aHljhp6tPV7ap4yGHKYAWcFk8hnVce1JhlGxK65UT\nnHibn8vFEvmV+xzqj0gJzW1yOUiHa/6YWlsFva8afBSgSdXRU58TSVyjZI8nefVU\nsOApYqSTvakYo9shw8rdcH3BPe1wx4vNzf9uZtys0F2ByingjDLoVIps8XDto3Md\nx8sgc+B9cdwSOUnGUUzXjYcwRweOmLJdA9hM72JwhhUow3v75TPSyNzRgV3B3yjY\nqdgce/l9fCGJ+wzbJXlhADJ9b60a54pVUSDkkpZ10VvM46K514CRt/I6jLGgV3OC\nVuYFiyaPqbDuBwKCAQAMlTa7ck5Yd0tU84GYubK4c1YDN8o4Bx8IhD36gXS4U/uu\ni1hg0LOVJSPwsb2AWtA0jqKCT07sLg7JrJbtxzq7nBGeoXCPvmoCeODyFP/FGeDh\n/LI3J3NTwLFD8u/XtS+EfzW0NnB30EqHuaETs0re6rys/cHHfJwRZcPg1hEE+bnE\nkFVW6WLUVBK9CYMB1xZlcZJPtDHMktROo6U3AnFdZMZ6Ow9cHF75FhITfhabjHlW\nxDGOg1vTwP7kdNPOVcEd6BeeyOh7bB81VAPmfsGARo4oluswrgavbtb6nihme9Nc\n9tB9s6lVr/YiDfpzt9artBBOyFmTQaPdY9dGWv0tAoIBADS/zXgtPj5O1Usn0VNt\ngcBH5El/rDgPzdDnuiLg9FWF0+7c4vMW8vrxKK42kQ3K+xprMNkJOoTZGz/enzDC\n0w9agxi/I+et83gLZpaQCCZo+OSWuVNXQQS4EifMoCr4JDrPfp4+/unZuVg1rMFh\nPIkWfcu41K3ZVqypzhgseT+AGR06FIVIxhMpwNQr8SztRQsKwT21philmeG+mDB0\nl3lnu33Ci4x9RVHxeWFU3lRr7mPS/R1IG/7FSx51Jk+va/zSn9797Z4EF7BxjMBH\nUkvW7nD0pIipH8VVzjFT+kA35ZzBlp1Ld+Eb46mn3cMkgzIL2pPNazSWhGlfxPzi\nH4ECggEBAMDjcBbWHaCFA7JNc0Hz6l+ZnI+ifkcQsAWfIRKImcFohoL7pTRHfziz\nYzQhMLgts/p5CP0iVSzgdQhTyAt0NFhMuOgIIr3/F/s8umHY0+uiEz9aGz0Z07Rs\nzQo8c5QwMPNtiAzO20o6gYJKDDt3wBQBmqmLkmeWZc0nDoCJ533Sb+evcgyhWoYE\nBDThBOmxXGyEjHYnUrc9VT8UIKecd6kuddWZDhUeHpOyRm7jVCt8i+rdTr6dFY6e\nrak5fi0ggCQYTLfDsGvwxk3E/kQh+BBDVwp7gPMIuyCdeDY4DMQAK0w58/EaSlwC\nsqwRrJ3LwHHM3NYWfMByTlrPikT0FU8=\n-----END PRIVATE KEY-----\n","public_key_fingerprint_md5":"05:8e:ec:bd:c2:fc:1c:ae:3b:e0:bb:39:af:81:5e:1b","public_key_fingerprint_sha256":"SHA256:kUmKLjy02KEwmPmp1Ia0J/FPjPMcf55FboD9BbsXBtI","public_key_openssh":"ssh-rsa AAAAB3NzaC1yc2EAAAADAQABAAACAQCvK20huKpK15TKXqoBYx6j1yN/zriWxSeqxe3Bn9SNWElAtjqyjNSiy0zysin3sZQHXqFC6Ry+Mo9dK1DOarfaSIdkhljnzdKQAt9rITScI9R45m7PPYB9emSEJZjVLtON55Fdj8aQfihLVAd89pEAphZkdKivroETDuY8/dWYeshBAoNRBD1hklZe+LtOBYlqkEwLUR4BBe8SJ2MA0ecinn6ELq7Y+mS1j9kPsuY+lxJGN7XaBPvqUGJN1maxK5m6CzL/Dfam+AKIwURLOT1NxYcbVbtU87iKBHdjSfsZBWPDfVLBAyEIwGMg5EOOLCFOA22fmbQAp3+3t+GipO105FtdDj4lgjAhr2Q3/Hf0R461lm50y8lOlz5310kl/pJvyz71ijvEqyY1aUmD8G30BvZLAm+9yWA8SvKnqwRlvb3uamwi9nv01Bq71184QyD/9DP2G8u7AmFLf8dpDXJEpSZeqNveRsoz3ihyArgdXoeJQcoqCIX46DquzHy8UKUglThZCjxdqaOKZETymq0JOtB1qJNCo2Rjun2QoPifIGbAFdqFN+yBdvm7R7r3e6Ey3qWKyyd3kZnv4Cd8aUpPwLo0AMD1K6NlAEJq7KVJ/mWIAeJCddpDBnnTQ2+untD3mLSrYYt2oZidSsuJhtlhBpNqoxOpaJqibVztIu+iIQ==\n","public_key_pem":"-----BEGIN PUBLIC KEY-----\nMIICIjANBgkqhkiG9w0BAQEFAAOCAg8AMIICCgKCAgEAryttIbiqSteUyl6qAWMe\no9cjf864lsUnqsXtwZ/UjVhJQLY6sozUostM8rIp97GUB16hQukcvjKPXStQzmq3\n2kiHZIZY583SkALfayE0nCPUeOZuzz2AfXpkhCWY1S7TjeeRXY/GkH4oS1QHfPaR\nAKYWZHSor66BEw7mPP3VmHrIQQKDUQQ9YZJWXvi7TgWJapBMC1EeAQXvEidjANHn\nIp5+hC6u2PpktY/ZD7LmPpcSRje12gT76lBiTdZmsSuZugsy/w32pvgCiMFESzk9\nTcWHG1W7VPO4igR3Y0n7GQVjw31SwQMhCMBjIORDjiwhTgNtn5m0AKd/t7fhoqTt\ndORbXQ4+JYIwIa9kN/x39EeOtZZudMvJTpc+d9dJJf6Sb8s+9Yo7xKsmNWlJg/Bt\n9Ab2SwJvvclgPEryp6sEZb297mpsIvZ79NQau9dfOEMg//Qz9hvLuwJhS3/HaQ1y\nRKUmXqjb3kbKM94ocgK4HV6HiUHKKgiF+Og6rsx8vFClIJU4WQo8XamjimRE8pqt\nCTrQdaiTQqNkY7p9kKD4nyBmwBXahTfsgXb5u0e693uhMt6lissnd5GZ7+AnfGlK\nT8C6NADA9SujZQBCauylSf5liAHiQnXaQwZ500Nvrp7Q95i0q2GLdqGYnUrLiYbZ\nYQaTaqMTqWiaom1c7SLvoiECAwEAAQ==\n-----END PUBLIC KEY-----\n","rsa_bits":4096},"after_unknown":{},"before_sensitive":{"private_key_openssh":true,"private_key_pem":true,"private_key_pem_pkcs8":true},"after_sensitive":{"private_key_openssh":true,"private_key_pem":true,"private_key_pem_pkcs8":true}}}],"output_changes":{"key_pair_arn":{"actions":["no-op"],"before":"arn:aws:ec2:us-east-1:447552758530:key-pair/sophos","after":"arn:aws:ec2:us-east-1:447552758530:key-pair/sophos","after_unknown":false,"before_sensitive":false,"after_sensitive":false},"key_pair_id":{"actions":["no-op"],"before":"key-09ff2ae428d661e4e","after":"key-09ff2ae428d661e4e","after_unknown":false,"before_sensitive":false,"after_sensitive":false},"key_pair_name":{"actions":["no-op"],"before":"sophos","after":"sophos","after_unknown":false,"before_sensitive":false,"after_sensitive":false},"private_key_pem":{"actions":["no-op"],"before":"-----BEGIN RSA PRIVATE KEY-----\nMIIJKQIBAAKCAgEAryttIbiqSteUyl6qAWMeo9cjf864lsUnqsXtwZ/UjVhJQLY6\nsozUostM8rIp97GUB16hQukcvjKPXStQzmq32kiHZIZY583SkALfayE0nCPUeOZu\nzz2AfXpkhCWY1S7TjeeRXY/GkH4oS1QHfPaRAKYWZHSor66BEw7mPP3VmHrIQQKD\nUQQ9YZJWXvi7TgWJapBMC1EeAQXvEidjANHnIp5+hC6u2PpktY/ZD7LmPpcSRje1\n2gT76lBiTdZmsSuZugsy/w32pvgCiMFESzk9TcWHG1W7VPO4igR3Y0n7GQVjw31S\nwQMhCMBjIORDjiwhTgNtn5m0AKd/t7fhoqTtdORbXQ4+JYIwIa9kN/x39EeOtZZu\ndMvJTpc+d9dJJf6Sb8s+9Yo7xKsmNWlJg/Bt9Ab2SwJvvclgPEryp6sEZb297mps\nIvZ79NQau9dfOEMg//Qz9hvLuwJhS3/HaQ1yRKUmXqjb3kbKM94ocgK4HV6HiUHK\nKgiF+Og6rsx8vFClIJU4WQo8XamjimRE8pqtCTrQdaiTQqNkY7p9kKD4nyBmwBXa\nhTfsgXb5u0e693uhMt6lissnd5GZ7+AnfGlKT8C6NADA9SujZQBCauylSf5liAHi\nQnXaQwZ500Nvrp7Q95i0q2GLdqGYnUrLiYbZYQaTaqMTqWiaom1c7SLvoiECAwEA\nAQKCAgEAqpPkSuEz23vBZav3azBlpvCanhvk/tTwgskJdPK6ngWqF70cvcCMVBcb\nUH8UhSLE3sRUzv6IQeKkXvsOTmP3szXLuqVlMB3q/Nf/TqhgPehaQH1MzLy8QfSM\nq26dPIPD+TzV/sFCgHSJsokaXaMRowsZZSuBFMse4DszE5OvizONjFjxHVS+nSRO\nvV8Drr+PiFkJ5D9Ss3Zez1PRgfvlU335/6giFiMHLRLuMe5pbevZHM2lZbBSzGMI\nx3mQONkXcuby+xJS7Vc3yIpDgek0fGZs4b6DlP9c5fHhfKuPPFdWRgjlLBVq9sW6\nAk6mRm1M5VZLSw73DWgO5A3JSIPIwtzD9qxz4Js7m72mV2Nnsq+0/qrkiKXn3ksX\nlbtsH1kV8nmy7tV5kOZHbZJHx9W4nBuRjcmkE6X/vmUz4N5LInO8U91mXey/self\nwKtwQ/qijF6+VBgvIqGd0HoCXFPXFJ7ilynPIDULWPdEN57VIcHPw4rPxwUR27JS\ngoWqbi1wAz0smhQbNvedKs01cQbwF/Gr9+7g2/F0nK/T5K61KSEKjqvWsOv1xUCP\na7gxlvUJskp0BPOsw9uwgvEeofBbHfjUDyACSx2E8qTthQ3ec9hAiz5PpT47ux8j\nVsexY0gOwGY1U0JGMvy5xoQcGNyUWiAGXk22gFaErl82FKDlL60CggEBAOX2PgM3\nGOX9IUjgV66RBbjCEVDMRjvG0m2Z8w+FuiqZDuLyW/XMDrHzzHIObzr9U8PzXnF+\nu0mZsphxH2/y5qVAMeEXyUIIaAFZMcFRFkfKviuEXoIL4ofs8MTDBOaEKBkJuSQi\nB5XT6AO5PViw8SqFCh4oLOvA3E5fd2enChGdZNJRhN82hcMZNHqFW3leG3OBMjS4\nk2azrUs9htQkk+fhb7lKyUHNGxbGr7pWGho0mwCJqRlWQwrEXXrpUS46f+eHUbs4\nDyhy+xs3DpmIWiqNPOepdgxdnd+OPFssVW09qz8ezRC3QeqtCJFa/EQgJxacfCJQ\nRDgyxBtka4aD5JcCggEBAMMA9Ms+tNhy4eCJMOnNebrTPiv0wuJeWh5Y4aerT1e2\nqeMhhymAFnBZPIZ1XHtSYZRsSuuVE5x4m5/LxRL5lfsc6o9ICc1tcjlIh2v+mFpb\nBb2vGnwUoEnV0VOfE0lco2SPJ3n1VLDgKWKkk72pGKPbIcPK3XB9wT3tcMeLzc3/\nbmbcrNBdgcop4Iwy6FSKbPFw7aNzHcfLIHPgfXHcEjlJxlFM142HMEcHjpiyXQPY\nTO9icIYVKMN7++Uz0sjc0YFdwd8o2KnYHHv5fXwhifsM2yV5YQAyfW+tGueKVVEg\n5JKWddFbzOOiudeAkbfyOoyxoFdzglbmBYsmj6mw7gcCggEADJU2u3JOWHdLVPOB\nmLmyuHNWAzfKOAcfCIQ9+oF0uFP7rotYYNCzlSUj8LG9gFrQNI6igk9O7C4OyayW\n7cc6u5wRnqFwj75qAnjg8hT/xRng4fyyNydzU8CxQ/Lv17UvhH81tDZwd9BKh7mh\nE7NK3uq8rP3Bx3ycEWXD4NYRBPm5xJBVVuli1FQSvQmDAdcWZXGST7QxzJLUTqOl\nNwJxXWTGejsPXBxe+RYSE34Wm4x5VsQxjoNb08D+5HTTzlXBHegXnsjoe2wfNVQD\n5n7BgEaOKJbrMK4Gr27W+p4oZnvTXPbQfbOpVa/2Ig36c7fWq7QQTshZk0Gj3WPX\nRlr9LQKCAQA0v814LT4+TtVLJ9FTbYHAR+RJf6w4D83Q57oi4PRVhdPu3OLzFvL6\n8SiuNpENyvsaazDZCTqE2Rs/3p8wwtMPWoMYvyPnrfN4C2aWkAgmaPjklrlTV0EE\nuBInzKAq+CQ6z36ePv7p2blYNazBYTyJFn3LuNSt2Vasqc4YLHk/gBkdOhSFSMYT\nKcDUK/Es7UULCsE9taYYpZnhvpgwdJd5Z7t9wouMfUVR8XlhVN5Ua+5j0v0dSBv+\nxUsedSZPr2v80p/e/e2eBBewcYzAR1JL1u5w9KSIqR/FVc4xU/pAN+WcwZadS3fh\nG+Opp93DJIMyC9qTzWs0loRpX8T84h+BAoIBAQDA43AW1h2ghQOyTXNB8+pfmZyP\non5HELAFnyESiJnBaIaC+6U0R384s2M0ITC4LbP6eQj9IlUs4HUIU8gLdDRYTLjo\nCCK9/xf7PLph2NProhM/Whs9GdO0bM0KPHOUMDDzbYgMzttKOoGCSgw7d8AUAZqp\ni5JnlmXNJw6Aied90m/nr3IMoVqGBAQ04QTpsVxshIx2J1K3PVU/FCCnnHepLnXV\nmQ4VHh6TskZu41QrfIvq3U6+nRWOnq2pOX4tIIAkGEy3w7Br8MZNxP5EIfgQQ1cK\ne4DzCLsgnXg2OAzEACtMOfPxGkpcArKsEaydy8BxzNzWFnzAck5az4pE9BVP\n-----END RSA PRIVATE KEY-----","after":"-----BEGIN RSA PRIVATE KEY-----\nMIIJKQIBAAKCAgEAryttIbiqSteUyl6qAWMeo9cjf864lsUnqsXtwZ/UjVhJQLY6\nsozUostM8rIp97GUB16hQukcvjKPXStQzmq32kiHZIZY583SkALfayE0nCPUeOZu\nzz2AfXpkhCWY1S7TjeeRXY/GkH4oS1QHfPaRAKYWZHSor66BEw7mPP3VmHrIQQKD\nUQQ9YZJWXvi7TgWJapBMC1EeAQXvEidjANHnIp5+hC6u2PpktY/ZD7LmPpcSRje1\n2gT76lBiTdZmsSuZugsy/w32pvgCiMFESzk9TcWHG1W7VPO4igR3Y0n7GQVjw31S\nwQMhCMBjIORDjiwhTgNtn5m0AKd/t7fhoqTtdORbXQ4+JYIwIa9kN/x39EeOtZZu\ndMvJTpc+d9dJJf6Sb8s+9Yo7xKsmNWlJg/Bt9Ab2SwJvvclgPEryp6sEZb297mps\nIvZ79NQau9dfOEMg//Qz9hvLuwJhS3/HaQ1yRKUmXqjb3kbKM94ocgK4HV6HiUHK\nKgiF+Og6rsx8vFClIJU4WQo8XamjimRE8pqtCTrQdaiTQqNkY7p9kKD4nyBmwBXa\nhTfsgXb5u0e693uhMt6lissnd5GZ7+AnfGlKT8C6NADA9SujZQBCauylSf5liAHi\nQnXaQwZ500Nvrp7Q95i0q2GLdqGYnUrLiYbZYQaTaqMTqWiaom1c7SLvoiECAwEA\nAQKCAgEAqpPkSuEz23vBZav3azBlpvCanhvk/tTwgskJdPK6ngWqF70cvcCMVBcb\nUH8UhSLE3sRUzv6IQeKkXvsOTmP3szXLuqVlMB3q/Nf/TqhgPehaQH1MzLy8QfSM\nq26dPIPD+TzV/sFCgHSJsokaXaMRowsZZSuBFMse4DszE5OvizONjFjxHVS+nSRO\nvV8Drr+PiFkJ5D9Ss3Zez1PRgfvlU335/6giFiMHLRLuMe5pbevZHM2lZbBSzGMI\nx3mQONkXcuby+xJS7Vc3yIpDgek0fGZs4b6DlP9c5fHhfKuPPFdWRgjlLBVq9sW6\nAk6mRm1M5VZLSw73DWgO5A3JSIPIwtzD9qxz4Js7m72mV2Nnsq+0/qrkiKXn3ksX\nlbtsH1kV8nmy7tV5kOZHbZJHx9W4nBuRjcmkE6X/vmUz4N5LInO8U91mXey/self\nwKtwQ/qijF6+VBgvIqGd0HoCXFPXFJ7ilynPIDULWPdEN57VIcHPw4rPxwUR27JS\ngoWqbi1wAz0smhQbNvedKs01cQbwF/Gr9+7g2/F0nK/T5K61KSEKjqvWsOv1xUCP\na7gxlvUJskp0BPOsw9uwgvEeofBbHfjUDyACSx2E8qTthQ3ec9hAiz5PpT47ux8j\nVsexY0gOwGY1U0JGMvy5xoQcGNyUWiAGXk22gFaErl82FKDlL60CggEBAOX2PgM3\nGOX9IUjgV66RBbjCEVDMRjvG0m2Z8w+FuiqZDuLyW/XMDrHzzHIObzr9U8PzXnF+\nu0mZsphxH2/y5qVAMeEXyUIIaAFZMcFRFkfKviuEXoIL4ofs8MTDBOaEKBkJuSQi\nB5XT6AO5PViw8SqFCh4oLOvA3E5fd2enChGdZNJRhN82hcMZNHqFW3leG3OBMjS4\nk2azrUs9htQkk+fhb7lKyUHNGxbGr7pWGho0mwCJqRlWQwrEXXrpUS46f+eHUbs4\nDyhy+xs3DpmIWiqNPOepdgxdnd+OPFssVW09qz8ezRC3QeqtCJFa/EQgJxacfCJQ\nRDgyxBtka4aD5JcCggEBAMMA9Ms+tNhy4eCJMOnNebrTPiv0wuJeWh5Y4aerT1e2\nqeMhhymAFnBZPIZ1XHtSYZRsSuuVE5x4m5/LxRL5lfsc6o9ICc1tcjlIh2v+mFpb\nBb2vGnwUoEnV0VOfE0lco2SPJ3n1VLDgKWKkk72pGKPbIcPK3XB9wT3tcMeLzc3/\nbmbcrNBdgcop4Iwy6FSKbPFw7aNzHcfLIHPgfXHcEjlJxlFM142HMEcHjpiyXQPY\nTO9icIYVKMN7++Uz0sjc0YFdwd8o2KnYHHv5fXwhifsM2yV5YQAyfW+tGueKVVEg\n5JKWddFbzOOiudeAkbfyOoyxoFdzglbmBYsmj6mw7gcCggEADJU2u3JOWHdLVPOB\nmLmyuHNWAzfKOAcfCIQ9+oF0uFP7rotYYNCzlSUj8LG9gFrQNI6igk9O7C4OyayW\n7cc6u5wRnqFwj75qAnjg8hT/xRng4fyyNydzU8CxQ/Lv17UvhH81tDZwd9BKh7mh\nE7NK3uq8rP3Bx3ycEWXD4NYRBPm5xJBVVuli1FQSvQmDAdcWZXGST7QxzJLUTqOl\nNwJxXWTGejsPXBxe+RYSE34Wm4x5VsQxjoNb08D+5HTTzlXBHegXnsjoe2wfNVQD\n5n7BgEaOKJbrMK4Gr27W+p4oZnvTXPbQfbOpVa/2Ig36c7fWq7QQTshZk0Gj3WPX\nRlr9LQKCAQA0v814LT4+TtVLJ9FTbYHAR+RJf6w4D83Q57oi4PRVhdPu3OLzFvL6\n8SiuNpENyvsaazDZCTqE2Rs/3p8wwtMPWoMYvyPnrfN4C2aWkAgmaPjklrlTV0EE\nuBInzKAq+CQ6z36ePv7p2blYNazBYTyJFn3LuNSt2Vasqc4YLHk/gBkdOhSFSMYT\nKcDUK/Es7UULCsE9taYYpZnhvpgwdJd5Z7t9wouMfUVR8XlhVN5Ua+5j0v0dSBv+\nxUsedSZPr2v80p/e/e2eBBewcYzAR1JL1u5w9KSIqR/FVc4xU/pAN+WcwZadS3fh\nG+Opp93DJIMyC9qTzWs0loRpX8T84h+BAoIBAQDA43AW1h2ghQOyTXNB8+pfmZyP\non5HELAFnyESiJnBaIaC+6U0R384s2M0ITC4LbP6eQj9IlUs4HUIU8gLdDRYTLjo\nCCK9/xf7PLph2NProhM/Whs9GdO0bM0KPHOUMDDzbYgMzttKOoGCSgw7d8AUAZqp\ni5JnlmXNJw6Aied90m/nr3IMoVqGBAQ04QTpsVxshIx2J1K3PVU/FCCnnHepLnXV\nmQ4VHh6TskZu41QrfIvq3U6+nRWOnq2pOX4tIIAkGEy3w7Br8MZNxP5EIfgQQ1cK\ne4DzCLsgnXg2OAzEACtMOfPxGkpcArKsEaydy8BxzNzWFnzAck5az4pE9BVP\n-----END RSA PRIVATE KEY-----","after_unknown":false,"before_sensitive":true,"after_sensitive":true},"public_ip":{"actions":["no-op"],"before":["107.21.206.93"],"after":["107.21.206.93"],"after_unknown":false,"before_sensitive":false,"after_sensitive":false}},"prior_state":{"format_version":"1.0","terraform_version":"1.2.8","values":{"outputs":{"key_pair_arn":{"sensitive":false,"value":"arn:aws:ec2:us-east-1:447552758530:key-pair/sophos","type":"string"},"key_pair_id":{"sensitive":false,"value":"key-09ff2ae428d661e4e","type":"string"},"key_pair_name":{"sensitive":false,"value":"sophos","type":"string"},"private_key_pem":{"sensitive":true,"value":"-----BEGIN RSA PRIVATE KEY-----\nMIIJKQIBAAKCAgEAryttIbiqSteUyl6qAWMeo9cjf864lsUnqsXtwZ/UjVhJQLY6\nsozUostM8rIp97GUB16hQukcvjKPXStQzmq32kiHZIZY583SkALfayE0nCPUeOZu\nzz2AfXpkhCWY1S7TjeeRXY/GkH4oS1QHfPaRAKYWZHSor66BEw7mPP3VmHrIQQKD\nUQQ9YZJWXvi7TgWJapBMC1EeAQXvEidjANHnIp5+hC6u2PpktY/ZD7LmPpcSRje1\n2gT76lBiTdZmsSuZugsy/w32pvgCiMFESzk9TcWHG1W7VPO4igR3Y0n7GQVjw31S\nwQMhCMBjIORDjiwhTgNtn5m0AKd/t7fhoqTtdORbXQ4+JYIwIa9kN/x39EeOtZZu\ndMvJTpc+d9dJJf6Sb8s+9Yo7xKsmNWlJg/Bt9Ab2SwJvvclgPEryp6sEZb297mps\nIvZ79NQau9dfOEMg//Qz9hvLuwJhS3/HaQ1yRKUmXqjb3kbKM94ocgK4HV6HiUHK\nKgiF+Og6rsx8vFClIJU4WQo8XamjimRE8pqtCTrQdaiTQqNkY7p9kKD4nyBmwBXa\nhTfsgXb5u0e693uhMt6lissnd5GZ7+AnfGlKT8C6NADA9SujZQBCauylSf5liAHi\nQnXaQwZ500Nvrp7Q95i0q2GLdqGYnUrLiYbZYQaTaqMTqWiaom1c7SLvoiECAwEA\nAQKCAgEAqpPkSuEz23vBZav3azBlpvCanhvk/tTwgskJdPK6ngWqF70cvcCMVBcb\nUH8UhSLE3sRUzv6IQeKkXvsOTmP3szXLuqVlMB3q/Nf/TqhgPehaQH1MzLy8QfSM\nq26dPIPD+TzV/sFCgHSJsokaXaMRowsZZSuBFMse4DszE5OvizONjFjxHVS+nSRO\nvV8Drr+PiFkJ5D9Ss3Zez1PRgfvlU335/6giFiMHLRLuMe5pbevZHM2lZbBSzGMI\nx3mQONkXcuby+xJS7Vc3yIpDgek0fGZs4b6DlP9c5fHhfKuPPFdWRgjlLBVq9sW6\nAk6mRm1M5VZLSw73DWgO5A3JSIPIwtzD9qxz4Js7m72mV2Nnsq+0/qrkiKXn3ksX\nlbtsH1kV8nmy7tV5kOZHbZJHx9W4nBuRjcmkE6X/vmUz4N5LInO8U91mXey/self\nwKtwQ/qijF6+VBgvIqGd0HoCXFPXFJ7ilynPIDULWPdEN57VIcHPw4rPxwUR27JS\ngoWqbi1wAz0smhQbNvedKs01cQbwF/Gr9+7g2/F0nK/T5K61KSEKjqvWsOv1xUCP\na7gxlvUJskp0BPOsw9uwgvEeofBbHfjUDyACSx2E8qTthQ3ec9hAiz5PpT47ux8j\nVsexY0gOwGY1U0JGMvy5xoQcGNyUWiAGXk22gFaErl82FKDlL60CggEBAOX2PgM3\nGOX9IUjgV66RBbjCEVDMRjvG0m2Z8w+FuiqZDuLyW/XMDrHzzHIObzr9U8PzXnF+\nu0mZsphxH2/y5qVAMeEXyUIIaAFZMcFRFkfKviuEXoIL4ofs8MTDBOaEKBkJuSQi\nB5XT6AO5PViw8SqFCh4oLOvA3E5fd2enChGdZNJRhN82hcMZNHqFW3leG3OBMjS4\nk2azrUs9htQkk+fhb7lKyUHNGxbGr7pWGho0mwCJqRlWQwrEXXrpUS46f+eHUbs4\nDyhy+xs3DpmIWiqNPOepdgxdnd+OPFssVW09qz8ezRC3QeqtCJFa/EQgJxacfCJQ\nRDgyxBtka4aD5JcCggEBAMMA9Ms+tNhy4eCJMOnNebrTPiv0wuJeWh5Y4aerT1e2\nqeMhhymAFnBZPIZ1XHtSYZRsSuuVE5x4m5/LxRL5lfsc6o9ICc1tcjlIh2v+mFpb\nBb2vGnwUoEnV0VOfE0lco2SPJ3n1VLDgKWKkk72pGKPbIcPK3XB9wT3tcMeLzc3/\nbmbcrNBdgcop4Iwy6FSKbPFw7aNzHcfLIHPgfXHcEjlJxlFM142HMEcHjpiyXQPY\nTO9icIYVKMN7++Uz0sjc0YFdwd8o2KnYHHv5fXwhifsM2yV5YQAyfW+tGueKVVEg\n5JKWddFbzOOiudeAkbfyOoyxoFdzglbmBYsmj6mw7gcCggEADJU2u3JOWHdLVPOB\nmLmyuHNWAzfKOAcfCIQ9+oF0uFP7rotYYNCzlSUj8LG9gFrQNI6igk9O7C4OyayW\n7cc6u5wRnqFwj75qAnjg8hT/xRng4fyyNydzU8CxQ/Lv17UvhH81tDZwd9BKh7mh\nE7NK3uq8rP3Bx3ycEWXD4NYRBPm5xJBVVuli1FQSvQmDAdcWZXGST7QxzJLUTqOl\nNwJxXWTGejsPXBxe+RYSE34Wm4x5VsQxjoNb08D+5HTTzlXBHegXnsjoe2wfNVQD\n5n7BgEaOKJbrMK4Gr27W+p4oZnvTXPbQfbOpVa/2Ig36c7fWq7QQTshZk0Gj3WPX\nRlr9LQKCAQA0v814LT4+TtVLJ9FTbYHAR+RJf6w4D83Q57oi4PRVhdPu3OLzFvL6\n8SiuNpENyvsaazDZCTqE2Rs/3p8wwtMPWoMYvyPnrfN4C2aWkAgmaPjklrlTV0EE\nuBInzKAq+CQ6z36ePv7p2blYNazBYTyJFn3LuNSt2Vasqc4YLHk/gBkdOhSFSMYT\nKcDUK/Es7UULCsE9taYYpZnhvpgwdJd5Z7t9wouMfUVR8XlhVN5Ua+5j0v0dSBv+\nxUsedSZPr2v80p/e/e2eBBewcYzAR1JL1u5w9KSIqR/FVc4xU/pAN+WcwZadS3fh\nG+Opp93DJIMyC9qTzWs0loRpX8T84h+BAoIBAQDA43AW1h2ghQOyTXNB8+pfmZyP\non5HELAFnyESiJnBaIaC+6U0R384s2M0ITC4LbP6eQj9IlUs4HUIU8gLdDRYTLjo\nCCK9/xf7PLph2NProhM/Whs9GdO0bM0KPHOUMDDzbYgMzttKOoGCSgw7d8AUAZqp\ni5JnlmXNJw6Aied90m/nr3IMoVqGBAQ04QTpsVxshIx2J1K3PVU/FCCnnHepLnXV\nmQ4VHh6TskZu41QrfIvq3U6+nRWOnq2pOX4tIIAkGEy3w7Br8MZNxP5EIfgQQ1cK\ne4DzCLsgnXg2OAzEACtMOfPxGkpcArKsEaydy8BxzNzWFnzAck5az4pE9BVP\n-----END RSA PRIVATE KEY-----","type":"string"},"public_ip":{"sensitive":false,"value":["107.21.206.93"],"type":["tuple",["string"]]}},"root_module":{"child_modules":[{"resources":[{"address":"module.example-basic.aws_eip.this","mode":"managed","type":"aws_eip","name":"this","provider_name":"registry.terraform.io/hashicorp/aws","schema_version":0,"values":{"address":null,"allocation_id":"eipalloc-03e62f0b41296cd1d","associate_with_private_ip":null,"association_id":"eipassoc-0ac2d29ab559a4e49","carrier_ip":"","customer_owned_ip":"","customer_owned_ipv4_pool":"","domain":"vpc","id":"eipalloc-03e62f0b41296cd1d","instance":"i-0c52a88894fb39afd","network_border_group":"us-east-1","network_interface":"eni-089481a4f26050435","private_dns":"ip-172-16-17-72.ec2.internal","private_ip":"172.16.17.72","public_dns":"ec2-107-21-206-93.compute-1.amazonaws.com","public_ip":"107.21.206.93","public_ipv4_pool":"amazon","tags":{"Name":"eip-sophos-xg_firewall"},"tags_all":{"Name":"eip-sophos-xg_firewall"},"timeouts":null,"vpc":true},"sensitive_values":{"tags":{},"tags_all":{}},"depends_on":["module.example-basic.aws_network_interface.public","module.example-basic.aws_subnet.public","module.example-basic.aws_vpc.this","module.example-basic.data.aws_availability_zones.available"]},{"address":"module.example-basic.aws_iam_instance_profile.this","mode":"managed","type":"aws_iam_instance_profile","name":"this","provider_name":"registry.terraform.io/hashicorp/aws","schema_version":0,"values":{"arn":"arn:aws:iam::447552758530:instance-profile/sophos-xg_firewall-EC2IAMProfile","create_date":"2022-09-09T16:59:56Z","id":"sophos-xg_firewall-EC2IAMProfile","name":"sophos-xg_firewall-EC2IAMProfile","name_prefix":null,"path":"/","role":"xg_firewall-EC2IAMRole","tags":{},"tags_all":{},"unique_id":"AIPAWQNBZEMBBEGQC3ARG"},"sensitive_values":{"tags":{},"tags_all":{}},"depends_on":["module.example-basic.aws_iam_role.this","module.example-basic.aws_secretsmanager_secret.sophospass","module.example-basic.aws_secretsmanager_secret.ssmk","module.example-basic.aws_secretsmanager_secret.xgconfig","module.example-basic.data.aws_iam_policy_document.ec2_iam_policy","module.example-basic.data.aws_iam_policy_document.ec2_iam_policy_ssmk","module.example-basic.data.aws_iam_policy_document.trust_relationship"]},{"address":"module.example-basic.aws_iam_role.this","mode":"managed","type":"aws_iam_role","name":"this","provider_name":"registry.terraform.io/hashicorp/aws","schema_version":0,"values":{"arn":"arn:aws:iam::447552758530:role/xg_firewall-EC2IAMRole","assume_role_policy":"{\"Statement\":[{\"Action\":\"sts:AssumeRole\",\"Effect\":\"Allow\",\"Principal\":{\"Service\":\"ec2.amazonaws.com\"},\"Sid\":\"\"}],\"Version\":\"2012-10-17\"}","create_date":"2022-09-09T16:59:55Z","description":"","force_detach_policies":false,"id":"xg_firewall-EC2IAMRole","inline_policy":[{"name":"EC2IAMPolicy","policy":"{\n  \"Version\": \"2012-10-17\",\n  \"Statement\": [\n    {\n      \"Sid\": \"\",\n      \"Effect\": \"Allow\",\n      \"Action\": [\n        \"secretsmanager:GetSecretValue\",\n        \"secretsmanager:DescribeSecret\"\n      ],\n      \"Resource\": [\n        \"arn:aws:secretsmanager:us-east-1:447552758530:secret:xg_firewall-xgconfig-EIhzbk\",\n        \"arn:aws:secretsmanager:us-east-1:447552758530:secret:xg_firewall-sophospass-RA3y8e\"\n      ]\n    }\n  ]\n}"},{"name":"EC2IAMPolicyForSSMK","policy":"{\n  \"Version\": \"2012-10-17\",\n  \"Statement\": [\n    {\n      \"Sid\": \"\",\n      \"Effect\": \"Allow\",\n      \"Action\": [\n        \"secretsmanager:GetSecretValue\",\n        \"secretsmanager:DescribeSecret\"\n      ],\n      \"Resource\": \"arn:aws:secretsmanager:us-east-1:447552758530:secret:xg_firewall-ssmk-QjEDi7\"\n    }\n  ]\n}"}],"managed_policy_arns":[],"max_session_duration":3600,"name":"xg_firewall-EC2IAMRole","name_prefix":"","path":"/","permissions_boundary":null,"tags":{},"tags_all":{},"unique_id":"AROAWQNBZEMBP2OJVB2GK"},"sensitive_values":{"inline_policy":[{},{}],"managed_policy_arns":[],"tags":{},"tags_all":{}},"depends_on":["module.example-basic.aws_secretsmanager_secret.sophospass","module.example-basic.aws_secretsmanager_secret.ssmk","module.example-basic.aws_secretsmanager_secret.xgconfig","module.example-basic.data.aws_iam_policy_document.ec2_iam_policy","module.example-basic.data.aws_iam_policy_document.ec2_iam_policy_ssmk","module.example-basic.data.aws_iam_policy_document.trust_relationship"]},{"address":"module.example-basic.aws_instance.this","mode":"managed","type":"aws_instance","name":"this","provider_name":"registry.terraform.io/hashicorp/aws","schema_version":1,"values":{"ami":"ami-024446f031786638b","arn":"arn:aws:ec2:us-east-1:447552758530:instance/i-0c52a88894fb39afd","associate_public_ip_address":true,"availability_zone":"us-east-1a","capacity_reservation_specification":[{"capacity_reservation_preference":"open","capacity_reservation_target":[]}],"cpu_core_count":1,"cpu_threads_per_core":2,"credit_specification":[{"cpu_credits":"unlimited"}],"disable_api_stop":false,"disable_api_termination":false,"ebs_block_device":[{"delete_on_termination":true,"device_name":"/dev/xvdg","encrypted":false,"iops":240,"kms_key_id":"","snapshot_id":"snap-0eeb3583be9f05a3d","tags":{},"throughput":0,"volume_id":"vol-0240d424a5bd9eeef","volume_size":80,"volume_type":"gp2"}],"ebs_optimized":false,"enclave_options":[{"enabled":false}],"ephemeral_block_device":[],"get_password_data":false,"hibernation":false,"host_id":null,"host_resource_group_arn":null,"iam_instance_profile":"sophos-xg_firewall-EC2IAMProfile","id":"i-0c52a88894fb39afd","instance_initiated_shutdown_behavior":"stop","instance_state":"running","instance_type":"t3.medium","ipv6_address_count":0,"ipv6_addresses":[],"key_name":"sophos","launch_template":[{"id":"lt-044a1e2322f48ad5d","name":"xg_firewall","version":"$Latest"}],"maintenance_options":[{"auto_recovery":"default"}],"metadata_options":[{"http_endpoint":"enabled","http_put_response_hop_limit":1,"http_tokens":"required","instance_metadata_tags":"enabled"}],"monitoring":true,"network_interface":[],"outpost_arn":"","password_data":"","placement_group":"","placement_partition_number":null,"primary_network_interface_id":"eni-089481a4f26050435","private_dns":"ip-172-16-17-72.ec2.internal","private_dns_name_options":[{"enable_resource_name_dns_a_record":false,"enable_resource_name_dns_aaaa_record":false,"hostname_type":"ip-name"}],"private_ip":"172.16.17.72","public_dns":"ec2-107-21-206-93.compute-1.amazonaws.com","public_ip":"107.21.206.93","root_block_device":[{"delete_on_termination":true,"device_name":"/dev/xvda","encrypted":false,"iops":100,"kms_key_id":"","tags":{},"throughput":0,"volume_id":"vol-0bd406473dd04ee0e","volume_size":16,"volume_type":"gp2"}],"secondary_private_ips":[],"security_groups":[],"source_dest_check":true,"subnet_id":"subnet-042a7fd32e63f28ef","tags":{"Name":"sophos-xg-firewall","namespace":"sophos"},"tags_all":{"Name":"sophos-xg-firewall","namespace":"sophos"},"tenancy":"default","timeouts":null,"user_data":"587e7b3376eee9935d8b57870af661293e8bce97","user_data_base64":null,"user_data_replace_on_change":false,"volume_tags":null,"vpc_security_group_ids":["sg-02e03f74244328f86"]},"sensitive_values":{"capacity_reservation_specification":[{"capacity_reservation_target":[]}],"credit_specification":[{}],"ebs_block_device":[{"tags":{}}],"enclave_options":[{}],"ephemeral_block_device":[],"ipv6_addresses":[],"launch_template":[{}],"maintenance_options":[{}],"metadata_options":[{}],"network_interface":[],"private_dns_name_options":[{}],"root_block_device":[{"tags":{}}],"secondary_private_ips":[],"security_groups":[],"tags":{},"tags_all":{},"vpc_security_group_ids":[false]},"depends_on":["module.example-basic.aws_iam_instance_profile.this","module.example-basic.aws_iam_role.this","module.example-basic.aws_launch_template.this","module.example-basic.aws_network_interface.private","module.example-basic.aws_network_interface.public","module.example-basic.aws_secretsmanager_secret.sophospass","module.example-basic.aws_secretsmanager_secret.ssmk","module.example-basic.aws_secretsmanager_secret.xgconfig","module.example-basic.aws_subnet.private","module.example-basic.aws_subnet.public","module.example-basic.aws_vpc.this","module.example-basic.data.aws_ami.sfos_payg","module.example-basic.data.aws_availability_zones.available","module.example-basic.data.aws_iam_policy_document.ec2_iam_policy","module.example-basic.data.aws_iam_policy_document.ec2_iam_policy_ssmk","module.example-basic.data.aws_iam_policy_document.trust_relationship","module.example-basic.data.aws_region.current","module.example-basic.data.template_file.user_data","module.key-pair.aws_key_pair.this","module.key-pair.tls_private_key.this"]},{"address":"module.example-basic.aws_internet_gateway.this[0]","mode":"managed","type":"aws_internet_gateway","name":"this","index":0,"provider_name":"registry.terraform.io/hashicorp/aws","schema_version":0,"values":{"arn":"arn:aws:ec2:us-east-1:447552758530:internet-gateway/igw-0d3b94c90088c51d8","id":"igw-0d3b94c90088c51d8","owner_id":"447552758530","tags":{"Name":"igw-sophos-xg_firewall-sophos"},"tags_all":{"Name":"igw-sophos-xg_firewall-sophos"},"timeouts":null,"vpc_id":"vpc-05cf224ee8482bc36"},"sensitive_values":{"tags":{},"tags_all":{}},"depends_on":["module.example-basic.aws_vpc.this"]},{"address":"module.example-basic.aws_launch_template.this","mode":"managed","type":"aws_launch_template","name":"this","provider_name":"registry.terraform.io/hashicorp/aws","schema_version":0,"values":{"arn":"arn:aws:ec2:us-east-1:447552758530:launch-template/lt-044a1e2322f48ad5d","block_device_mappings":[],"capacity_reservation_specification":[],"cpu_options":[],"credit_specification":[],"default_version":1,"description":"","disable_api_stop":false,"disable_api_termination":false,"ebs_optimized":"","elastic_gpu_specifications":[],"elastic_inference_accelerator":[],"enclave_options":[],"hibernation_options":[],"iam_instance_profile":[{"arn":"","name":"xg_firewall-EC2IAMRole"}],"id":"lt-044a1e2322f48ad5d","image_id":"ami-024446f031786638b","instance_initiated_shutdown_behavior":"","instance_market_options":[],"instance_requirements":[],"instance_type":"t3.medium","kernel_id":"","key_name":"sophos","latest_version":1,"license_specification":[],"maintenance_options":[],"metadata_options":[{"http_endpoint":"enabled","http_protocol_ipv6":"disabled","http_put_response_hop_limit":1,"http_tokens":"required","instance_metadata_tags":"enabled"}],"monitoring":[],"name":"xg_firewall","name_prefix":"","network_interfaces":[{"associate_carrier_ip_address":"","associate_public_ip_address":"","delete_on_termination":"","description":"","device_index":0,"interface_type":"","ipv4_address_count":0,"ipv4_addresses":[],"ipv4_prefix_count":0,"ipv4_prefixes":[],"ipv6_address_count":0,"ipv6_addresses":[],"ipv6_prefix_count":0,"ipv6_prefixes":[],"network_card_index":0,"network_interface_id":"eni-089481a4f26050435","private_ip_address":"","security_groups":[],"subnet_id":""},{"associate_carrier_ip_address":"","associate_public_ip_address":"","delete_on_termination":"","description":"","device_index":0,"interface_type":"","ipv4_address_count":0,"ipv4_addresses":[],"ipv4_prefix_count":0,"ipv4_prefixes":[],"ipv6_address_count":0,"ipv6_addresses":[],"ipv6_prefix_count":0,"ipv6_prefixes":[],"network_card_index":0,"network_interface_id":"eni-0679ea212afaf6533","private_ip_address":"","security_groups":[],"subnet_id":""}],"placement":[],"private_dns_name_options":[],"ram_disk_id":"","security_group_names":[],"tag_specifications":[],"tags":{},"tags_all":{},"update_default_version":null,"user_data":"ewogICJjZW50cmFsdXNlcm5hbWUiOiAicmFscGguYnJ5bmFyZC5kZW1vZGV2QHNvcGhvcy5jb20iLAogICJjZW50cmFsc2VjcmV0SWQiOiAiRnpvTXZeQUJ6QGYyeDZIRTFIJjNXMjdUMSpQbHdmIiwKICAic3Nta1NlY3JldElkIjogImdoVjI5aiMmR3VaJGs2N1pQeGtXbkkyNVheY0gqMyIsCiAgImhvc3RuYW1lIjogInNvcGhvcy14Zy1maXJld2FsbCIsCiAgInNlbmRzdGF0cyI6ICJ0cnVlIiwKICAicmVnaW9uIjogInVzLWVhc3QtMSIsCiAgInNlY3JldElkIjogImdoVjI5aiMmR3VaJGs2N1pQeGtXbkkyNVheY0gqMyIsCiAgImNvbmZpZ1NlY3JldElkIjogImdoVjI5aiMmR3VaJGs2N1pQeGtXbkkyNVheY0gqMyIKfQoKCg==","vpc_security_group_ids":[]},"sensitive_values":{"block_device_mappings":[],"capacity_reservation_specification":[],"cpu_options":[],"credit_specification":[],"elastic_gpu_specifications":[],"elastic_inference_accelerator":[],"enclave_options":[],"hibernation_options":[],"iam_instance_profile":[{}],"instance_market_options":[],"instance_requirements":[],"license_specification":[],"maintenance_options":[],"metadata_options":[{}],"monitoring":[],"network_interfaces":[{"ipv4_addresses":[],"ipv4_prefixes":[],"ipv6_addresses":[],"ipv6_prefixes":[],"security_groups":[]},{"ipv4_addresses":[],"ipv4_prefixes":[],"ipv6_addresses":[],"ipv6_prefixes":[],"security_groups":[]}],"placement":[],"private_dns_name_options":[],"security_group_names":[],"tag_specifications":[],"tags":{},"tags_all":{},"vpc_security_group_ids":[]},"depends_on":["module.example-basic.aws_iam_role.this","module.example-basic.aws_network_interface.private","module.example-basic.aws_network_interface.public","module.example-basic.aws_secretsmanager_secret.sophospass","module.example-basic.aws_secretsmanager_secret.ssmk","module.example-basic.aws_secretsmanager_secret.xgconfig","module.example-basic.aws_subnet.private","module.example-basic.aws_subnet.public","module.example-basic.aws_vpc.this","module.example-basic.data.aws_ami.sfos_payg","module.example-basic.data.aws_availability_zones.available","module.example-basic.data.aws_iam_policy_document.ec2_iam_policy","module.example-basic.data.aws_iam_policy_document.ec2_iam_policy_ssmk","module.example-basic.data.aws_iam_policy_document.trust_relationship","module.example-basic.data.aws_region.current","module.example-basic.data.template_file.user_data","module.key-pair.aws_key_pair.this","module.key-pair.tls_private_key.this"]},{"address":"module.example-basic.aws_network_interface.private","mode":"managed","type":"aws_network_interface","name":"private","provider_name":"registry.terraform.io/hashicorp/aws","schema_version":0,"values":{"arn":"arn:aws:ec2:us-east-1:447552758530:network-interface/eni-0679ea212afaf6533","attachment":[],"description":"ENI for Private Subnet","id":"eni-0679ea212afaf6533","interface_type":"interface","ipv4_prefix_count":0,"ipv4_prefixes":[],"ipv6_address_count":0,"ipv6_address_list":[],"ipv6_address_list_enabled":false,"ipv6_addresses":[],"ipv6_prefix_count":0,"ipv6_prefixes":[],"mac_address":"12:96:fc:80:f7:e3","outpost_arn":"","owner_id":"447552758530","private_dns_name":"ip-172-16-16-54.ec2.internal","private_ip":"172.16.16.54","private_ip_list":["172.16.16.54"],"private_ip_list_enabled":false,"private_ips":["172.16.16.54"],"private_ips_count":0,"security_groups":["sg-02e03f74244328f86"],"source_dest_check":false,"subnet_id":"subnet-0f5d45044cf08a752","tags":{"Name":"privateENI-sophos-xg_firewall"},"tags_all":{"Name":"privateENI-sophos-xg_firewall"}},"sensitive_values":{"attachment":[],"ipv4_prefixes":[],"ipv6_address_list":[],"ipv6_addresses":[],"ipv6_prefixes":[],"private_ip_list":[false],"private_ips":[false],"security_groups":[false],"tags":{},"tags_all":{}},"depends_on":["module.example-basic.aws_subnet.private","module.example-basic.aws_vpc.this","module.example-basic.data.aws_availability_zones.available"]},{"address":"module.example-basic.aws_network_interface.public","mode":"managed","type":"aws_network_interface","name":"public","provider_name":"registry.terraform.io/hashicorp/aws","schema_version":0,"values":{"arn":"arn:aws:ec2:us-east-1:447552758530:network-interface/eni-089481a4f26050435","attachment":[{"attachment_id":"eni-attach-0ea5f59d7e4b9eca7","device_index":0,"instance":"i-0c52a88894fb39afd"}],"description":"ENI for Public Subnet","id":"eni-089481a4f26050435","interface_type":"interface","ipv4_prefix_count":0,"ipv4_prefixes":[],"ipv6_address_count":0,"ipv6_address_list":[],"ipv6_address_list_enabled":false,"ipv6_addresses":[],"ipv6_prefix_count":0,"ipv6_prefixes":[],"mac_address":"12:26:1e:cc:8e:db","outpost_arn":"","owner_id":"447552758530","private_dns_name":"ip-172-16-17-72.ec2.internal","private_ip":"172.16.17.72","private_ip_list":["172.16.17.72"],"private_ip_list_enabled":false,"private_ips":["172.16.17.72"],"private_ips_count":0,"security_groups":["sg-02e03f74244328f86"],"source_dest_check":true,"subnet_id":"subnet-042a7fd32e63f28ef","tags":{"Name":"publicENI-sophos-xg_firewall"},"tags_all":{"Name":"publicENI-sophos-xg_firewall"}},"sensitive_values":{"attachment":[{}],"ipv4_prefixes":[],"ipv6_address_list":[],"ipv6_addresses":[],"ipv6_prefixes":[],"private_ip_list":[false],"private_ips":[false],"security_groups":[false],"tags":{},"tags_all":{}},"depends_on":["module.example-basic.aws_subnet.public","module.example-basic.aws_vpc.this","module.example-basic.data.aws_availability_zones.available"]},{"address":"module.example-basic.aws_route.public_internet_gateway","mode":"managed","type":"aws_route","name":"public_internet_gateway","provider_name":"registry.terraform.io/hashicorp/aws","schema_version":0,"values":{"carrier_gateway_id":"","core_network_arn":"","destination_cidr_block":"0.0.0.0/0","destination_ipv6_cidr_block":"","destination_prefix_list_id":"","egress_only_gateway_id":"","gateway_id":"igw-0d3b94c90088c51d8","id":"r-rtb-00ec3deb177226f301080289494","instance_id":"","instance_owner_id":"","local_gateway_id":"","nat_gateway_id":"","network_interface_id":"","origin":"CreateRoute","route_table_id":"rtb-00ec3deb177226f30","state":"active","timeouts":{"create":"5m","delete":null,"update":null},"transit_gateway_id":"","vpc_endpoint_id":"","vpc_peering_connection_id":""},"sensitive_values":{"timeouts":{}},"depends_on":["module.example-basic.aws_internet_gateway.this","module.example-basic.aws_route_table.public","module.example-basic.aws_vpc.this"]},{"address":"module.example-basic.aws_route_table.private[0]","mode":"managed","type":"aws_route_table","name":"private","index":0,"provider_name":"registry.terraform.io/hashicorp/aws","schema_version":0,"values":{"arn":"arn:aws:ec2:us-east-1:447552758530:route-table/rtb-0281508f412733a55","id":"rtb-0281508f412733a55","owner_id":"447552758530","propagating_vgws":[],"route":[],"tags":{"Name":"rtb-xg_firewall-private"},"tags_all":{"Name":"rtb-xg_firewall-private"},"timeouts":null,"vpc_id":"vpc-05cf224ee8482bc36"},"sensitive_values":{"propagating_vgws":[],"route":[],"tags":{},"tags_all":{}},"depends_on":["module.example-basic.aws_vpc.this"]},{"address":"module.example-basic.aws_route_table.public[0]","mode":"managed","type":"aws_route_table","name":"public","index":0,"provider_name":"registry.terraform.io/hashicorp/aws","schema_version":0,"values":{"arn":"arn:aws:ec2:us-east-1:447552758530:route-table/rtb-00ec3deb177226f30","id":"rtb-00ec3deb177226f30","owner_id":"447552758530","propagating_vgws":[],"route":[{"carrier_gateway_id":"","cidr_block":"0.0.0.0/0","core_network_arn":"","destination_prefix_list_id":"","egress_only_gateway_id":"","gateway_id":"igw-0d3b94c90088c51d8","instance_id":"","ipv6_cidr_block":"","local_gateway_id":"","nat_gateway_id":"","network_interface_id":"","transit_gateway_id":"","vpc_endpoint_id":"","vpc_peering_connection_id":""}],"tags":{"Name":"rtb-xg_firewall-public"},"tags_all":{"Name":"rtb-xg_firewall-public"},"timeouts":null,"vpc_id":"vpc-05cf224ee8482bc36"},"sensitive_values":{"propagating_vgws":[],"route":[{}],"tags":{},"tags_all":{}},"depends_on":["module.example-basic.aws_vpc.this"]},{"address":"module.example-basic.aws_route_table_association.private[0]","mode":"managed","type":"aws_route_table_association","name":"private","index":0,"provider_name":"registry.terraform.io/hashicorp/aws","schema_version":0,"values":{"gateway_id":"","id":"rtbassoc-0a971f225cae1cd96","route_table_id":"rtb-0281508f412733a55","subnet_id":"subnet-0f5d45044cf08a752"},"sensitive_values":{},"depends_on":["module.example-basic.aws_route_table.private","module.example-basic.aws_subnet.private","module.example-basic.aws_vpc.this","module.example-basic.data.aws_availability_zones.available"]},{"address":"module.example-basic.aws_route_table_association.public[0]","mode":"managed","type":"aws_route_table_association","name":"public","index":0,"provider_name":"registry.terraform.io/hashicorp/aws","schema_version":0,"values":{"gateway_id":"","id":"rtbassoc-0a54564227d3d27b2","route_table_id":"rtb-00ec3deb177226f30","subnet_id":"subnet-042a7fd32e63f28ef"},"sensitive_values":{},"depends_on":["module.example-basic.aws_route_table.public","module.example-basic.aws_subnet.public","module.example-basic.aws_vpc.this","module.example-basic.data.aws_availability_zones.available"]},{"address":"module.example-basic.aws_secretsmanager_secret.sophospass","mode":"managed","type":"aws_secretsmanager_secret","name":"sophospass","provider_name":"registry.terraform.io/hashicorp/aws","schema_version":0,"values":{"arn":"arn:aws:secretsmanager:us-east-1:447552758530:secret:xg_firewall-sophospass-RA3y8e","description":"","force_overwrite_replica_secret":false,"id":"arn:aws:secretsmanager:us-east-1:447552758530:secret:xg_firewall-sophospass-RA3y8e","kms_key_id":"","name":"xg_firewall-sophospass","name_prefix":"","policy":"","recovery_window_in_days":0,"replica":[],"rotation_enabled":false,"rotation_lambda_arn":"","rotation_rules":[],"tags":{},"tags_all":{}},"sensitive_values":{"replica":[],"rotation_rules":[],"tags":{},"tags_all":{}}},{"address":"module.example-basic.aws_secretsmanager_secret.ssmk","mode":"managed","type":"aws_secretsmanager_secret","name":"ssmk","provider_name":"registry.terraform.io/hashicorp/aws","schema_version":0,"values":{"arn":"arn:aws:secretsmanager:us-east-1:447552758530:secret:xg_firewall-ssmk-QjEDi7","description":"","force_overwrite_replica_secret":false,"id":"arn:aws:secretsmanager:us-east-1:447552758530:secret:xg_firewall-ssmk-QjEDi7","kms_key_id":"","name":"xg_firewall-ssmk","name_prefix":"","policy":"","recovery_window_in_days":0,"replica":[],"rotation_enabled":false,"rotation_lambda_arn":"","rotation_rules":[],"tags":{},"tags_all":{}},"sensitive_values":{"replica":[],"rotation_rules":[],"tags":{},"tags_all":{}}},{"address":"module.example-basic.aws_secretsmanager_secret.xgconfig","mode":"managed","type":"aws_secretsmanager_secret","name":"xgconfig","provider_name":"registry.terraform.io/hashicorp/aws","schema_version":0,"values":{"arn":"arn:aws:secretsmanager:us-east-1:447552758530:secret:xg_firewall-xgconfig-EIhzbk","description":"","force_overwrite_replica_secret":false,"id":"arn:aws:secretsmanager:us-east-1:447552758530:secret:xg_firewall-xgconfig-EIhzbk","kms_key_id":"","name":"xg_firewall-xgconfig","name_prefix":"","policy":"","recovery_window_in_days":0,"replica":[],"rotation_enabled":false,"rotation_lambda_arn":"","rotation_rules":[],"tags":{},"tags_all":{}},"sensitive_values":{"replica":[],"rotation_rules":[],"tags":{},"tags_all":{}}},{"address":"module.example-basic.aws_secretsmanager_secret_version.ssmk","mode":"managed","type":"aws_secretsmanager_secret_version","name":"ssmk","provider_name":"registry.terraform.io/hashicorp/aws","schema_version":0,"values":{"arn":"arn:aws:secretsmanager:us-east-1:447552758530:secret:xg_firewall-ssmk-QjEDi7","id":"arn:aws:secretsmanager:us-east-1:447552758530:secret:xg_firewall-ssmk-QjEDi7|19B75393-B71C-402A-A608-533D5478003B","secret_binary":"","secret_id":"arn:aws:secretsmanager:us-east-1:447552758530:secret:xg_firewall-ssmk-QjEDi7","secret_string":"ghV29j#\u0026GuZ$k67ZPxkWnI25X^cH*3","version_id":"19B75393-B71C-402A-A608-533D5478003B","version_stages":["AWSCURRENT"]},"sensitive_values":{"secret_string":true,"version_stages":[false]},"depends_on":["module.example-basic.aws_secretsmanager_secret.ssmk"]},{"address":"module.example-basic.aws_secretsmanager_secret_version.xgconfig","mode":"managed","type":"aws_secretsmanager_secret_version","name":"xgconfig","provider_name":"registry.terraform.io/hashicorp/aws","schema_version":0,"values":{"arn":"arn:aws:secretsmanager:us-east-1:447552758530:secret:xg_firewall-xgconfig-EIhzbk","id":"arn:aws:secretsmanager:us-east-1:447552758530:secret:xg_firewall-xgconfig-EIhzbk|9EFA3278-BDDC-42F7-B173-C908A6111D75","secret_binary":"","secret_id":"arn:aws:secretsmanager:us-east-1:447552758530:secret:xg_firewall-xgconfig-EIhzbk","secret_string":"ghV29j#\u0026GuZ$k67ZPxkWnI25X^cH*3","version_id":"9EFA3278-BDDC-42F7-B173-C908A6111D75","version_stages":["AWSCURRENT"]},"sensitive_values":{"secret_string":true,"version_stages":[false]},"depends_on":["module.example-basic.aws_secretsmanager_secret.xgconfig"]},{"address":"module.example-basic.aws_security_group.lan[0]","mode":"managed","type":"aws_security_group","name":"lan","index":0,"provider_name":"registry.terraform.io/hashicorp/aws","schema_version":1,"values":{"arn":"arn:aws:ec2:us-east-1:447552758530:security-group/sg-0cc30b9927de00b91","description":"Security Group for private subnet. Allow everything by default","egress":[{"cidr_blocks":["0.0.0.0/0"],"description":"","from_port":0,"ipv6_cidr_blocks":[],"prefix_list_ids":[],"protocol":"-1","security_groups":[],"self":false,"to_port":0}],"id":"sg-0cc30b9927de00b91","ingress":[{"cidr_blocks":["0.0.0.0/0"],"description":"","from_port":0,"ipv6_cidr_blocks":[],"prefix_list_ids":[],"protocol":"-1","security_groups":[],"self":false,"to_port":0}],"name":"sophos-SecurityGroupLAN-private","name_prefix":"","owner_id":"447552758530","revoke_rules_on_delete":false,"tags":{},"tags_all":{},"timeouts":null,"vpc_id":"vpc-05cf224ee8482bc36"},"sensitive_values":{"egress":[{"cidr_blocks":[false],"ipv6_cidr_blocks":[],"prefix_list_ids":[],"security_groups":[]}],"ingress":[{"cidr_blocks":[false],"ipv6_cidr_blocks":[],"prefix_list_ids":[],"security_groups":[]}],"tags":{},"tags_all":{}},"depends_on":["module.example-basic.aws_vpc.this"]},{"address":"module.example-basic.aws_security_group.public[0]","mode":"managed","type":"aws_security_group","name":"public","index":0,"provider_name":"registry.terraform.io/hashicorp/aws","schema_version":1,"values":{"arn":"arn:aws:ec2:us-east-1:447552758530:security-group/sg-09d0eee4b98241a54","description":"Untrusted network restricted from access port 22 and 4444","egress":[{"cidr_blocks":["0.0.0.0/0"],"description":"Allow all traffic outbound","from_port":0,"ipv6_cidr_blocks":[],"prefix_list_ids":[],"protocol":"-1","security_groups":[],"self":false,"to_port":0}],"id":"sg-09d0eee4b98241a54","ingress":[{"cidr_blocks":["0.0.0.0/0"],"description":"Allow public access 0 - 21","from_port":0,"ipv6_cidr_blocks":[],"prefix_list_ids":[],"protocol":"tcp","security_groups":[],"self":false,"to_port":21},{"cidr_blocks":["0.0.0.0/0"],"description":"Allow public access 23 - 4443","from_port":23,"ipv6_cidr_blocks":[],"prefix_list_ids":[],"protocol":"tcp","security_groups":[],"self":false,"to_port":4443},{"cidr_blocks":["0.0.0.0/0"],"description":"Allow public access 4445 - 65535","from_port":4445,"ipv6_cidr_blocks":[],"prefix_list_ids":[],"protocol":"tcp","security_groups":[],"self":false,"to_port":65535}],"name":"sophos-SecurityGroupPublic-public","name_prefix":"","owner_id":"447552758530","revoke_rules_on_delete":false,"tags":{},"tags_all":{},"timeouts":null,"vpc_id":"vpc-05cf224ee8482bc36"},"sensitive_values":{"egress":[{"cidr_blocks":[false],"ipv6_cidr_blocks":[],"prefix_list_ids":[],"security_groups":[]}],"ingress":[{"cidr_blocks":[false],"ipv6_cidr_blocks":[],"prefix_list_ids":[],"security_groups":[]},{"cidr_blocks":[false],"ipv6_cidr_blocks":[],"prefix_list_ids":[],"security_groups":[]},{"cidr_blocks":[false],"ipv6_cidr_blocks":[],"prefix_list_ids":[],"security_groups":[]}],"tags":{},"tags_all":{}},"depends_on":["module.example-basic.aws_vpc.this"]},{"address":"module.example-basic.aws_security_group.trusted[0]","mode":"managed","type":"aws_security_group","name":"trusted","index":0,"provider_name":"registry.terraform.io/hashicorp/aws","schema_version":1,"values":{"arn":"arn:aws:ec2:us-east-1:447552758530:security-group/sg-0775341818176f4ba","description":"Enable TCP access from trusted network","egress":[{"cidr_blocks":["0.0.0.0/0"],"description":"Allow all traffic outbound","from_port":0,"ipv6_cidr_blocks":[],"prefix_list_ids":[],"protocol":"-1","security_groups":[],"self":false,"to_port":0}],"id":"sg-0775341818176f4ba","ingress":[{"cidr_blocks":["47.188.118.115/32"],"description":"Allow all from trusted IP","from_port":0,"ipv6_cidr_blocks":[],"prefix_list_ids":[],"protocol":"tcp","security_groups":[],"self":false,"to_port":65535}],"name":"sophos-SecurityGroupTrusted-public","name_prefix":"","owner_id":"447552758530","revoke_rules_on_delete":false,"tags":{},"tags_all":{},"timeouts":null,"vpc_id":"vpc-05cf224ee8482bc36"},"sensitive_values":{"egress":[{"cidr_blocks":[false],"ipv6_cidr_blocks":[],"prefix_list_ids":[],"security_groups":[]}],"ingress":[{"cidr_blocks":[false],"ipv6_cidr_blocks":[],"prefix_list_ids":[],"security_groups":[]}],"tags":{},"tags_all":{}},"depends_on":["module.example-basic.aws_vpc.this","module.example-basic.data.http.my_public_ip"]},{"address":"module.example-basic.aws_subnet.private[0]","mode":"managed","type":"aws_subnet","name":"private","index":0,"provider_name":"registry.terraform.io/hashicorp/aws","schema_version":1,"values":{"arn":"arn:aws:ec2:us-east-1:447552758530:subnet/subnet-0f5d45044cf08a752","assign_ipv6_address_on_creation":false,"availability_zone":"us-east-1a","availability_zone_id":"use1-az2","cidr_block":"172.16.16.0/24","customer_owned_ipv4_pool":"","enable_dns64":false,"enable_resource_name_dns_a_record_on_launch":false,"enable_resource_name_dns_aaaa_record_on_launch":false,"id":"subnet-0f5d45044cf08a752","ipv6_cidr_block":"","ipv6_cidr_block_association_id":"","ipv6_native":false,"map_customer_owned_ip_on_launch":false,"map_public_ip_on_launch":false,"outpost_arn":"","owner_id":"447552758530","private_dns_hostname_type_on_launch":"ip-name","tags":{"Name":"Trusted Network"},"tags_all":{"Name":"Trusted Network"},"timeouts":null,"vpc_id":"vpc-05cf224ee8482bc36"},"sensitive_values":{"tags":{},"tags_all":{}},"depends_on":["module.example-basic.aws_vpc.this","module.example-basic.data.aws_availability_zones.available"]},{"address":"module.example-basic.aws_subnet.public[0]","mode":"managed","type":"aws_subnet","name":"public","index":0,"provider_name":"registry.terraform.io/hashicorp/aws","schema_version":1,"values":{"arn":"arn:aws:ec2:us-east-1:447552758530:subnet/subnet-042a7fd32e63f28ef","assign_ipv6_address_on_creation":false,"availability_zone":"us-east-1a","availability_zone_id":"use1-az2","cidr_block":"172.16.17.0/24","customer_owned_ipv4_pool":"","enable_dns64":false,"enable_resource_name_dns_a_record_on_launch":false,"enable_resource_name_dns_aaaa_record_on_launch":false,"id":"subnet-042a7fd32e63f28ef","ipv6_cidr_block":"","ipv6_cidr_block_association_id":"","ipv6_native":false,"map_customer_owned_ip_on_launch":false,"map_public_ip_on_launch":true,"outpost_arn":"","owner_id":"447552758530","private_dns_hostname_type_on_launch":"ip-name","tags":{"Name":"sophos-xg_firewall-public"},"tags_all":{"Name":"sophos-xg_firewall-public"},"timeouts":null,"vpc_id":"vpc-05cf224ee8482bc36"},"sensitive_values":{"tags":{},"tags_all":{}},"depends_on":["module.example-basic.aws_vpc.this","module.example-basic.data.aws_availability_zones.available"]},{"address":"module.example-basic.aws_vpc.this[0]","mode":"managed","type":"aws_vpc","name":"this","index":0,"provider_name":"registry.terraform.io/hashicorp/aws","schema_version":1,"values":{"arn":"arn:aws:ec2:us-east-1:447552758530:vpc/vpc-05cf224ee8482bc36","assign_generated_ipv6_cidr_block":false,"cidr_block":"172.16.0.0/16","default_network_acl_id":"acl-05f2c453a0b6dbb07","default_route_table_id":"rtb-04854bcc026ae5895","default_security_group_id":"sg-02e03f74244328f86","dhcp_options_id":"dopt-061f4c75bc4734585","enable_classiclink":false,"enable_classiclink_dns_support":false,"enable_dns_hostnames":true,"enable_dns_support":true,"id":"vpc-05cf224ee8482bc36","instance_tenancy":"default","ipv4_ipam_pool_id":null,"ipv4_netmask_length":null,"ipv6_association_id":"","ipv6_cidr_block":"","ipv6_cidr_block_network_border_group":"","ipv6_ipam_pool_id":"","ipv6_netmask_length":0,"main_route_table_id":"rtb-04854bcc026ae5895","owner_id":"447552758530","tags":{"Name":"vpc-sophos-xg_firewall"},"tags_all":{"Name":"vpc-sophos-xg_firewall"}},"sensitive_values":{"tags":{},"tags_all":{}}},{"address":"module.example-basic.data.aws_ami.sfos_byol","mode":"data","type":"aws_ami","name":"sfos_byol","provider_name":"registry.terraform.io/hashicorp/aws","schema_version":0,"values":{"architecture":"x86_64","arn":"arn:aws:ec2:us-east-1::image/ami-0755e3fe14d7f30d4","block_device_mappings":[{"device_name":"/dev/xvda","ebs":{"delete_on_termination":"true","encrypted":"false","iops":"0","snapshot_id":"snap-0f99e2234db266af8","throughput":"0","volume_size":"16","volume_type":"gp2"},"no_device":"","virtual_name":""},{"device_name":"/dev/xvdg","ebs":{"delete_on_termination":"true","encrypted":"false","iops":"0","snapshot_id":"snap-0832fb879d0d7929d","throughput":"0","volume_size":"80","volume_type":"gp2"},"no_device":"","virtual_name":""}],"boot_mode":"","creation_date":"2022-06-22T23:00:51.000Z","deprecation_time":"2024-06-22T23:00:51.000Z","description":"XG on AWS 19.0.0.317-byol","ena_support":true,"executable_users":null,"filter":[{"name":"description","values":["XG on AWS *-byol"]}],"hypervisor":"xen","id":"ami-0755e3fe14d7f30d4","image_id":"ami-0755e3fe14d7f30d4","image_location":"aws-marketplace/sophos_xg_standalone_19.0.0.317-byol-0b81460e-1f16-4c82-807a-a47350cee926","image_owner_alias":"aws-marketplace","image_type":"machine","include_deprecated":false,"kernel_id":"","most_recent":true,"name":"sophos_xg_standalone_19.0.0.317-byol-0b81460e-1f16-4c82-807a-a47350cee926","name_regex":null,"owner_id":"679593333241","owners":null,"platform":"","platform_details":"Linux/UNIX","product_codes":[{"product_code_id":"oiqg1imzpo6619k47im3nyg6","product_code_type":"marketplace"}],"public":true,"ramdisk_id":"","root_device_name":"/dev/xvda","root_device_type":"ebs","root_snapshot_id":"snap-0f99e2234db266af8","sriov_net_support":"simple","state":"available","state_reason":{"code":"UNSET","message":"UNSET"},"tags":{},"timeouts":null,"tpm_support":"","usage_operation":"RunInstances","virtualization_type":"hvm"},"sensitive_values":{"block_device_mappings":[{"ebs":{}},{"ebs":{}}],"filter":[{"values":[false]}],"product_codes":[{}],"state_reason":{},"tags":{}}},{"address":"module.example-basic.data.aws_ami.sfos_payg","mode":"data","type":"aws_ami","name":"sfos_payg","provider_name":"registry.terraform.io/hashicorp/aws","schema_version":0,"values":{"architecture":"x86_64","arn":"arn:aws:ec2:us-east-1::image/ami-024446f031786638b","block_device_mappings":[{"device_name":"/dev/xvda","ebs":{"delete_on_termination":"true","encrypted":"false","iops":"0","snapshot_id":"snap-0336cde55082da969","throughput":"0","volume_size":"16","volume_type":"gp2"},"no_device":"","virtual_name":""},{"device_name":"/dev/xvdg","ebs":{"delete_on_termination":"true","encrypted":"false","iops":"0","snapshot_id":"snap-0eeb3583be9f05a3d","throughput":"0","volume_size":"80","volume_type":"gp2"},"no_device":"","virtual_name":""}],"boot_mode":"","creation_date":"2022-06-22T23:00:20.000Z","deprecation_time":"2024-06-22T23:00:20.000Z","description":"XG on AWS 19.0.0.317-payg","ena_support":true,"executable_users":null,"filter":[{"name":"description","values":["XG on AWS *-payg"]}],"hypervisor":"xen","id":"ami-024446f031786638b","image_id":"ami-024446f031786638b","image_location":"aws-marketplace/sophos_xg_standalone_19.0.0.317-payg-336ce6d8-8e8b-4f15-a35c-f524e4fdcce2","image_owner_alias":"aws-marketplace","image_type":"machine","include_deprecated":false,"kernel_id":"","most_recent":true,"name":"sophos_xg_standalone_19.0.0.317-payg-336ce6d8-8e8b-4f15-a35c-f524e4fdcce2","name_regex":null,"owner_id":"679593333241","owners":null,"platform":"","platform_details":"Linux/UNIX","product_codes":[{"product_code_id":"31lokbvwfdxe8t385jh45lgpu","product_code_type":"marketplace"}],"public":true,"ramdisk_id":"","root_device_name":"/dev/xvda","root_device_type":"ebs","root_snapshot_id":"snap-0336cde55082da969","sriov_net_support":"simple","state":"available","state_reason":{"code":"UNSET","message":"UNSET"},"tags":{},"timeouts":null,"tpm_support":"","usage_operation":"RunInstances","virtualization_type":"hvm"},"sensitive_values":{"block_device_mappings":[{"ebs":{}},{"ebs":{}}],"filter":[{"values":[false]}],"product_codes":[{}],"state_reason":{},"tags":{}}},{"address":"module.example-basic.data.aws_availability_zones.available","mode":"data","type":"aws_availability_zones","name":"available","provider_name":"registry.terraform.io/hashicorp/aws","schema_version":0,"values":{"all_availability_zones":null,"exclude_names":null,"exclude_zone_ids":null,"filter":null,"group_names":["us-east-1"],"id":"us-east-1","names":["us-east-1a","us-east-1b","us-east-1c","us-east-1d","us-east-1e","us-east-1f"],"state":"available","timeouts":null,"zone_ids":["use1-az2","use1-az4","use1-az6","use1-az1","use1-az3","use1-az5"]},"sensitive_values":{"group_names":[false],"names":[false,false,false,false,false,false],"zone_ids":[false,false,false,false,false,false]}},{"address":"module.example-basic.data.aws_caller_identity.current","mode":"data","type":"aws_caller_identity","name":"current","provider_name":"registry.terraform.io/hashicorp/aws","schema_version":0,"values":{"account_id":"447552758530","arn":"arn:aws:sts::447552758530:assumed-role/AWSReservedSSO_AdministratorAccess_2489ab50dceb4e12/Ralph.Brynard@sophos.com","id":"447552758530","user_id":"AROAWQNBZEMBDQFSBIL6B:Ralph.Brynard@sophos.com"},"sensitive_values":{}},{"address":"module.example-basic.data.aws_iam_policy_document.ec2_iam_policy","mode":"data","type":"aws_iam_policy_document","name":"ec2_iam_policy","provider_name":"registry.terraform.io/hashicorp/aws","schema_version":0,"values":{"id":"937209411","json":"{\n  \"Version\": \"2012-10-17\",\n  \"Statement\": [\n    {\n      \"Sid\": \"\",\n      \"Effect\": \"Allow\",\n      \"Action\": [\n        \"secretsmanager:GetSecretValue\",\n        \"secretsmanager:DescribeSecret\"\n      ],\n      \"Resource\": [\n        \"arn:aws:secretsmanager:us-east-1:447552758530:secret:xg_firewall-xgconfig-EIhzbk\",\n        \"arn:aws:secretsmanager:us-east-1:447552758530:secret:xg_firewall-sophospass-RA3y8e\"\n      ]\n    }\n  ]\n}","override_json":null,"override_policy_documents":null,"policy_id":null,"source_json":null,"source_policy_documents":null,"statement":[{"actions":["secretsmanager:DescribeSecret","secretsmanager:GetSecretValue"],"condition":[],"effect":"Allow","not_actions":[],"not_principals":[],"not_resources":[],"principals":[],"resources":["arn:aws:secretsmanager:us-east-1:447552758530:secret:xg_firewall-sophospass-RA3y8e","arn:aws:secretsmanager:us-east-1:447552758530:secret:xg_firewall-xgconfig-EIhzbk"],"sid":""}],"version":"2012-10-17"},"sensitive_values":{"statement":[{"actions":[false,false],"condition":[],"not_actions":[],"not_principals":[],"not_resources":[],"principals":[],"resources":[false,false]}]}},{"address":"module.example-basic.data.aws_iam_policy_document.ec2_iam_policy_ssmk","mode":"data","type":"aws_iam_policy_document","name":"ec2_iam_policy_ssmk","provider_name":"registry.terraform.io/hashicorp/aws","schema_version":0,"values":{"id":"2263290993","json":"{\n  \"Version\": \"2012-10-17\",\n  \"Statement\": [\n    {\n      \"Sid\": \"\",\n      \"Effect\": \"Allow\",\n      \"Action\": [\n        \"secretsmanager:GetSecretValue\",\n        \"secretsmanager:DescribeSecret\"\n      ],\n      \"Resource\": \"arn:aws:secretsmanager:us-east-1:447552758530:secret:xg_firewall-ssmk-QjEDi7\"\n    }\n  ]\n}","override_json":null,"override_policy_documents":null,"policy_id":null,"source_json":null,"source_policy_documents":null,"statement":[{"actions":["secretsmanager:DescribeSecret","secretsmanager:GetSecretValue"],"condition":[],"effect":"Allow","not_actions":[],"not_principals":[],"not_resources":[],"principals":[],"resources":["arn:aws:secretsmanager:us-east-1:447552758530:secret:xg_firewall-ssmk-QjEDi7"],"sid":""}],"version":"2012-10-17"},"sensitive_values":{"statement":[{"actions":[false,false],"condition":[],"not_actions":[],"not_principals":[],"not_resources":[],"principals":[],"resources":[false]}]}},{"address":"module.example-basic.data.aws_iam_policy_document.trust_relationship","mode":"data","type":"aws_iam_policy_document","name":"trust_relationship","provider_name":"registry.terraform.io/hashicorp/aws","schema_version":0,"values":{"id":"1903849331","json":"{\n  \"Version\": \"2012-10-17\",\n  \"Statement\": [\n    {\n      \"Sid\": \"\",\n      \"Effect\": \"Allow\",\n      \"Action\": \"sts:AssumeRole\",\n      \"Principal\": {\n        \"Service\": \"ec2.amazonaws.com\"\n      }\n    }\n  ]\n}","override_json":null,"override_policy_documents":null,"policy_id":null,"source_json":null,"source_policy_documents":null,"statement":[{"actions":["sts:AssumeRole"],"condition":[],"effect":"Allow","not_actions":[],"not_principals":[],"not_resources":[],"principals":[{"identifiers":["ec2.amazonaws.com"],"type":"Service"}],"resources":[],"sid":""}],"version":"2012-10-17"},"sensitive_values":{"statement":[{"actions":[false],"condition":[],"not_actions":[],"not_principals":[],"not_resources":[],"principals":[{"identifiers":[false]}],"resources":[]}]}},{"address":"module.example-basic.data.aws_region.current","mode":"data","type":"aws_region","name":"current","provider_name":"registry.terraform.io/hashicorp/aws","schema_version":0,"values":{"description":"US East (N. Virginia)","endpoint":"ec2.us-east-1.amazonaws.com","id":"us-east-1","name":"us-east-1"},"sensitive_values":{}},{"address":"module.example-basic.data.http.my_public_ip","mode":"data","type":"http","name":"my_public_ip","provider_name":"registry.terraform.io/hashicorp/http","schema_version":0,"values":{"body":"{\n  \"ip\": \"47.188.118.115\",\n  \"ip_decimal\": 800880243,\n  \"country\": \"United States\",\n  \"country_iso\": \"US\",\n  \"country_eu\": false,\n  \"region_name\": \"Texas\",\n  \"region_code\": \"TX\",\n  \"metro_code\": 623,\n  \"zip_code\": \"76247\",\n  \"city\": \"Justin\",\n  \"latitude\": 33.0734,\n  \"longitude\": -97.3051,\n  \"time_zone\": \"America/Chicago\",\n  \"asn\": \"AS5650\",\n  \"asn_org\": \"FRONTIER-FRTR\",\n  \"user_agent\": {\n    \"product\": \"Go-http-client\",\n    \"version\": \"2.0\",\n    \"raw_value\": \"Go-http-client/2.0\"\n  }\n}","id":"https://ifconfig.co/json","method":null,"request_body":null,"request_headers":{"Accept":"application/json"},"response_body":"{\n  \"ip\": \"47.188.118.115\",\n  \"ip_decimal\": 800880243,\n  \"country\": \"United States\",\n  \"country_iso\": \"US\",\n  \"country_eu\": false,\n  \"region_name\": \"Texas\",\n  \"region_code\": \"TX\",\n  \"metro_code\": 623,\n  \"zip_code\": \"76247\",\n  \"city\": \"Justin\",\n  \"latitude\": 33.0734,\n  \"longitude\": -97.3051,\n  \"time_zone\": \"America/Chicago\",\n  \"asn\": \"AS5650\",\n  \"asn_org\": \"FRONTIER-FRTR\",\n  \"user_agent\": {\n    \"product\": \"Go-http-client\",\n    \"version\": \"2.0\",\n    \"raw_value\": \"Go-http-client/2.0\"\n  }\n}","response_headers":{"Alt-Svc":"h3=\":443\"; ma=86400, h3-29=\":443\"; ma=86400","Cf-Cache-Status":"DYNAMIC","Cf-Ray":"7481991178e06725-DFW","Content-Type":"application/json","Date":"Fri, 09 Sep 2022 17:21:01 GMT","Nel":"{\"success_fraction\":0,\"report_to\":\"cf-nel\",\"max_age\":604800}","Report-To":"{\"endpoints\":[{\"url\":\"https:\\/\\/a.nel.cloudflare.com\\/report\\/v3?s=tRPNBYub%2FSjW8Ax4xOQ4xCHs%2B%2FC68ULPIcAaADpM0IFtCmK7gsjpDYxG9i9k%2FhKw3P%2BDZwYVc%2FqOLlP86oclsyiVdhuWewCC7itfrQ6I9pYCnMl%2F3Avm3hjF6tBB6Q%3D%3D\"}],\"group\":\"cf-nel\",\"max_age\":604800}","Server":"cloudflare"},"status_code":200,"url":"https://ifconfig.co/json"},"sensitive_values":{"request_headers":{},"response_headers":{}}},{"address":"module.example-basic.data.template_file.user_data","mode":"data","type":"template_file","name":"user_data","provider_name":"registry.terraform.io/hashicorp/template","schema_version":0,"values":{"filename":null,"id":"d6db580ba558ef36a73aa17c7d4f0f9a678130e28a7fa47be221973bc86155f1","rendered":"{\n  \"centralusername\": \"ralph.brynard.demodev@sophos.com\",\n  \"centralsecretId\": \"FzoMv^ABz@f2x6HE1H\u00263W27T1*Plwf\",\n  \"ssmkSecretId\": \"ghV29j#\u0026GuZ$k67ZPxkWnI25X^cH*3\",\n  \"hostname\": \"sophos-xg-firewall\",\n  \"sendstats\": \"true\",\n  \"region\": \"us-east-1\",\n  \"secretId\": \"ghV29j#\u0026GuZ$k67ZPxkWnI25X^cH*3\",\n  \"configSecretId\": \"ghV29j#\u0026GuZ$k67ZPxkWnI25X^cH*3\"\n}\n\n\n","template":"{\n%{ if central_username != \"\" ~}\n  \"centralusername\": \"${central_username}\",\n  \"centralsecretId\": \"${central_password}\",\n%{ endif ~}\n  \"ssmkSecretId\": \"${ssmk_password}\",\n  \"hostname\": \"${firewall_hostname}\",\n  \"sendstats\": \"${send_stats}\",\n  \"region\": \"${aws_region}\",\n  \"secretId\": \"${admin_password}\",\n  \"configSecretId\": \"${config_password}\"\n}\n\n\n","vars":{"admin_password":"ghV29j#\u0026GuZ$k67ZPxkWnI25X^cH*3","aws_region":"us-east-1","central_password":"FzoMv^ABz@f2x6HE1H\u00263W27T1*Plwf","central_username":"ralph.brynard.demodev@sophos.com","config_password":"ghV29j#\u0026GuZ$k67ZPxkWnI25X^cH*3","firewall_hostname":"sophos-xg-firewall","send_stats":"true","ssmk_password":"ghV29j#\u0026GuZ$k67ZPxkWnI25X^cH*3"}},"sensitive_values":{"vars":{"admin_password":true,"central_password":true,"config_password":true,"ssmk_password":true}}}],"address":"module.example-basic"},{"resources":[{"address":"module.key-pair.aws_key_pair.this[0]","mode":"managed","type":"aws_key_pair","name":"this","index":0,"provider_name":"registry.terraform.io/hashicorp/aws","schema_version":1,"values":{"arn":"arn:aws:ec2:us-east-1:447552758530:key-pair/sophos","fingerprint":"b1:11:13:e1:c7:a4:3e:03:68:63:47:06:51:63:ec:45","id":"sophos","key_name":"sophos","key_name_prefix":"","key_pair_id":"key-09ff2ae428d661e4e","key_type":"rsa","public_key":"ssh-rsa AAAAB3NzaC1yc2EAAAADAQABAAACAQCvK20huKpK15TKXqoBYx6j1yN/zriWxSeqxe3Bn9SNWElAtjqyjNSiy0zysin3sZQHXqFC6Ry+Mo9dK1DOarfaSIdkhljnzdKQAt9rITScI9R45m7PPYB9emSEJZjVLtON55Fdj8aQfihLVAd89pEAphZkdKivroETDuY8/dWYeshBAoNRBD1hklZe+LtOBYlqkEwLUR4BBe8SJ2MA0ecinn6ELq7Y+mS1j9kPsuY+lxJGN7XaBPvqUGJN1maxK5m6CzL/Dfam+AKIwURLOT1NxYcbVbtU87iKBHdjSfsZBWPDfVLBAyEIwGMg5EOOLCFOA22fmbQAp3+3t+GipO105FtdDj4lgjAhr2Q3/Hf0R461lm50y8lOlz5310kl/pJvyz71ijvEqyY1aUmD8G30BvZLAm+9yWA8SvKnqwRlvb3uamwi9nv01Bq71184QyD/9DP2G8u7AmFLf8dpDXJEpSZeqNveRsoz3ihyArgdXoeJQcoqCIX46DquzHy8UKUglThZCjxdqaOKZETymq0JOtB1qJNCo2Rjun2QoPifIGbAFdqFN+yBdvm7R7r3e6Ey3qWKyyd3kZnv4Cd8aUpPwLo0AMD1K6NlAEJq7KVJ/mWIAeJCddpDBnnTQ2+untD3mLSrYYt2oZidSsuJhtlhBpNqoxOpaJqibVztIu+iIQ==","tags":{},"tags_all":{}},"sensitive_values":{"tags":{},"tags_all":{}},"depends_on":["module.key-pair.tls_private_key.this"]},{"address":"module.key-pair.tls_private_key.this[0]","mode":"managed","type":"tls_private_key","name":"this","index":0,"provider_name":"registry.terraform.io/hashicorp/tls","schema_version":1,"values":{"algorithm":"RSA","ecdsa_curve":"P224","id":"5c12eee795f77338ba8908a4948eb5b70a8e1f32","private_key_openssh":"-----BEGIN OPENSSH PRIVATE KEY-----\nb3BlbnNzaC1rZXktdjEAAAAABG5vbmUAAAAEbm9uZQAAAAAAAAABAAACFwAAAAdz\nc2gtcnNhAAAAAwEAAQAAAgEAryttIbiqSteUyl6qAWMeo9cjf864lsUnqsXtwZ/U\njVhJQLY6sozUostM8rIp97GUB16hQukcvjKPXStQzmq32kiHZIZY583SkALfayE0\nnCPUeOZuzz2AfXpkhCWY1S7TjeeRXY/GkH4oS1QHfPaRAKYWZHSor66BEw7mPP3V\nmHrIQQKDUQQ9YZJWXvi7TgWJapBMC1EeAQXvEidjANHnIp5+hC6u2PpktY/ZD7Lm\nPpcSRje12gT76lBiTdZmsSuZugsy/w32pvgCiMFESzk9TcWHG1W7VPO4igR3Y0n7\nGQVjw31SwQMhCMBjIORDjiwhTgNtn5m0AKd/t7fhoqTtdORbXQ4+JYIwIa9kN/x3\n9EeOtZZudMvJTpc+d9dJJf6Sb8s+9Yo7xKsmNWlJg/Bt9Ab2SwJvvclgPEryp6sE\nZb297mpsIvZ79NQau9dfOEMg//Qz9hvLuwJhS3/HaQ1yRKUmXqjb3kbKM94ocgK4\nHV6HiUHKKgiF+Og6rsx8vFClIJU4WQo8XamjimRE8pqtCTrQdaiTQqNkY7p9kKD4\nnyBmwBXahTfsgXb5u0e693uhMt6lissnd5GZ7+AnfGlKT8C6NADA9SujZQBCauyl\nSf5liAHiQnXaQwZ500Nvrp7Q95i0q2GLdqGYnUrLiYbZYQaTaqMTqWiaom1c7SLv\noiEAAAc4HAMePRwDHj0AAAAHc3NoLXJzYQAAAgEAryttIbiqSteUyl6qAWMeo9cj\nf864lsUnqsXtwZ/UjVhJQLY6sozUostM8rIp97GUB16hQukcvjKPXStQzmq32kiH\nZIZY583SkALfayE0nCPUeOZuzz2AfXpkhCWY1S7TjeeRXY/GkH4oS1QHfPaRAKYW\nZHSor66BEw7mPP3VmHrIQQKDUQQ9YZJWXvi7TgWJapBMC1EeAQXvEidjANHnIp5+\nhC6u2PpktY/ZD7LmPpcSRje12gT76lBiTdZmsSuZugsy/w32pvgCiMFESzk9TcWH\nG1W7VPO4igR3Y0n7GQVjw31SwQMhCMBjIORDjiwhTgNtn5m0AKd/t7fhoqTtdORb\nXQ4+JYIwIa9kN/x39EeOtZZudMvJTpc+d9dJJf6Sb8s+9Yo7xKsmNWlJg/Bt9Ab2\nSwJvvclgPEryp6sEZb297mpsIvZ79NQau9dfOEMg//Qz9hvLuwJhS3/HaQ1yRKUm\nXqjb3kbKM94ocgK4HV6HiUHKKgiF+Og6rsx8vFClIJU4WQo8XamjimRE8pqtCTrQ\ndaiTQqNkY7p9kKD4nyBmwBXahTfsgXb5u0e693uhMt6lissnd5GZ7+AnfGlKT8C6\nNADA9SujZQBCauylSf5liAHiQnXaQwZ500Nvrp7Q95i0q2GLdqGYnUrLiYbZYQaT\naqMTqWiaom1c7SLvoiEAAAADAQABAAACAQCqk+RK4TPbe8Flq/drMGWm8JqeG+T+\n1PCCyQl08rqeBaoXvRy9wIxUFxtQfxSFIsTexFTO/ohB4qRe+w5OY/ezNcu6pWUw\nHer81/9OqGA96FpAfUzMvLxB9Iyrbp08g8P5PNX+wUKAdImyiRpdoxGjCxllK4EU\nyx7gOzMTk6+LM42MWPEdVL6dJE69XwOuv4+IWQnkP1Kzdl7PU9GB++VTffn/qCIW\nIwctEu4x7mlt69kczaVlsFLMYwjHeZA42Rdy5vL7ElLtVzfIikOB6TR8ZmzhvoOU\n/1zl8eF8q488V1ZGCOUsFWr2xboCTqZGbUzlVktLDvcNaA7kDclIg8jC3MP2rHPg\nmzubvaZXY2eyr7T+quSIpefeSxeVu2wfWRXyebLu1XmQ5kdtkkfH1bicG5GNyaQT\npf++ZTPg3ksic7xT3WZd7L+x6V/Aq3BD+qKMXr5UGC8ioZ3QegJcU9cUnuKXKc8g\nNQtY90Q3ntUhwc/Dis/HBRHbslKChapuLXADPSyaFBs2950qzTVxBvAX8av37uDb\n8XScr9PkrrUpIQqOq9aw6/XFQI9ruDGW9QmySnQE86zD27CC8R6h8Fsd+NQPIAJL\nHYTypO2FDd5z2ECLPk+lPju7HyNWx7FjSA7AZjVTQkYy/LnGhBwY3JRaIAZeTbaA\nVoSuXzYUoOUvrQAAAQEAwONwFtYdoIUDsk1zQfPqX5mcj6J+RxCwBZ8hEoiZwWiG\ngvulNEd/OLNjNCEwuC2z+nkI/SJVLOB1CFPIC3Q0WEy46Agivf8X+zy6YdjT66IT\nP1obPRnTtGzNCjxzlDAw822IDM7bSjqBgkoMO3fAFAGaqYuSZ5ZlzScOgInnfdJv\n569yDKFahgQENOEE6bFcbISMdidStz1VPxQgp5x3qS511ZkOFR4ek7JGbuNUK3yL\n6t1Ovp0Vjp6tqTl+LSCAJBhMt8Owa/DGTcT+RCH4EENXCnuA8wi7IJ14NjgMxAAr\nTDnz8RpKXAKyrBGsncvAcczc1hZ8wHJOWs+KRPQVTwAAAQEA5fY+AzcY5f0hSOBX\nrpEFuMIRUMxGO8bSbZnzD4W6KpkO4vJb9cwOsfPMcg5vOv1Tw/NecX67SZmymHEf\nb/LmpUAx4RfJQghoAVkxwVEWR8q+K4Reggvih+zwxMME5oQoGQm5JCIHldPoA7k9\nWLDxKoUKHigs68DcTl93Z6cKEZ1k0lGE3zaFwxk0eoVbeV4bc4EyNLiTZrOtSz2G\n1CST5+FvuUrJQc0bFsavulYaGjSbAImpGVZDCsRdeulRLjp/54dRuzgPKHL7GzcO\nmYhaKo0856l2DF2d3448WyxVbT2rPx7NELdB6q0IkVr8RCAnFpx8IlBEODLEG2Rr\nhoPklwAAAQEAwwD0yz602HLh4Ikw6c15utM+K/TC4l5aHljhp6tPV7ap4yGHKYAW\ncFk8hnVce1JhlGxK65UTnHibn8vFEvmV+xzqj0gJzW1yOUiHa/6YWlsFva8afBSg\nSdXRU58TSVyjZI8nefVUsOApYqSTvakYo9shw8rdcH3BPe1wx4vNzf9uZtys0F2B\nyingjDLoVIps8XDto3Mdx8sgc+B9cdwSOUnGUUzXjYcwRweOmLJdA9hM72JwhhUo\nw3v75TPSyNzRgV3B3yjYqdgce/l9fCGJ+wzbJXlhADJ9b60a54pVUSDkkpZ10VvM\n46K514CRt/I6jLGgV3OCVuYFiyaPqbDuBwAAAAAB\n-----END OPENSSH PRIVATE KEY-----\n","private_key_pem":"-----BEGIN RSA PRIVATE KEY-----\nMIIJKQIBAAKCAgEAryttIbiqSteUyl6qAWMeo9cjf864lsUnqsXtwZ/UjVhJQLY6\nsozUostM8rIp97GUB16hQukcvjKPXStQzmq32kiHZIZY583SkALfayE0nCPUeOZu\nzz2AfXpkhCWY1S7TjeeRXY/GkH4oS1QHfPaRAKYWZHSor66BEw7mPP3VmHrIQQKD\nUQQ9YZJWXvi7TgWJapBMC1EeAQXvEidjANHnIp5+hC6u2PpktY/ZD7LmPpcSRje1\n2gT76lBiTdZmsSuZugsy/w32pvgCiMFESzk9TcWHG1W7VPO4igR3Y0n7GQVjw31S\nwQMhCMBjIORDjiwhTgNtn5m0AKd/t7fhoqTtdORbXQ4+JYIwIa9kN/x39EeOtZZu\ndMvJTpc+d9dJJf6Sb8s+9Yo7xKsmNWlJg/Bt9Ab2SwJvvclgPEryp6sEZb297mps\nIvZ79NQau9dfOEMg//Qz9hvLuwJhS3/HaQ1yRKUmXqjb3kbKM94ocgK4HV6HiUHK\nKgiF+Og6rsx8vFClIJU4WQo8XamjimRE8pqtCTrQdaiTQqNkY7p9kKD4nyBmwBXa\nhTfsgXb5u0e693uhMt6lissnd5GZ7+AnfGlKT8C6NADA9SujZQBCauylSf5liAHi\nQnXaQwZ500Nvrp7Q95i0q2GLdqGYnUrLiYbZYQaTaqMTqWiaom1c7SLvoiECAwEA\nAQKCAgEAqpPkSuEz23vBZav3azBlpvCanhvk/tTwgskJdPK6ngWqF70cvcCMVBcb\nUH8UhSLE3sRUzv6IQeKkXvsOTmP3szXLuqVlMB3q/Nf/TqhgPehaQH1MzLy8QfSM\nq26dPIPD+TzV/sFCgHSJsokaXaMRowsZZSuBFMse4DszE5OvizONjFjxHVS+nSRO\nvV8Drr+PiFkJ5D9Ss3Zez1PRgfvlU335/6giFiMHLRLuMe5pbevZHM2lZbBSzGMI\nx3mQONkXcuby+xJS7Vc3yIpDgek0fGZs4b6DlP9c5fHhfKuPPFdWRgjlLBVq9sW6\nAk6mRm1M5VZLSw73DWgO5A3JSIPIwtzD9qxz4Js7m72mV2Nnsq+0/qrkiKXn3ksX\nlbtsH1kV8nmy7tV5kOZHbZJHx9W4nBuRjcmkE6X/vmUz4N5LInO8U91mXey/self\nwKtwQ/qijF6+VBgvIqGd0HoCXFPXFJ7ilynPIDULWPdEN57VIcHPw4rPxwUR27JS\ngoWqbi1wAz0smhQbNvedKs01cQbwF/Gr9+7g2/F0nK/T5K61KSEKjqvWsOv1xUCP\na7gxlvUJskp0BPOsw9uwgvEeofBbHfjUDyACSx2E8qTthQ3ec9hAiz5PpT47ux8j\nVsexY0gOwGY1U0JGMvy5xoQcGNyUWiAGXk22gFaErl82FKDlL60CggEBAOX2PgM3\nGOX9IUjgV66RBbjCEVDMRjvG0m2Z8w+FuiqZDuLyW/XMDrHzzHIObzr9U8PzXnF+\nu0mZsphxH2/y5qVAMeEXyUIIaAFZMcFRFkfKviuEXoIL4ofs8MTDBOaEKBkJuSQi\nB5XT6AO5PViw8SqFCh4oLOvA3E5fd2enChGdZNJRhN82hcMZNHqFW3leG3OBMjS4\nk2azrUs9htQkk+fhb7lKyUHNGxbGr7pWGho0mwCJqRlWQwrEXXrpUS46f+eHUbs4\nDyhy+xs3DpmIWiqNPOepdgxdnd+OPFssVW09qz8ezRC3QeqtCJFa/EQgJxacfCJQ\nRDgyxBtka4aD5JcCggEBAMMA9Ms+tNhy4eCJMOnNebrTPiv0wuJeWh5Y4aerT1e2\nqeMhhymAFnBZPIZ1XHtSYZRsSuuVE5x4m5/LxRL5lfsc6o9ICc1tcjlIh2v+mFpb\nBb2vGnwUoEnV0VOfE0lco2SPJ3n1VLDgKWKkk72pGKPbIcPK3XB9wT3tcMeLzc3/\nbmbcrNBdgcop4Iwy6FSKbPFw7aNzHcfLIHPgfXHcEjlJxlFM142HMEcHjpiyXQPY\nTO9icIYVKMN7++Uz0sjc0YFdwd8o2KnYHHv5fXwhifsM2yV5YQAyfW+tGueKVVEg\n5JKWddFbzOOiudeAkbfyOoyxoFdzglbmBYsmj6mw7gcCggEADJU2u3JOWHdLVPOB\nmLmyuHNWAzfKOAcfCIQ9+oF0uFP7rotYYNCzlSUj8LG9gFrQNI6igk9O7C4OyayW\n7cc6u5wRnqFwj75qAnjg8hT/xRng4fyyNydzU8CxQ/Lv17UvhH81tDZwd9BKh7mh\nE7NK3uq8rP3Bx3ycEWXD4NYRBPm5xJBVVuli1FQSvQmDAdcWZXGST7QxzJLUTqOl\nNwJxXWTGejsPXBxe+RYSE34Wm4x5VsQxjoNb08D+5HTTzlXBHegXnsjoe2wfNVQD\n5n7BgEaOKJbrMK4Gr27W+p4oZnvTXPbQfbOpVa/2Ig36c7fWq7QQTshZk0Gj3WPX\nRlr9LQKCAQA0v814LT4+TtVLJ9FTbYHAR+RJf6w4D83Q57oi4PRVhdPu3OLzFvL6\n8SiuNpENyvsaazDZCTqE2Rs/3p8wwtMPWoMYvyPnrfN4C2aWkAgmaPjklrlTV0EE\nuBInzKAq+CQ6z36ePv7p2blYNazBYTyJFn3LuNSt2Vasqc4YLHk/gBkdOhSFSMYT\nKcDUK/Es7UULCsE9taYYpZnhvpgwdJd5Z7t9wouMfUVR8XlhVN5Ua+5j0v0dSBv+\nxUsedSZPr2v80p/e/e2eBBewcYzAR1JL1u5w9KSIqR/FVc4xU/pAN+WcwZadS3fh\nG+Opp93DJIMyC9qTzWs0loRpX8T84h+BAoIBAQDA43AW1h2ghQOyTXNB8+pfmZyP\non5HELAFnyESiJnBaIaC+6U0R384s2M0ITC4LbP6eQj9IlUs4HUIU8gLdDRYTLjo\nCCK9/xf7PLph2NProhM/Whs9GdO0bM0KPHOUMDDzbYgMzttKOoGCSgw7d8AUAZqp\ni5JnlmXNJw6Aied90m/nr3IMoVqGBAQ04QTpsVxshIx2J1K3PVU/FCCnnHepLnXV\nmQ4VHh6TskZu41QrfIvq3U6+nRWOnq2pOX4tIIAkGEy3w7Br8MZNxP5EIfgQQ1cK\ne4DzCLsgnXg2OAzEACtMOfPxGkpcArKsEaydy8BxzNzWFnzAck5az4pE9BVP\n-----END RSA PRIVATE KEY-----\n","private_key_pem_pkcs8":"-----BEGIN PRIVATE KEY-----\nMIIJQwIBADANBgkqhkiG9w0BAQEFAASCCS0wggkpAgEAAoICAQCvK20huKpK15TK\nXqoBYx6j1yN/zriWxSeqxe3Bn9SNWElAtjqyjNSiy0zysin3sZQHXqFC6Ry+Mo9d\nK1DOarfaSIdkhljnzdKQAt9rITScI9R45m7PPYB9emSEJZjVLtON55Fdj8aQfihL\nVAd89pEAphZkdKivroETDuY8/dWYeshBAoNRBD1hklZe+LtOBYlqkEwLUR4BBe8S\nJ2MA0ecinn6ELq7Y+mS1j9kPsuY+lxJGN7XaBPvqUGJN1maxK5m6CzL/Dfam+AKI\nwURLOT1NxYcbVbtU87iKBHdjSfsZBWPDfVLBAyEIwGMg5EOOLCFOA22fmbQAp3+3\nt+GipO105FtdDj4lgjAhr2Q3/Hf0R461lm50y8lOlz5310kl/pJvyz71ijvEqyY1\naUmD8G30BvZLAm+9yWA8SvKnqwRlvb3uamwi9nv01Bq71184QyD/9DP2G8u7AmFL\nf8dpDXJEpSZeqNveRsoz3ihyArgdXoeJQcoqCIX46DquzHy8UKUglThZCjxdqaOK\nZETymq0JOtB1qJNCo2Rjun2QoPifIGbAFdqFN+yBdvm7R7r3e6Ey3qWKyyd3kZnv\n4Cd8aUpPwLo0AMD1K6NlAEJq7KVJ/mWIAeJCddpDBnnTQ2+untD3mLSrYYt2oZid\nSsuJhtlhBpNqoxOpaJqibVztIu+iIQIDAQABAoICAQCqk+RK4TPbe8Flq/drMGWm\n8JqeG+T+1PCCyQl08rqeBaoXvRy9wIxUFxtQfxSFIsTexFTO/ohB4qRe+w5OY/ez\nNcu6pWUwHer81/9OqGA96FpAfUzMvLxB9Iyrbp08g8P5PNX+wUKAdImyiRpdoxGj\nCxllK4EUyx7gOzMTk6+LM42MWPEdVL6dJE69XwOuv4+IWQnkP1Kzdl7PU9GB++VT\nffn/qCIWIwctEu4x7mlt69kczaVlsFLMYwjHeZA42Rdy5vL7ElLtVzfIikOB6TR8\nZmzhvoOU/1zl8eF8q488V1ZGCOUsFWr2xboCTqZGbUzlVktLDvcNaA7kDclIg8jC\n3MP2rHPgmzubvaZXY2eyr7T+quSIpefeSxeVu2wfWRXyebLu1XmQ5kdtkkfH1bic\nG5GNyaQTpf++ZTPg3ksic7xT3WZd7L+x6V/Aq3BD+qKMXr5UGC8ioZ3QegJcU9cU\nnuKXKc8gNQtY90Q3ntUhwc/Dis/HBRHbslKChapuLXADPSyaFBs2950qzTVxBvAX\n8av37uDb8XScr9PkrrUpIQqOq9aw6/XFQI9ruDGW9QmySnQE86zD27CC8R6h8Fsd\n+NQPIAJLHYTypO2FDd5z2ECLPk+lPju7HyNWx7FjSA7AZjVTQkYy/LnGhBwY3JRa\nIAZeTbaAVoSuXzYUoOUvrQKCAQEA5fY+AzcY5f0hSOBXrpEFuMIRUMxGO8bSbZnz\nD4W6KpkO4vJb9cwOsfPMcg5vOv1Tw/NecX67SZmymHEfb/LmpUAx4RfJQghoAVkx\nwVEWR8q+K4Reggvih+zwxMME5oQoGQm5JCIHldPoA7k9WLDxKoUKHigs68DcTl93\nZ6cKEZ1k0lGE3zaFwxk0eoVbeV4bc4EyNLiTZrOtSz2G1CST5+FvuUrJQc0bFsav\nulYaGjSbAImpGVZDCsRdeulRLjp/54dRuzgPKHL7GzcOmYhaKo0856l2DF2d3448\nWyxVbT2rPx7NELdB6q0IkVr8RCAnFpx8IlBEODLEG2RrhoPklwKCAQEAwwD0yz60\n2HLh4Ikw6c15utM+K/TC4l5aHljhp6tPV7ap4yGHKYAWcFk8hnVce1JhlGxK65UT\nnHibn8vFEvmV+xzqj0gJzW1yOUiHa/6YWlsFva8afBSgSdXRU58TSVyjZI8nefVU\nsOApYqSTvakYo9shw8rdcH3BPe1wx4vNzf9uZtys0F2ByingjDLoVIps8XDto3Md\nx8sgc+B9cdwSOUnGUUzXjYcwRweOmLJdA9hM72JwhhUow3v75TPSyNzRgV3B3yjY\nqdgce/l9fCGJ+wzbJXlhADJ9b60a54pVUSDkkpZ10VvM46K514CRt/I6jLGgV3OC\nVuYFiyaPqbDuBwKCAQAMlTa7ck5Yd0tU84GYubK4c1YDN8o4Bx8IhD36gXS4U/uu\ni1hg0LOVJSPwsb2AWtA0jqKCT07sLg7JrJbtxzq7nBGeoXCPvmoCeODyFP/FGeDh\n/LI3J3NTwLFD8u/XtS+EfzW0NnB30EqHuaETs0re6rys/cHHfJwRZcPg1hEE+bnE\nkFVW6WLUVBK9CYMB1xZlcZJPtDHMktROo6U3AnFdZMZ6Ow9cHF75FhITfhabjHlW\nxDGOg1vTwP7kdNPOVcEd6BeeyOh7bB81VAPmfsGARo4oluswrgavbtb6nihme9Nc\n9tB9s6lVr/YiDfpzt9artBBOyFmTQaPdY9dGWv0tAoIBADS/zXgtPj5O1Usn0VNt\ngcBH5El/rDgPzdDnuiLg9FWF0+7c4vMW8vrxKK42kQ3K+xprMNkJOoTZGz/enzDC\n0w9agxi/I+et83gLZpaQCCZo+OSWuVNXQQS4EifMoCr4JDrPfp4+/unZuVg1rMFh\nPIkWfcu41K3ZVqypzhgseT+AGR06FIVIxhMpwNQr8SztRQsKwT21philmeG+mDB0\nl3lnu33Ci4x9RVHxeWFU3lRr7mPS/R1IG/7FSx51Jk+va/zSn9797Z4EF7BxjMBH\nUkvW7nD0pIipH8VVzjFT+kA35ZzBlp1Ld+Eb46mn3cMkgzIL2pPNazSWhGlfxPzi\nH4ECggEBAMDjcBbWHaCFA7JNc0Hz6l+ZnI+ifkcQsAWfIRKImcFohoL7pTRHfziz\nYzQhMLgts/p5CP0iVSzgdQhTyAt0NFhMuOgIIr3/F/s8umHY0+uiEz9aGz0Z07Rs\nzQo8c5QwMPNtiAzO20o6gYJKDDt3wBQBmqmLkmeWZc0nDoCJ533Sb+evcgyhWoYE\nBDThBOmxXGyEjHYnUrc9VT8UIKecd6kuddWZDhUeHpOyRm7jVCt8i+rdTr6dFY6e\nrak5fi0ggCQYTLfDsGvwxk3E/kQh+BBDVwp7gPMIuyCdeDY4DMQAK0w58/EaSlwC\nsqwRrJ3LwHHM3NYWfMByTlrPikT0FU8=\n-----END PRIVATE KEY-----\n","public_key_fingerprint_md5":"05:8e:ec:bd:c2:fc:1c:ae:3b:e0:bb:39:af:81:5e:1b","public_key_fingerprint_sha256":"SHA256:kUmKLjy02KEwmPmp1Ia0J/FPjPMcf55FboD9BbsXBtI","public_key_openssh":"ssh-rsa AAAAB3NzaC1yc2EAAAADAQABAAACAQCvK20huKpK15TKXqoBYx6j1yN/zriWxSeqxe3Bn9SNWElAtjqyjNSiy0zysin3sZQHXqFC6Ry+Mo9dK1DOarfaSIdkhljnzdKQAt9rITScI9R45m7PPYB9emSEJZjVLtON55Fdj8aQfihLVAd89pEAphZkdKivroETDuY8/dWYeshBAoNRBD1hklZe+LtOBYlqkEwLUR4BBe8SJ2MA0ecinn6ELq7Y+mS1j9kPsuY+lxJGN7XaBPvqUGJN1maxK5m6CzL/Dfam+AKIwURLOT1NxYcbVbtU87iKBHdjSfsZBWPDfVLBAyEIwGMg5EOOLCFOA22fmbQAp3+3t+GipO105FtdDj4lgjAhr2Q3/Hf0R461lm50y8lOlz5310kl/pJvyz71ijvEqyY1aUmD8G30BvZLAm+9yWA8SvKnqwRlvb3uamwi9nv01Bq71184QyD/9DP2G8u7AmFLf8dpDXJEpSZeqNveRsoz3ihyArgdXoeJQcoqCIX46DquzHy8UKUglThZCjxdqaOKZETymq0JOtB1qJNCo2Rjun2QoPifIGbAFdqFN+yBdvm7R7r3e6Ey3qWKyyd3kZnv4Cd8aUpPwLo0AMD1K6NlAEJq7KVJ/mWIAeJCddpDBnnTQ2+untD3mLSrYYt2oZidSsuJhtlhBpNqoxOpaJqibVztIu+iIQ==\n","public_key_pem":"-----BEGIN PUBLIC KEY-----\nMIICIjANBgkqhkiG9w0BAQEFAAOCAg8AMIICCgKCAgEAryttIbiqSteUyl6qAWMe\no9cjf864lsUnqsXtwZ/UjVhJQLY6sozUostM8rIp97GUB16hQukcvjKPXStQzmq3\n2kiHZIZY583SkALfayE0nCPUeOZuzz2AfXpkhCWY1S7TjeeRXY/GkH4oS1QHfPaR\nAKYWZHSor66BEw7mPP3VmHrIQQKDUQQ9YZJWXvi7TgWJapBMC1EeAQXvEidjANHn\nIp5+hC6u2PpktY/ZD7LmPpcSRje12gT76lBiTdZmsSuZugsy/w32pvgCiMFESzk9\nTcWHG1W7VPO4igR3Y0n7GQVjw31SwQMhCMBjIORDjiwhTgNtn5m0AKd/t7fhoqTt\ndORbXQ4+JYIwIa9kN/x39EeOtZZudMvJTpc+d9dJJf6Sb8s+9Yo7xKsmNWlJg/Bt\n9Ab2SwJvvclgPEryp6sEZb297mpsIvZ79NQau9dfOEMg//Qz9hvLuwJhS3/HaQ1y\nRKUmXqjb3kbKM94ocgK4HV6HiUHKKgiF+Og6rsx8vFClIJU4WQo8XamjimRE8pqt\nCTrQdaiTQqNkY7p9kKD4nyBmwBXahTfsgXb5u0e693uhMt6lissnd5GZ7+AnfGlK\nT8C6NADA9SujZQBCauylSf5liAHiQnXaQwZ500Nvrp7Q95i0q2GLdqGYnUrLiYbZ\nYQaTaqMTqWiaom1c7SLvoiECAwEAAQ==\n-----END PUBLIC KEY-----\n","rsa_bits":4096},"sensitive_values":{}}],"address":"module.key-pair"}]}}},"configuration":{"provider_config":{"aws":{"name":"aws","full_name":"registry.terraform.io/hashicorp/aws"},"module.example-basic:http":{"name":"http","full_name":"registry.terraform.io/hashicorp/http","module_address":"module.example-basic"},"module.example-basic:template":{"name":"template","full_name":"registry.terraform.io/hashicorp/template","module_address":"module.example-basic"},"module.key-pair:tls":{"name":"tls","full_name":"registry.terraform.io/hashicorp/tls","version_constraint":"\u003e= 3.4.0","module_address":"module.key-pair"}},"root_module":{"outputs":{"key_pair_arn":{"expression":{"references":["module.key-pair.key_pair_arn","module.key-pair"]}},"key_pair_id":{"expression":{"references":["module.key-pair.key_pair_id","module.key-pair"]}},"key_pair_name":{"expression":{"references":["module.key-pair.key_pair_name","module.key-pair"]}},"private_key_pem":{"sensitive":true,"expression":{"references":["module.key-pair.private_key_pem","module.key-pair"]}},"public_ip":{"expression":{"references":["module.example-basic.public_ip","module.example-basic"]}}},"module_calls":{"example-basic":{"source":"../../","expressions":{"admin_password":{"references":["var.password"]},"central_password":{"references":["var.central_password"]},"central_username":{"constant_value":"ralph.brynard.demodev@sophos.com"},"config_password":{"references":["var.password"]},"create_vpc":{"constant_value":true},"key_name":{"references":["module.key-pair.key_pair_name","module.key-pair"]},"region":{"constant_value":"us-east-1"},"secure_storage_master_key":{"references":["var.password"]}},"module":{"outputs":{"public_ip":{"expression":{"references":["aws_eip.this"]},"description":"Firewall Webconsole IP Address"}},"resources":[{"address":"aws_eip.this","mode":"managed","type":"aws_eip","name":"this","provider_config_key":"aws","expressions":{"network_interface":{"references":["aws_network_interface.public.id","aws_network_interface.public"]},"tags":{"references":["var.namespace","var.name","var.tags"]},"vpc":{"constant_value":true}},"schema_version":0},{"address":"aws_iam_instance_profile.this","mode":"managed","type":"aws_iam_instance_profile","name":"this","provider_config_key":"aws","expressions":{"name":{"references":["var.namespace","var.name"]},"role":{"references":["aws_iam_role.this.name","aws_iam_role.this"]},"tags":{"references":["var.instance_profile_tags","var.tags"]}},"schema_version":0},{"address":"aws_iam_role.this","mode":"managed","type":"aws_iam_role","name":"this","provider_config_key":"aws","expressions":{"assume_role_policy":{"references":["data.aws_iam_policy_document.trust_relationship.json","data.aws_iam_policy_document.trust_relationship"]},"inline_policy":[{"name":{"constant_value":"EC2IAMPolicy"},"policy":{"references":["data.aws_iam_policy_document.ec2_iam_policy.json","data.aws_iam_policy_document.ec2_iam_policy"]}},{"name":{"constant_value":"EC2IAMPolicyForSSMK"},"policy":{"references":["data.aws_iam_policy_document.ec2_iam_policy_ssmk.json","data.aws_iam_policy_document.ec2_iam_policy_ssmk"]}}],"name":{"references":["var.name"]},"tags":{"references":["var.iam_role_tags","var.tags"]}},"schema_version":0},{"address":"aws_iam_role_policy.central_policy","mode":"managed","type":"aws_iam_role_policy","name":"central_policy","provider_config_key":"aws","expressions":{"name":{"constant_value":"EC2IAMPolicyForCentral"},"policy":{"references":["data.aws_iam_policy_document.ec2_iam_policy_central[0].json","data.aws_iam_policy_document.ec2_iam_policy_central[0]","data.aws_iam_policy_document.ec2_iam_policy_central","count.index"]},"role":{"references":["aws_iam_role.this.id","aws_iam_role.this"]}},"schema_version":0,"count_expression":{"references":["var.register_in_central"]}},{"address":"aws_instance.this","mode":"managed","type":"aws_instance","name":"this","provider_config_key":"aws","expressions":{"ami":{"references":["data.aws_ami.sfos_payg.image_id","data.aws_ami.sfos_payg"]},"ebs_block_device":[{"delete_on_termination":{"constant_value":true},"device_name":{"constant_value":"/dev/xvdg"},"encrypted":{"constant_value":false},"volume_size":{"constant_value":80},"volume_type":{"constant_value":"gp2"}}],"ebs_optimized":{"constant_value":false},"iam_instance_profile":{"references":["aws_iam_instance_profile.this.name","aws_iam_instance_profile.this"]},"launch_template":[{"id":{"references":["aws_launch_template.this.id","aws_launch_template.this"]},"version":{"constant_value":"$Latest"}}],"metadata_options":[{"http_endpoint":{"constant_value":"enabled"},"http_put_response_hop_limit":{"constant_value":1},"http_tokens":{"constant_value":"required"},"instance_metadata_tags":{"constant_value":"enabled"}}],"monitoring":{"constant_value":true},"root_block_device":[{"delete_on_termination":{"constant_value":true},"encrypted":{"constant_value":false},"volume_size":{"constant_value":16},"volume_type":{"constant_value":"gp2"}}],"tags":{"references":["var.firewall_hostname","var.namespace","var.instance_tags","var.tags"]}},"schema_version":1},{"address":"aws_internet_gateway.this","mode":"managed","type":"aws_internet_gateway","name":"this","provider_config_key":"aws","expressions":{"tags":{"references":["var.namespace","var.name","var.namespace","var.internet_gateway_tags","var.tags"]},"vpc_id":{"references":["aws_vpc.this[0].id","aws_vpc.this[0]","aws_vpc.this"]}},"schema_version":0,"count_expression":{"references":["var.create_vpc"]}},{"address":"aws_launch_template.this","mode":"managed","type":"aws_launch_template","name":"this","provider_config_key":"aws","expressions":{"iam_instance_profile":[{"name":{"references":["aws_iam_role.this.name","aws_iam_role.this"]}}],"image_id":{"references":["data.aws_ami.sfos_payg.id","data.aws_ami.sfos_payg"]},"instance_type":{"references":["var.instance_type","var.size"]},"key_name":{"references":["var.key_name"]},"metadata_options":[{"http_endpoint":{"constant_value":"enabled"},"http_put_response_hop_limit":{"constant_value":1},"http_tokens":{"constant_value":"required"},"instance_metadata_tags":{"constant_value":"enabled"}}],"name":{"references":["var.name"]},"network_interfaces":[{"network_interface_id":{"references":["aws_network_interface.public.id","aws_network_interface.public"]}},{"network_interface_id":{"references":["aws_network_interface.private.id","aws_network_interface.private"]}}],"tags":{"references":["var.launch_template_tags","var.tags"]},"user_data":{"references":["data.template_file.user_data.rendered","data.template_file.user_data"]}},"schema_version":0},{"address":"aws_network_interface.private","mode":"managed","type":"aws_network_interface","name":"private","provider_config_key":"aws","expressions":{"description":{"constant_value":"ENI for Private Subnet"},"source_dest_check":{"constant_value":false},"subnet_id":{"references":["aws_subnet.private[0].id","aws_subnet.private[0]","aws_subnet.private"]},"tags":{"references":["var.namespace","var.name","var.private_eni_tags","var.tags"]}},"schema_version":0},{"address":"aws_network_interface.public","mode":"managed","type":"aws_network_interface","name":"public","provider_config_key":"aws","expressions":{"description":{"constant_value":"ENI for Public Subnet"},"subnet_id":{"references":["aws_subnet.public[0].id","aws_subnet.public[0]","aws_subnet.public"]},"tags":{"references":["var.namespace","var.name","var.public_eni_tags","var.tags"]}},"schema_version":0},{"address":"aws_network_interface_attachment.private","mode":"managed","type":"aws_network_interface_attachment","name":"private","provider_config_key":"aws","expressions":{"device_index":{"constant_value":0},"instance_id":{"references":["aws_instance.this.id","aws_instance.this"]},"network_interface_id":{"references":["aws_network_interface.private.id","aws_network_interface.private"]}},"schema_version":0},{"address":"aws_network_interface_attachment.public","mode":"managed","type":"aws_network_interface_attachment","name":"public","provider_config_key":"aws","expressions":{"device_index":{"constant_value":1},"instance_id":{"references":["aws_instance.this.id","aws_instance.this"]},"network_interface_id":{"references":["aws_network_interface.public.id","aws_network_interface.public"]}},"schema_version":0},{"address":"aws_route.public_internet_gateway","mode":"managed","type":"aws_route","name":"public_internet_gateway","provider_config_key":"aws","expressions":{"destination_cidr_block":{"constant_value":"0.0.0.0/0"},"gateway_id":{"references":["aws_internet_gateway.this[0].id","aws_internet_gateway.this[0]","aws_internet_gateway.this"]},"route_table_id":{"references":["aws_route_table.public[0].id","aws_route_table.public[0]","aws_route_table.public"]},"timeouts":{"create":{"constant_value":"5m"}}},"schema_version":0},{"address":"aws_route_table.private","mode":"managed","type":"aws_route_table","name":"private","provider_config_key":"aws","expressions":{"tags":{"references":["var.name","var.private_subnet_suffix","var.private_route_table_tags","var.tags"]},"vpc_id":{"references":["aws_vpc.this[0].id","aws_vpc.this[0]","aws_vpc.this"]}},"schema_version":0,"count_expression":{"references":["var.create_vpc"]}},{"address":"aws_route_table.public","mode":"managed","type":"aws_route_table","name":"public","provider_config_key":"aws","expressions":{"tags":{"references":["var.name","var.public_subnet_suffix","var.private_route_table_tags","var.tags"]},"vpc_id":{"references":["aws_vpc.this[0].id","aws_vpc.this[0]","aws_vpc.this"]}},"schema_version":0,"count_expression":{"references":["var.create_vpc"]}},{"address":"aws_route_table_association.private","mode":"managed","type":"aws_route_table_association","name":"private","provider_config_key":"aws","expressions":{"route_table_id":{"references":["aws_route_table.private[0].id","aws_route_table.private[0]","aws_route_table.private"]},"subnet_id":{"references":["aws_subnet.private[0].id","aws_subnet.private[0]","aws_subnet.private"]}},"schema_version":0,"count_expression":{"references":["var.create_vpc"]}},{"address":"aws_route_table_association.public","mode":"managed","type":"aws_route_table_association","name":"public","provider_config_key":"aws","expressions":{"route_table_id":{"references":["aws_route_table.public[0].id","aws_route_table.public[0]","aws_route_table.public"]},"subnet_id":{"references":["aws_subnet.public[0].id","aws_subnet.public[0]","aws_subnet.public"]}},"schema_version":0,"count_expression":{"references":["var.create_vpc"]}},{"address":"aws_secretsmanager_secret.centralpass","mode":"managed","type":"aws_secretsmanager_secret","name":"centralpass","provider_config_key":"aws","expressions":{"name":{"references":["var.name"]},"recovery_window_in_days":{"constant_value":0}},"schema_version":0,"count_expression":{"references":["var.register_in_central"]}},{"address":"aws_secretsmanager_secret.sophospass","mode":"managed","type":"aws_secretsmanager_secret","name":"sophospass","provider_config_key":"aws","expressions":{"name":{"references":["var.name"]},"recovery_window_in_days":{"constant_value":0}},"schema_version":0},{"address":"aws_secretsmanager_secret.ssmk","mode":"managed","type":"aws_secretsmanager_secret","name":"ssmk","provider_config_key":"aws","expressions":{"name":{"references":["var.name"]},"recovery_window_in_days":{"constant_value":0}},"schema_version":0},{"address":"aws_secretsmanager_secret.xgconfig","mode":"managed","type":"aws_secretsmanager_secret","name":"xgconfig","provider_config_key":"aws","expressions":{"name":{"references":["var.name"]},"recovery_window_in_days":{"constant_value":0}},"schema_version":0},{"address":"aws_secretsmanager_secret_version.centralpass","mode":"managed","type":"aws_secretsmanager_secret_version","name":"centralpass","provider_config_key":"aws","expressions":{"secret_id":{"references":["aws_secretsmanager_secret.centralpass[0].id","aws_secretsmanager_secret.centralpass[0]","aws_secretsmanager_secret.centralpass"]},"secret_string":{"references":["var.central_password"]}},"schema_version":0,"count_expression":{"references":["var.register_in_central"]}},{"address":"aws_secretsmanager_secret_version.sophospass","mode":"managed","type":"aws_secretsmanager_secret_version","name":"sophospass","provider_config_key":"aws","expressions":{"secret_id":{"references":["aws_secretsmanager_secret.sophospass.id","aws_secretsmanager_secret.sophospass"]},"secret_string":{"references":["var.sophos_password"]}},"schema_version":0,"count_expression":{"references":["var.register_in_central"]}},{"address":"aws_secretsmanager_secret_version.ssmk","mode":"managed","type":"aws_secretsmanager_secret_version","name":"ssmk","provider_config_key":"aws","expressions":{"secret_id":{"references":["aws_secretsmanager_secret.ssmk.id","aws_secretsmanager_secret.ssmk"]},"secret_string":{"references":["var.secure_storage_master_key"]}},"schema_version":0},{"address":"aws_secretsmanager_secret_version.xgconfig","mode":"managed","type":"aws_secretsmanager_secret_version","name":"xgconfig","provider_config_key":"aws","expressions":{"secret_id":{"references":["aws_secretsmanager_secret.xgconfig.id","aws_secretsmanager_secret.xgconfig"]},"secret_string":{"references":["var.config_password"]}},"schema_version":0},{"address":"aws_security_group.lan","mode":"managed","type":"aws_security_group","name":"lan","provider_config_key":"aws","expressions":{"description":{"constant_value":"Security Group for private subnet. Allow everything by default"},"egress":{"constant_value":[{"cidr_blocks":["0.0.0.0/0"],"description":null,"from_port":0,"ipv6_cidr_blocks":null,"prefix_list_ids":null,"protocol":"-1","security_groups":null,"self":null,"to_port":0}]},"ingress":{"constant_value":[{"cidr_blocks":["0.0.0.0/0"],"description":null,"from_port":0,"ipv6_cidr_blocks":null,"prefix_list_ids":null,"protocol":"-1","security_groups":null,"self":null,"to_port":0}]},"name":{"references":["var.namespace","var.private_subnet_suffix"]},"tags":{"references":["var.security_group_tags","var.tags"]},"vpc_id":{"references":["aws_vpc.this[0].id","aws_vpc.this[0]","aws_vpc.this"]}},"schema_version":1,"count_expression":{"references":["var.create_vpc"]}},{"address":"aws_security_group.public","mode":"managed","type":"aws_security_group","name":"public","provider_config_key":"aws","expressions":{"description":{"constant_value":"Untrusted network restricted from access port 22 and 4444"},"egress":{"constant_value":[{"cidr_blocks":["0.0.0.0/0"],"description":"Allow all traffic outbound","from_port":0,"ipv6_cidr_blocks":null,"prefix_list_ids":null,"protocol":"-1","security_groups":null,"self":null,"to_port":0}]},"ingress":{"constant_value":[{"cidr_blocks":["0.0.0.0/0"],"description":"Allow public access 0 - 21","from_port":0,"ipv6_cidr_blocks":null,"prefix_list_ids":null,"protocol":"tcp","security_groups":null,"self":null,"to_port":21},{"cidr_blocks":["0.0.0.0/0"],"description":"Allow public access 23 - 4443","from_port":23,"ipv6_cidr_blocks":null,"prefix_list_ids":null,"protocol":"tcp","security_groups":null,"self":null,"to_port":4443},{"cidr_blocks":["0.0.0.0/0"],"description":"Allow public access 4445 - 65535","from_port":4445,"ipv6_cidr_blocks":null,"prefix_list_ids":null,"protocol":"tcp","security_groups":null,"self":null,"to_port":65535}]},"name":{"references":["var.namespace","var.public_subnet_suffix"]},"tags":{"references":["var.security_group_tags","var.tags"]},"vpc_id":{"references":["aws_vpc.this[0].id","aws_vpc.this[0]","aws_vpc.this"]}},"schema_version":1,"count_expression":{"references":["var.create_vpc"]}},{"address":"aws_security_group.trusted","mode":"managed","type":"aws_security_group","name":"trusted","provider_config_key":"aws","expressions":{"description":{"constant_value":"Enable TCP access from trusted network"},"egress":{"constant_value":[{"cidr_blocks":["0.0.0.0/0"],"description":"Allow all traffic outbound","from_port":0,"ipv6_cidr_blocks":null,"prefix_list_ids":null,"protocol":"-1","security_groups":null,"self":null,"to_port":0}]},"ingress":{"references":["local.cidr_block"]},"name":{"references":["var.namespace","var.public_subnet_suffix"]},"tags":{"references":["var.security_group_tags","var.tags"]},"vpc_id":{"references":["aws_vpc.this[0].id","aws_vpc.this[0]","aws_vpc.this"]}},"schema_version":1,"count_expression":{"references":["var.create_vpc"]}},{"address":"aws_subnet.private","mode":"managed","type":"aws_subnet","name":"private","provider_config_key":"aws","expressions":{"availability_zone":{"references":["data.aws_availability_zones.available.names[0]","data.aws_availability_zones.available.names","data.aws_availability_zones.available"]},"cidr_block":{"references":["var.private_subnet"]},"tags":{"references":["var.private_subnet_tags","var.tags"]},"vpc_id":{"references":["aws_vpc.this[0].id","aws_vpc.this[0]","aws_vpc.this"]}},"schema_version":1,"count_expression":{"references":["var.create_vpc"]}},{"address":"aws_subnet.public","mode":"managed","type":"aws_subnet","name":"public","provider_config_key":"aws","expressions":{"availability_zone":{"references":["data.aws_availability_zones.available.names[0]","data.aws_availability_zones.available.names","data.aws_availability_zones.available"]},"cidr_block":{"references":["var.public_subnet"]},"map_public_ip_on_launch":{"constant_value":true},"tags":{"references":["var.namespace","var.name","var.public_subnet_suffix","var.public_subnet_tags","var.tags"]},"vpc_id":{"references":["aws_vpc.this[0].id","aws_vpc.this[0]","aws_vpc.this"]}},"schema_version":1,"count_expression":{"references":["var.create_vpc"]}},{"address":"aws_vpc.this","mode":"managed","type":"aws_vpc","name":"this","provider_config_key":"aws","expressions":{"cidr_block":{"references":["var.cidr"]},"enable_dns_hostnames":{"references":["var.enable_dns_hostnames"]},"enable_dns_support":{"references":["var.enable_dns_support"]},"tags":{"references":["var.namespace","var.name","var.vpc_tags","var.tags"]}},"schema_version":1,"count_expression":{"references":["var.create_vpc"]}},{"address":"data.aws_ami.sfos_byol","mode":"data","type":"aws_ami","name":"sfos_byol","provider_config_key":"aws","expressions":{"filter":[{"name":{"constant_value":"description"},"values":{"constant_value":["XG on AWS *-byol"]}}],"most_recent":{"constant_value":true}},"schema_version":0},{"address":"data.aws_ami.sfos_payg","mode":"data","type":"aws_ami","name":"sfos_payg","provider_config_key":"aws","expressions":{"filter":[{"name":{"constant_value":"description"},"values":{"constant_value":["XG on AWS *-payg"]}}],"most_recent":{"constant_value":true}},"schema_version":0},{"address":"data.aws_availability_zones.available","mode":"data","type":"aws_availability_zones","name":"available","provider_config_key":"aws","expressions":{"state":{"constant_value":"available"}},"schema_version":0},{"address":"data.aws_caller_identity.current","mode":"data","type":"aws_caller_identity","name":"current","provider_config_key":"aws","schema_version":0},{"address":"data.aws_iam_policy_document.ec2_iam_policy","mode":"data","type":"aws_iam_policy_document","name":"ec2_iam_policy","provider_config_key":"aws","expressions":{"statement":[{"actions":{"constant_value":["secretsmanager:GetSecretValue","secretsmanager:DescribeSecret"]},"resources":{"references":["aws_secretsmanager_secret.sophospass.arn","aws_secretsmanager_secret.sophospass","aws_secretsmanager_secret.xgconfig.arn","aws_secretsmanager_secret.xgconfig"]}}]},"schema_version":0},{"address":"data.aws_iam_policy_document.ec2_iam_policy_central","mode":"data","type":"aws_iam_policy_document","name":"ec2_iam_policy_central","provider_config_key":"aws","expressions":{"statement":[{"actions":{"constant_value":["secretsmanager:GetSecretValue","secretsmanager:DescribeSecret"]},"resources":{"references":["aws_secretsmanager_secret.centralpass","count.index"]}}]},"schema_version":0,"count_expression":{"references":["var.register_in_central"]}},{"address":"data.aws_iam_policy_document.ec2_iam_policy_ssmk","mode":"data","type":"aws_iam_policy_document","name":"ec2_iam_policy_ssmk","provider_config_key":"aws","expressions":{"statement":[{"actions":{"constant_value":["secretsmanager:GetSecretValue","secretsmanager:DescribeSecret"]},"resources":{"references":["aws_secretsmanager_secret.ssmk.arn","aws_secretsmanager_secret.ssmk"]}}]},"schema_version":0},{"address":"data.aws_iam_policy_document.trust_relationship","mode":"data","type":"aws_iam_policy_document","name":"trust_relationship","provider_config_key":"aws","expressions":{"statement":[{"actions":{"constant_value":["sts:AssumeRole"]},"principals":[{"identifiers":{"constant_value":["ec2.amazonaws.com"]},"type":{"constant_value":"Service"}}]}]},"schema_version":0},{"address":"data.aws_region.current","mode":"data","type":"aws_region","name":"current","provider_config_key":"aws","schema_version":0},{"address":"data.http.my_public_ip","mode":"data","type":"http","name":"my_public_ip","provider_config_key":"module.example-basic:http","expressions":{"request_headers":{"constant_value":{"Accept":"application/json"}},"url":{"constant_value":"https://ifconfig.co/json"}},"schema_version":0},{"address":"data.template_file.user_data","mode":"data","type":"template_file","name":"user_data","provider_config_key":"module.example-basic:template","expressions":{"template":{"references":["path.module"]},"vars":{"references":["var.secure_storage_master_key","var.central_username","var.central_password","var.firewall_hostname","var.send_stats","var.region","var.region","data.aws_region.current.name","data.aws_region.current","var.admin_password","var.config_password"]}},"schema_version":0}],"variables":{"admin_password":{"description":"XG Firewall admin console password","sensitive":true},"central_password":{"default":"","description":"Sophos Central password","sensitive":true},"central_username":{"default":"","description":"Sophos Central username"},"cidr":{"default":"172.16.0.0/16","description":"CIDR range for the VPC CIDR block"},"config_password":{"description":"XG configuration password","sensitive":true},"contact_email":{"default":null,"description":"Contact email for the team or individual creating the resources"},"create_vpc":{"default":true,"description":"Controls if VPC should be created (it affects almost all resources)"},"created_by":{"default":"terraform","description":"Name of the person or identity that created the resource"},"default_security_group_egress":{"default":[],"description":"List of maps of egress rules to set on the default security group"},"default_security_group_ingress":{"default":[],"description":"List of maps of ingress rules to set on the default security group"},"enable_dns_hostnames":{"default":true,"description":"Should be true to enable DNS hostnames in the VPC"},"enable_dns_support":{"default":true,"description":"Should be true to enable DNS support in the VPC"},"environment":{"default":"dev","description":"Environment to be deployed. Must be one of: prod, dev, or stage."},"firewall_hostname":{"default":"sophos-xg-firewall","description":"Hostname of the firewall"},"iam_role_tags":{"default":{},"description":"Additional tags to attach to the EC2 IAM role"},"instance_profile_tags":{"default":{},"description":"Additional tags to attach to the Instance Profile"},"instance_tags":{"default":{},"description":"Additional tags to attach to the EC2 instance"},"instance_type":{"default":{"large":"t3.large","medium":"t3.medium","small":"t3.small"},"description":"EC2 instance type to use for the firewall"},"internet_gateway_tags":{"default":{},"description":"Additional tags to attach to the internet gateway"},"key_name":{"default":null,"description":"The name for the key pair. Conflicts with `key_name_prefix`"},"launch_template_tags":{"default":{},"description":"Additional tags to attach to the launch template"},"name":{"default":"xg_firewall","description":"The name of the VPC"},"namespace":{"default":"sophos","description":"Namespace to identify the provisioned resources. Can be an app name, etc..."},"prefix":{"default":"fw","description":"The pre-fix to attach to created resources."},"private_eni_tags":{"default":{},"description":"Additional tags to attach to the private ENI"},"private_route_table_tags":{"default":{},"description":"Additional tags for the private route table"},"private_subnet":{"default":"172.16.16.0/24","description":"CIDR block for private subnet"},"private_subnet_suffix":{"default":"private","description":"Prefix to attach to private subnets"},"private_subnet_tags":{"default":{},"description":"Additional tags for the private subnets"},"public_eni_tags":{"default":{},"description":"Additional tags to attach to the public ENI"},"public_subnet":{"default":"172.16.17.0/24","description":"CIDR block for public subnet"},"public_subnet_suffix":{"default":"public","description":"Prefix to attach to public subnets"},"public_subnet_tags":{"default":{},"description":"Additional tags for the public subnets"},"region":{"default":null,"description":"AWS Region in which to deploy the firewall"},"register_in_central":{"default":false,"description":"Register firewall to Central"},"secure_storage_master_key":{"description":"The Secure Storage Master Key","sensitive":true},"security_group_tags":{"default":{},"description":"Additional tags for Security Groups"},"send_stats":{"default":true,"description":"Send telemetry to Sophos"},"size":{"default":"medium","description":"Size of the firewall to deploy"},"sophos_password":{"default":null,"description":"Sophos Central password","sensitive":true},"suffix":{"default":null,"description":"Suffix to attach to created resources"},"tags":{"default":{},"description":"A map of tags to add to all resources"},"team":{"default":null,"description":"The name of the team provisioning the resource"},"trusted_cidr":{"default":[null],"description":"Trusted IP address"},"vpc_prefix":{"default":"vpc-","description":"Pre-fix to attach to created VPC resources"},"vpc_tags":{"default":{},"description":"Additional tags for the VPC"}}}},"key-pair":{"source":"terraform-aws-modules/key-pair/aws","expressions":{"create_private_key":{"constant_value":true},"key_name":{"constant_value":"sophos"}},"module":{"outputs":{"key_pair_arn":{"expression":{"references":["aws_key_pair.this[0].arn","aws_key_pair.this[0]","aws_key_pair.this"]},"description":"The key pair ARN"},"key_pair_fingerprint":{"expression":{"references":["aws_key_pair.this[0].fingerprint","aws_key_pair.this[0]","aws_key_pair.this"]},"description":"The MD5 public key fingerprint as specified in section 4 of RFC 4716"},"key_pair_id":{"expression":{"references":["aws_key_pair.this[0].key_pair_id","aws_key_pair.this[0]","aws_key_pair.this"]},"description":"The key pair ID"},"key_pair_name":{"expression":{"references":["aws_key_pair.this[0].key_name","aws_key_pair.this[0]","aws_key_pair.this"]},"description":"The key pair name"},"private_key_id":{"expression":{"references":["tls_private_key.this[0].id","tls_private_key.this[0]","tls_private_key.this"]},"description":"Unique identifier for this resource: hexadecimal representation of the SHA1 checksum of the resource"},"private_key_openssh":{"sensitive":true,"expression":{"references":["tls_private_key.this[0].private_key_openssh","tls_private_key.this[0]","tls_private_key.this"]},"description":"Private key data in OpenSSH PEM (RFC 4716) format"},"private_key_pem":{"sensitive":true,"expression":{"references":["tls_private_key.this[0].private_key_pem","tls_private_key.this[0]","tls_private_key.this"]},"description":"Private key data in PEM (RFC 1421) format"},"public_key_fingerprint_md5":{"expression":{"references":["tls_private_key.this[0].public_key_fingerprint_md5","tls_private_key.this[0]","tls_private_key.this"]},"description":"The fingerprint of the public key data in OpenSSH MD5 hash format, e.g. `aa:bb:cc:....` Only available if the selected private key format is compatible, similarly to `public_key_openssh` and the ECDSA P224 limitations"},"public_key_fingerprint_sha256":{"expression":{"references":["tls_private_key.this[0].public_key_fingerprint_sha256","tls_private_key.this[0]","tls_private_key.this"]},"description":"The fingerprint of the public key data in OpenSSH SHA256 hash format, e.g. `SHA256:....` Only available if the selected private key format is compatible, similarly to `public_key_openssh` and the ECDSA P224 limitations"},"public_key_openssh":{"expression":{"references":["tls_private_key.this[0].public_key_openssh","tls_private_key.this[0]","tls_private_key.this"]},"description":"The public key data in \"Authorized Keys\" format. This is populated only if the configured private key is supported: this includes all `RSA` and `ED25519` keys"},"public_key_pem":{"expression":{"references":["tls_private_key.this[0].public_key_pem","tls_private_key.this[0]","tls_private_key.this"]},"description":"Public key data in PEM (RFC 1421) format"}},"resources":[{"address":"aws_key_pair.this","mode":"managed","type":"aws_key_pair","name":"this","provider_config_key":"aws","expressions":{"key_name":{"references":["var.key_name"]},"key_name_prefix":{"references":["var.key_name_prefix"]},"public_key":{"references":["var.create_private_key","tls_private_key.this[0].public_key_openssh","tls_private_key.this[0]","tls_private_key.this","var.public_key"]},"tags":{"references":["var.tags"]}},"schema_version":1,"count_expression":{"references":["var.create"]}},{"address":"tls_private_key.this","mode":"managed","type":"tls_private_key","name":"this","provider_config_key":"module.key-pair:tls","expressions":{"algorithm":{"references":["var.private_key_algorithm"]},"rsa_bits":{"references":["var.private_key_rsa_bits"]}},"schema_version":1,"count_expression":{"references":["var.create","var.create_private_key"]}}],"variables":{"create":{"default":true,"description":"Determines whether resources will be created (affects all resources)"},"create_private_key":{"default":false,"description":"Determines whether a private key will be created"},"key_name":{"default":null,"description":"The name for the key pair. Conflicts with `key_name_prefix`"},"key_name_prefix":{"default":null,"description":"Creates a unique name beginning with the specified prefix. Conflicts with `key_name`"},"private_key_algorithm":{"default":"RSA","description":"Name of the algorithm to use when generating the private key. Currently-supported values are `RSA` and `ED25519`"},"private_key_rsa_bits":{"default":4096,"description":"When algorithm is `RSA`, the size of the generated RSA key, in bits (default: `4096`)"},"public_key":{"default":"","description":"The public key material"},"tags":{"default":{},"description":"A map of tags to add to all resources"}}},"version_constraint":"2.0.0"}},"variables":{"central_password":{"description":"Central Password","sensitive":true},"password":{"description":"Password","sensitive":true}}}},"relevant_attributes":[{"resource":"module.example-basic.aws_iam_instance_profile.this","attribute":["name"]},{"resource":"module.example-basic.aws_network_interface.public","attribute":["id"]},{"resource":"module.key-pair.tls_private_key.this[0]","attribute":["public_key_pem"]},{"resource":"module.key-pair.tls_private_key.this[0]","attribute":["private_key_pem"]},{"resource":"module.key-pair.tls_private_key.this[0]","attribute":["public_key_openssh"]},{"resource":"module.key-pair.aws_key_pair.this[0]","attribute":["fingerprint"]},{"resource":"module.key-pair.tls_private_key.this[0]","attribute":["public_key_fingerprint_sha256"]},{"resource":"module.key-pair.tls_private_key.this[0]","attribute":["public_key_fingerprint_md5"]},{"resource":"module.key-pair.tls_private_key.this[0]","attribute":["private_key_openssh"]},{"resource":"module.example-basic.aws_eip.this","attribute":[]},{"resource":"module.example-basic.aws_network_interface.private","attribute":["id"]},{"resource":"module.key-pair.tls_private_key.this[0]","attribute":["id"]},{"resource":"module.key-pair.aws_key_pair.this[0]","attribute":["arn"]},{"resource":"module.key-pair.aws_key_pair.this[0]","attribute":["key_pair_id"]},{"resource":"module.example-basic.data.aws_ami.sfos_payg","attribute":["image_id"]},{"resource":"module.example-basic.aws_launch_template.this","attribute":["id"]},{"resource":"module.example-basic.aws_instance.this","attribute":["id"]},{"resource":"module.key-pair.aws_key_pair.this[0]","attribute":["key_name"]}]}
